<?xml version="1.0" encoding="utf-8"?>
<Project ToolsVersion="4.0" xmlns="http://schemas.microsoft.com/developer/msbuild/2003">
  <ItemGroup>
    <Filter Include="include">
      <UniqueIdentifier>{b009d44d-f908-4ebc-bc85-7399a80ce983}</UniqueIdentifier>
    </Filter>
    <Filter Include="descriptors">
      <UniqueIdentifier>{40f96f6f-d359-40f3-bcf5-74183e18a0a0}</UniqueIdentifier>
    </Filter>
    <Filter Include="threading">
      <UniqueIdentifier>{4cf2c818-253a-4fd5-93d7-05cbc6ff32be}</UniqueIdentifier>
    </Filter>
  </ItemGroup>
  <ItemGroup>
    <ClCompile Include="..\..\arch\x86\x32\gdt.c">
      <Filter>descriptors</Filter>
    </ClCompile>
    <ClCompile Include="..\..\arch\x86\x32\idt.c">
      <Filter>descriptors</Filter>
    </ClCompile>
    <ClCompile Include="..\..\arch\x86\x32\context.c">
      <Filter>threading</Filter>
    </ClCompile>
    <ClCompile Include="..\..\arch\x86\x32\memory\virtualmemory.c" />
  </ItemGroup>
  <ItemGroup>
    <ClInclude Include="..\..\arch\x86\x32\arch.h">
      <Filter>include</Filter>
    </ClInclude>
    <ClInclude Include="..\..\arch\x86\x32\gdt.h">
      <Filter>include</Filter>
    </ClInclude>
    <ClInclude Include="..\..\arch\x86\x32\idt.h">
      <Filter>include</Filter>
    </ClInclude>
  </ItemGroup>
  <ItemGroup>
    <CustomBuild Include="..\..\arch\x86\x32\_thread.s">
      <Filter>threading</Filter>
    </CustomBuild>
    <CustomBuild Include="..\..\arch\x86\x32\_irq.s">
      <Filter>threading</Filter>
    </CustomBuild>
    <CustomBuild Include="..\..\arch\x86\x32\boot\boot.s" />
    <CustomBuild Include="..\..\arch\x86\x32\memory\_paging.s" />
    <CustomBuild Include="..\..\arch\x86\x32\_descriptors.s">
      <Filter>descriptors</Filter>
    </CustomBuild>
  </ItemGroup>
</Project>