<?xml version="1.0" encoding="utf-8"?>
<Project ToolsVersion="4.0" xmlns="http://schemas.microsoft.com/developer/msbuild/2003">
  <ItemGroup>
    <None Include="filemanager.mdrv" />
  </ItemGroup>
  <ItemGroup>
    <ClCompile Include="main.c" />
    <ClCompile Include="vfsfunctions.c">
      <Filter>vfs</Filter>
    </ClCompile>
    <ClCompile Include="vfspath.c">
      <Filter>vfs</Filter>
    </ClCompile>
    <ClCompile Include="layouts\detect.c">
      <Filter>disk\layouts</Filter>
    </ClCompile>
    <ClCompile Include="disk.c">
      <Filter>disk</Filter>
    </ClCompile>
    <ClCompile Include="layouts\gpt.c">
      <Filter>disk\layouts</Filter>
    </ClCompile>
    <ClCompile Include="layouts\mbr.c">
      <Filter>disk\layouts</Filter>
    </ClCompile>
  </ItemGroup>
  <ItemGroup>
    <Filter Include="vfs">
      <UniqueIdentifier>{c59891af-85fe-4b21-81c7-28558cf2d467}</UniqueIdentifier>
    </Filter>
    <Filter Include="include">
      <UniqueIdentifier>{7d6072e0-9c50-4a21-b2e5-4405dd8634ad}</UniqueIdentifier>
    </Filter>
    <Filter Include="disk">
      <UniqueIdentifier>{7a7dda79-5b02-435e-9bc5-acef87af84a0}</UniqueIdentifier>
    </Filter>
    <Filter Include="disk\layouts">
      <UniqueIdentifier>{aa051391-2e11-4054-8dc8-5e88b1854b62}</UniqueIdentifier>
    </Filter>
  </ItemGroup>
  <ItemGroup>
    <ClInclude Include="include\vfs.h">
      <Filter>include</Filter>
    </ClInclude>
  </ItemGroup>
</Project>