<?xml version="1.0" encoding="utf-8"?>
<Project ToolsVersion="4.0" xmlns="http://schemas.microsoft.com/developer/msbuild/2003">
  <ItemGroup>
    <None Include="filemanager.mdrv" />
  </ItemGroup>
  <ItemGroup>
    <ClCompile Include="main.c" />
    <ClCompile Include="vfsdisk.c">
      <Filter>vfs</Filter>
    </ClCompile>
    <ClCompile Include="vfsfunctions.c">
      <Filter>vfs</Filter>
    </ClCompile>
    <ClCompile Include="vfspath.c">
      <Filter>vfs</Filter>
    </ClCompile>
  </ItemGroup>
  <ItemGroup>
    <Filter Include="vfs">
      <UniqueIdentifier>{c59891af-85fe-4b21-81c7-28558cf2d467}</UniqueIdentifier>
    </Filter>
  </ItemGroup>
</Project>