
Microsoft Visual Studio Solution File, Format Version 12.00
# Visual Studio 2013
VisualStudioVersion = 12.0.40629.0
MinimumVisualStudioVersion = 10.0.40219.1
Project("{8BC9CEB8-8B4A-11D0-8D11-00A0C91BC942}") = "Libx86", "kernel\Msvc\Libx86\Libx86.vcxproj", "{17145F88-DAEA-496B-A91F-2A78ED5673CC}"
	ProjectSection(ProjectDependencies) = postProject
		{3C21B76A-B943-455B-8EC2-31C1B8CBFE83} = {3C21B76A-B943-455B-8EC2-31C1B8CBFE83}
		{7884D19E-EF4A-4898-81E4-A33DAAE85D27} = {7884D19E-EF4A-4898-81E4-A33DAAE85D27}
		{2B403FFB-5AFB-48D8-8C13-F8E65CEC5BB6} = {2B403FFB-5AFB-48D8-8C13-F8E65CEC5BB6}
	EndProjectSection
EndProject
Project("{8BC9CEB8-8B4A-11D0-8D11-00A0C91BC942}") = "MCore", "kernel\Msvc\MCore\MCore.vcxproj", "{E1811ABC-D002-44D1-8581-2ACF9C1DD0F9}"
	ProjectSection(ProjectDependencies) = postProject
		{17145F88-DAEA-496B-A91F-2A78ED5673CC} = {17145F88-DAEA-496B-A91F-2A78ED5673CC}
		{7884D19E-EF4A-4898-81E4-A33DAAE85D27} = {7884D19E-EF4A-4898-81E4-A33DAAE85D27}
		{2B403FFB-5AFB-48D8-8C13-F8E65CEC5BB6} = {2B403FFB-5AFB-48D8-8C13-F8E65CEC5BB6}
	EndProjectSection
EndProject
Project("{8BC9CEB8-8B4A-11D0-8D11-00A0C91BC942}") = "MCoreConfig", "kernel\Msvc\MCoreConfig\MCoreConfig.vcxproj", "{7884D19E-EF4A-4898-81E4-A33DAAE85D27}"
EndProject
Project("{8BC9CEB8-8B4A-11D0-8D11-00A0C91BC942}") = "AcpiSubsystem", "kernel\Msvc\Acpica\AcpiSubsystem.vcxproj", "{2B403FFB-5AFB-48D8-8C13-F8E65CEC5BB6}"
EndProject
Project("{8BC9CEB8-8B4A-11D0-8D11-00A0C91BC942}") = "Libx86_32", "kernel\Msvc\Libx86_32\Libx86_32.vcxproj", "{3C21B76A-B943-455B-8EC2-31C1B8CBFE83}"
EndProject
Project("{2150E333-8FDC-42A3-9474-1A3956D46DE8}") = "Architectures", "Architectures", "{EFA5DBA0-F613-4CD6-BC4F-768574EDDF8E}"
EndProject
Project("{2150E333-8FDC-42A3-9474-1A3956D46DE8}") = "x86", "x86", "{354EC690-3614-488D-AFE8-7331C2FBC6DB}"
EndProject
Project("{2150E333-8FDC-42A3-9474-1A3956D46DE8}") = "Kernel", "Kernel", "{87250BB8-7CCC-4DE4-8F22-2708752A752A}"
EndProject
Project("{2150E333-8FDC-42A3-9474-1A3956D46DE8}") = "Modules", "Modules", "{16905A2B-477D-4AF8-9F8F-FE17F2DE4D2E}"
EndProject
Project("{2150E333-8FDC-42A3-9474-1A3956D46DE8}") = "Servers", "Servers", "{8EBA8FB2-6E66-4E61-BBF2-CA6EC77DD1D2}"
EndProject
Project("{8BC9CEB8-8B4A-11D0-8D11-00A0C91BC942}") = "Vfs", "modules\Servers\Vfs\Vfs.vcxproj", "{6AD54F75-A2E1-40BF-84E2-B77420E8DC6A}"
EndProject
Project("{8BC9CEB8-8B4A-11D0-8D11-00A0C91BC942}") = "Drvm", "modules\Servers\Drvm\Drvm.vcxproj", "{DEA6F86E-257B-45FE-99D7-E9F0FF5E1928}"
EndProject
Project("{2150E333-8FDC-42A3-9474-1A3956D46DE8}") = "LibRT", "LibRT", "{A9FA72F6-D1FF-4AEC-9D5F-2AEB42076564}"
EndProject
Project("{2150E333-8FDC-42A3-9474-1A3956D46DE8}") = "LibK", "LibK", "{9D38EC81-09FB-4FFF-B94C-3C9A07054C35}"
EndProject
Global
	GlobalSection(SolutionConfigurationPlatforms) = preSolution
		All|MollenOS = All|MollenOS
		Build_X86_32|MollenOS = Build_X86_32|MollenOS
	EndGlobalSection
	GlobalSection(ProjectConfigurationPlatforms) = postSolution
		{17145F88-DAEA-496B-A91F-2A78ED5673CC}.All|MollenOS.ActiveCfg = Build_X86_32|Win32
		{17145F88-DAEA-496B-A91F-2A78ED5673CC}.Build_X86_32|MollenOS.ActiveCfg = Build_X86_32|Win32
		{17145F88-DAEA-496B-A91F-2A78ED5673CC}.Build_X86_32|MollenOS.Build.0 = Build_X86_32|Win32
		{E1811ABC-D002-44D1-8581-2ACF9C1DD0F9}.All|MollenOS.ActiveCfg = Build_X86_32|Win32
		{E1811ABC-D002-44D1-8581-2ACF9C1DD0F9}.Build_X86_32|MollenOS.ActiveCfg = Build_X86_32|Win32
		{E1811ABC-D002-44D1-8581-2ACF9C1DD0F9}.Build_X86_32|MollenOS.Build.0 = Build_X86_32|Win32
		{7884D19E-EF4A-4898-81E4-A33DAAE85D27}.All|MollenOS.ActiveCfg = Build_X86_32|Win32
		{7884D19E-EF4A-4898-81E4-A33DAAE85D27}.Build_X86_32|MollenOS.ActiveCfg = Build_X86_32|Win32
		{7884D19E-EF4A-4898-81E4-A33DAAE85D27}.Build_X86_32|MollenOS.Build.0 = Build_X86_32|Win32
		{2B403FFB-5AFB-48D8-8C13-F8E65CEC5BB6}.All|MollenOS.ActiveCfg = Build_X86_32|Win32
		{2B403FFB-5AFB-48D8-8C13-F8E65CEC5BB6}.Build_X86_32|MollenOS.ActiveCfg = Build_X86_32|Win32
		{2B403FFB-5AFB-48D8-8C13-F8E65CEC5BB6}.Build_X86_32|MollenOS.Build.0 = Build_X86_32|Win32
		{3C21B76A-B943-455B-8EC2-31C1B8CBFE83}.All|MollenOS.ActiveCfg = Build_X86_32|Win32
		{3C21B76A-B943-455B-8EC2-31C1B8CBFE83}.Build_X86_32|MollenOS.ActiveCfg = Build_X86_32|Win32
		{3C21B76A-B943-455B-8EC2-31C1B8CBFE83}.Build_X86_32|MollenOS.Build.0 = Build_X86_32|Win32
		{6AD54F75-A2E1-40BF-84E2-B77420E8DC6A}.All|MollenOS.ActiveCfg = Build_X86_32|Win32
		{6AD54F75-A2E1-40BF-84E2-B77420E8DC6A}.Build_X86_32|MollenOS.ActiveCfg = Build_X86_32|Win32
		{DEA6F86E-257B-45FE-99D7-E9F0FF5E1928}.All|MollenOS.ActiveCfg = Build_X86_32|Win32
		{DEA6F86E-257B-45FE-99D7-E9F0FF5E1928}.Build_X86_32|MollenOS.ActiveCfg = Build_X86_32|Win32
	EndGlobalSection
	GlobalSection(SolutionProperties) = preSolution
		HideSolutionNode = FALSE
	EndGlobalSection
	GlobalSection(NestedProjects) = preSolution
		{17145F88-DAEA-496B-A91F-2A78ED5673CC} = {354EC690-3614-488D-AFE8-7331C2FBC6DB}
		{E1811ABC-D002-44D1-8581-2ACF9C1DD0F9} = {87250BB8-7CCC-4DE4-8F22-2708752A752A}
		{7884D19E-EF4A-4898-81E4-A33DAAE85D27} = {87250BB8-7CCC-4DE4-8F22-2708752A752A}
		{2B403FFB-5AFB-48D8-8C13-F8E65CEC5BB6} = {87250BB8-7CCC-4DE4-8F22-2708752A752A}
		{3C21B76A-B943-455B-8EC2-31C1B8CBFE83} = {354EC690-3614-488D-AFE8-7331C2FBC6DB}
		{EFA5DBA0-F613-4CD6-BC4F-768574EDDF8E} = {87250BB8-7CCC-4DE4-8F22-2708752A752A}
		{354EC690-3614-488D-AFE8-7331C2FBC6DB} = {EFA5DBA0-F613-4CD6-BC4F-768574EDDF8E}
		{8EBA8FB2-6E66-4E61-BBF2-CA6EC77DD1D2} = {16905A2B-477D-4AF8-9F8F-FE17F2DE4D2E}
		{6AD54F75-A2E1-40BF-84E2-B77420E8DC6A} = {8EBA8FB2-6E66-4E61-BBF2-CA6EC77DD1D2}
		{DEA6F86E-257B-45FE-99D7-E9F0FF5E1928} = {8EBA8FB2-6E66-4E61-BBF2-CA6EC77DD1D2}
		{9D38EC81-09FB-4FFF-B94C-3C9A07054C35} = {A9FA72F6-D1FF-4AEC-9D5F-2AEB42076564}
	EndGlobalSection
EndGlobal
