
Microsoft Visual Studio Solution File, Format Version 12.00
# Visual Studio 2013
VisualStudioVersion = 12.0.40629.0
MinimumVisualStudioVersion = 10.0.40219.1
Project("{8BC9CEB8-8B4A-11D0-8D11-00A0C91BC942}") = "Libx86", "kernel\Msvc\Libx86\Libx86.vcxproj", "{17145F88-DAEA-496B-A91F-2A78ED5673CC}"
	ProjectSection(ProjectDependencies) = postProject
		{3C21B76A-B943-455B-8EC2-31C1B8CBFE83} = {3C21B76A-B943-455B-8EC2-31C1B8CBFE83}
		{7884D19E-EF4A-4898-81E4-A33DAAE85D27} = {7884D19E-EF4A-4898-81E4-A33DAAE85D27}
		{C29CF9C1-A841-409C-A261-910DDCFB729A} = {C29CF9C1-A841-409C-A261-910DDCFB729A}
		{2B403FFB-5AFB-48D8-8C13-F8E65CEC5BB6} = {2B403FFB-5AFB-48D8-8C13-F8E65CEC5BB6}
	EndProjectSection
EndProject
Project("{8BC9CEB8-8B4A-11D0-8D11-00A0C91BC942}") = "MCore", "kernel\Msvc\MCore\MCore.vcxproj", "{E1811ABC-D002-44D1-8581-2ACF9C1DD0F9}"
	ProjectSection(ProjectDependencies) = postProject
		{17145F88-DAEA-496B-A91F-2A78ED5673CC} = {17145F88-DAEA-496B-A91F-2A78ED5673CC}
		{7884D19E-EF4A-4898-81E4-A33DAAE85D27} = {7884D19E-EF4A-4898-81E4-A33DAAE85D27}
		{C29CF9C1-A841-409C-A261-910DDCFB729A} = {C29CF9C1-A841-409C-A261-910DDCFB729A}
		{2B403FFB-5AFB-48D8-8C13-F8E65CEC5BB6} = {2B403FFB-5AFB-48D8-8C13-F8E65CEC5BB6}
	EndProjectSection
EndProject
Project("{8BC9CEB8-8B4A-11D0-8D11-00A0C91BC942}") = "MCoreConfig", "kernel\Msvc\MCoreConfig\MCoreConfig.vcxproj", "{7884D19E-EF4A-4898-81E4-A33DAAE85D27}"
EndProject
Project("{8BC9CEB8-8B4A-11D0-8D11-00A0C91BC942}") = "AcpiSubsystem", "kernel\Msvc\Acpica\AcpiSubsystem.vcxproj", "{2B403FFB-5AFB-48D8-8C13-F8E65CEC5BB6}"
	ProjectSection(ProjectDependencies) = postProject
		{C29CF9C1-A841-409C-A261-910DDCFB729A} = {C29CF9C1-A841-409C-A261-910DDCFB729A}
	EndProjectSection
EndProject
Project("{8BC9CEB8-8B4A-11D0-8D11-00A0C91BC942}") = "Libx86_32", "kernel\Msvc\Libx86_32\Libx86_32.vcxproj", "{3C21B76A-B943-455B-8EC2-31C1B8CBFE83}"
	ProjectSection(ProjectDependencies) = postProject
		{C29CF9C1-A841-409C-A261-910DDCFB729A} = {C29CF9C1-A841-409C-A261-910DDCFB729A}
	EndProjectSection
EndProject
Project("{2150E333-8FDC-42A3-9474-1A3956D46DE8}") = "Architectures", "Architectures", "{EFA5DBA0-F613-4CD6-BC4F-768574EDDF8E}"
EndProject
Project("{2150E333-8FDC-42A3-9474-1A3956D46DE8}") = "x86", "x86", "{354EC690-3614-488D-AFE8-7331C2FBC6DB}"
EndProject
Project("{2150E333-8FDC-42A3-9474-1A3956D46DE8}") = "Kernel", "Kernel", "{87250BB8-7CCC-4DE4-8F22-2708752A752A}"
EndProject
Project("{2150E333-8FDC-42A3-9474-1A3956D46DE8}") = "Modules", "Modules", "{16905A2B-477D-4AF8-9F8F-FE17F2DE4D2E}"
EndProject
Project("{2150E333-8FDC-42A3-9474-1A3956D46DE8}") = "LibRT", "LibRT", "{A9FA72F6-D1FF-4AEC-9D5F-2AEB42076564}"
EndProject
Project("{2150E333-8FDC-42A3-9474-1A3956D46DE8}") = "SDK", "SDK", "{4156C3CF-5671-4D4B-A7DF-533FFC7E9AD7}"
EndProject
Project("{8BC9CEB8-8B4A-11D0-8D11-00A0C91BC942}") = "libc", "librt\msvc\libc\libc.vcxproj", "{96CD5AF1-B1D1-4EC0-8B87-DF05A83590E7}"
	ProjectSection(ProjectDependencies) = postProject
		{1AD2E59E-5A05-43C7-A10B-236170B9B317} = {1AD2E59E-5A05-43C7-A10B-236170B9B317}
		{7A7461EB-BFEA-4036-BA61-08BF33B12562} = {7A7461EB-BFEA-4036-BA61-08BF33B12562}
	EndProjectSection
EndProject
Project("{8BC9CEB8-8B4A-11D0-8D11-00A0C91BC942}") = "libm", "librt\msvc\libm\libm.vcxproj", "{7A7461EB-BFEA-4036-BA61-08BF33B12562}"
	ProjectSection(ProjectDependencies) = postProject
		{1AD2E59E-5A05-43C7-A10B-236170B9B317} = {1AD2E59E-5A05-43C7-A10B-236170B9B317}
	EndProjectSection
EndProject
Project("{2150E333-8FDC-42A3-9474-1A3956D46DE8}") = "CRT", "CRT", "{1260A5D3-3369-4692-B6D7-BD9302D232CC}"
EndProject
Project("{8BC9CEB8-8B4A-11D0-8D11-00A0C91BC942}") = "libcrt", "librt\msvc\libcrt\libcrt.vcxproj", "{1AD2E59E-5A05-43C7-A10B-236170B9B317}"
EndProject
Project("{8BC9CEB8-8B4A-11D0-8D11-00A0C91BC942}") = "libk", "librt\msvc\libk\libk.vcxproj", "{C29CF9C1-A841-409C-A261-910DDCFB729A}"
	ProjectSection(ProjectDependencies) = postProject
		{1AD2E59E-5A05-43C7-A10B-236170B9B317} = {1AD2E59E-5A05-43C7-A10B-236170B9B317}
	EndProjectSection
EndProject
Project("{8BC9CEB8-8B4A-11D0-8D11-00A0C91BC942}") = "libos", "librt\msvc\libos\libos.vcxproj", "{0C598AF6-FD13-40CB-948C-5B027A70A471}"
	ProjectSection(ProjectDependencies) = postProject
		{1AD2E59E-5A05-43C7-A10B-236170B9B317} = {1AD2E59E-5A05-43C7-A10B-236170B9B317}
		{7A7461EB-BFEA-4036-BA61-08BF33B12562} = {7A7461EB-BFEA-4036-BA61-08BF33B12562}
		{96CD5AF1-B1D1-4EC0-8B87-DF05A83590E7} = {96CD5AF1-B1D1-4EC0-8B87-DF05A83590E7}
	EndProjectSection
EndProject
Project("{2150E333-8FDC-42A3-9474-1A3956D46DE8}") = "Filesystems", "Filesystems", "{AADE2EEC-BEEA-4125-AB68-0A1A6E60D2DF}"
EndProject
Project("{8BC9CEB8-8B4A-11D0-8D11-00A0C91BC942}") = "Mfs", "modules\FileSystems\Mfs\Mfs.vcxproj", "{1835FDB8-C07F-4A34-B19D-528A84310040}"
	ProjectSection(ProjectDependencies) = postProject
		{E1811ABC-D002-44D1-8581-2ACF9C1DD0F9} = {E1811ABC-D002-44D1-8581-2ACF9C1DD0F9}
	EndProjectSection
EndProject
Project("{2150E333-8FDC-42A3-9474-1A3956D46DE8}") = "Storage", "Storage", "{B181ABDD-92CA-4C63-80CA-F76DAA8639B5}"
EndProject
Project("{2150E333-8FDC-42A3-9474-1A3956D46DE8}") = "Timers", "Timers", "{94F43558-A28D-43BB-A859-361EB7337976}"
EndProject
Project("{2150E333-8FDC-42A3-9474-1A3956D46DE8}") = "Usb", "Usb", "{83D41EB6-DF8B-4CF7-8D60-F7D4279B6883}"
EndProject
Project("{2150E333-8FDC-42A3-9474-1A3956D46DE8}") = "Arch", "Arch", "{614B4551-D867-4FFF-B247-AA5EA7F08E1D}"
EndProject
Project("{2150E333-8FDC-42A3-9474-1A3956D46DE8}") = "x86", "x86", "{B919DB2F-2EBC-439F-979A-69013BAFCF2D}"
EndProject
Project("{8BC9CEB8-8B4A-11D0-8D11-00A0C91BC942}") = "Cmos", "modules\x86\Cmos\Cmos.vcxproj", "{9EB61B2B-551E-45DC-911C-94067E544251}"
	ProjectSection(ProjectDependencies) = postProject
		{E1811ABC-D002-44D1-8581-2ACF9C1DD0F9} = {E1811ABC-D002-44D1-8581-2ACF9C1DD0F9}
	EndProjectSection
EndProject
Project("{8BC9CEB8-8B4A-11D0-8D11-00A0C91BC942}") = "Pit", "modules\x86\Pit\Pit.vcxproj", "{11227538-EA75-455B-A6A1-6FA67748F828}"
	ProjectSection(ProjectDependencies) = postProject
		{E1811ABC-D002-44D1-8581-2ACF9C1DD0F9} = {E1811ABC-D002-44D1-8581-2ACF9C1DD0F9}
	EndProjectSection
EndProject
Project("{8BC9CEB8-8B4A-11D0-8D11-00A0C91BC942}") = "Ps2", "modules\x86\Ps2\Ps2.vcxproj", "{1EEC47B9-B62D-4F4B-BE51-AE1A2B588856}"
	ProjectSection(ProjectDependencies) = postProject
		{E1811ABC-D002-44D1-8581-2ACF9C1DD0F9} = {E1811ABC-D002-44D1-8581-2ACF9C1DD0F9}
	EndProjectSection
EndProject
Project("{8BC9CEB8-8B4A-11D0-8D11-00A0C91BC942}") = "Rtc", "modules\x86\Rtc\Rtc.vcxproj", "{6E045EEC-7B13-4155-A5EE-96266112E8CD}"
	ProjectSection(ProjectDependencies) = postProject
		{9EB61B2B-551E-45DC-911C-94067E544251} = {9EB61B2B-551E-45DC-911C-94067E544251}
	EndProjectSection
EndProject
Project("{8BC9CEB8-8B4A-11D0-8D11-00A0C91BC942}") = "Hpet", "modules\Timers\Hpet\Hpet.vcxproj", "{FCABA8C2-C86C-4F2D-B859-3278C938151D}"
	ProjectSection(ProjectDependencies) = postProject
		{E1811ABC-D002-44D1-8581-2ACF9C1DD0F9} = {E1811ABC-D002-44D1-8581-2ACF9C1DD0F9}
	EndProjectSection
EndProject
Project("{8BC9CEB8-8B4A-11D0-8D11-00A0C91BC942}") = "UsbCore", "modules\Usb\Core\UsbCore.vcxproj", "{F70C9248-FEE4-4C76-9D28-69B2E4D73104}"
	ProjectSection(ProjectDependencies) = postProject
		{E1811ABC-D002-44D1-8581-2ACF9C1DD0F9} = {E1811ABC-D002-44D1-8581-2ACF9C1DD0F9}
	EndProjectSection
EndProject
Project("{2150E333-8FDC-42A3-9474-1A3956D46DE8}") = "Hosts", "Hosts", "{31F52C3B-21D2-4816-955D-B40F58BFD1B7}"
EndProject
Project("{8BC9CEB8-8B4A-11D0-8D11-00A0C91BC942}") = "Uhci", "modules\Usb\Uhci\Uhci.vcxproj", "{F83C53D0-F668-4F4B-B423-6C58336FE36B}"
	ProjectSection(ProjectDependencies) = postProject
		{F70C9248-FEE4-4C76-9D28-69B2E4D73104} = {F70C9248-FEE4-4C76-9D28-69B2E4D73104}
	EndProjectSection
EndProject
Project("{8BC9CEB8-8B4A-11D0-8D11-00A0C91BC942}") = "Ohci", "modules\Usb\Ohci\Ohci.vcxproj", "{5B870E7F-3EF4-4A5E-A79E-53DA4138E1AE}"
	ProjectSection(ProjectDependencies) = postProject
		{F70C9248-FEE4-4C76-9D28-69B2E4D73104} = {F70C9248-FEE4-4C76-9D28-69B2E4D73104}
	EndProjectSection
EndProject
Project("{8BC9CEB8-8B4A-11D0-8D11-00A0C91BC942}") = "Ehci", "modules\Usb\Ehci\Ehci.vcxproj", "{2BF8E1C1-202D-4874-92AD-EF891CB1D616}"
	ProjectSection(ProjectDependencies) = postProject
		{F70C9248-FEE4-4C76-9D28-69B2E4D73104} = {F70C9248-FEE4-4C76-9D28-69B2E4D73104}
	EndProjectSection
EndProject
Project("{8BC9CEB8-8B4A-11D0-8D11-00A0C91BC942}") = "Ahci", "modules\Storage\AHCI\Ahci.vcxproj", "{D8F98581-1110-445E-A24F-80C95A727318}"
	ProjectSection(ProjectDependencies) = postProject
		{E1811ABC-D002-44D1-8581-2ACF9C1DD0F9} = {E1811ABC-D002-44D1-8581-2ACF9C1DD0F9}
	EndProjectSection
EndProject
Project("{8BC9CEB8-8B4A-11D0-8D11-00A0C91BC942}") = "libmsc++", "librt\msvc\libmsc++\libmsc++.vcxproj", "{BC075CA9-559D-47EE-AEA7-B2175F141688}"
	ProjectSection(ProjectDependencies) = postProject
		{7A7461EB-BFEA-4036-BA61-08BF33B12562} = {7A7461EB-BFEA-4036-BA61-08BF33B12562}
		{96CD5AF1-B1D1-4EC0-8B87-DF05A83590E7} = {96CD5AF1-B1D1-4EC0-8B87-DF05A83590E7}
		{0C598AF6-FD13-40CB-948C-5B027A70A471} = {0C598AF6-FD13-40CB-948C-5B027A70A471}
	EndProjectSection
EndProject
Project("{F088123C-0E9E-452A-89E6-6BA2F21D5CAC}") = "Design", "kernel\Msvc\Design\Design.modelproj", "{EAA9C080-C5D1-4220-BE45-9D29EC13EF3F}"
EndProject
Project("{2150E333-8FDC-42A3-9474-1A3956D46DE8}") = "Servers", "Servers", "{E63B52A1-7305-4284-85DE-B7F0BC7EA1E3}"
EndProject
Project("{8BC9CEB8-8B4A-11D0-8D11-00A0C91BC942}") = "devicemanager", "servers\devicemanager\devicemanager.vcxproj", "{DEA6F86E-257B-45FE-99D7-E9F0FF5E1928}"
	ProjectSection(ProjectDependencies) = postProject
		{21F92913-052E-450E-B69C-F05ABF65714C} = {21F92913-052E-450E-B69C-F05ABF65714C}
		{58A39262-7799-4339-9332-76F52F5842AB} = {58A39262-7799-4339-9332-76F52F5842AB}
		{3F3F6994-2ADF-4C48-8003-CAE722567956} = {3F3F6994-2ADF-4C48-8003-CAE722567956}
	EndProjectSection
EndProject
Project("{8BC9CEB8-8B4A-11D0-8D11-00A0C91BC942}") = "libmx", "librt\msvc\libmx\libmx.vcxproj", "{58A39262-7799-4339-9332-76F52F5842AB}"
EndProject
Project("{8BC9CEB8-8B4A-11D0-8D11-00A0C91BC942}") = "libcx", "librt\msvc\libcx\libcx.vcxproj", "{3F3F6994-2ADF-4C48-8003-CAE722567956}"
	ProjectSection(ProjectDependencies) = postProject
		{58A39262-7799-4339-9332-76F52F5842AB} = {58A39262-7799-4339-9332-76F52F5842AB}
	EndProjectSection
EndProject
Project("{8BC9CEB8-8B4A-11D0-8D11-00A0C91BC942}") = "libosx", "librt\msvc\libosx\libosx.vcxproj", "{21F92913-052E-450E-B69C-F05ABF65714C}"
	ProjectSection(ProjectDependencies) = postProject
		{58A39262-7799-4339-9332-76F52F5842AB} = {58A39262-7799-4339-9332-76F52F5842AB}
		{3F3F6994-2ADF-4C48-8003-CAE722567956} = {3F3F6994-2ADF-4C48-8003-CAE722567956}
	EndProjectSection
EndProject
Project("{8BC9CEB8-8B4A-11D0-8D11-00A0C91BC942}") = "libsrv", "librt\msvc\libsrv\libsrv.vcxproj", "{04E313E0-4D1F-4E36-81FF-E3C9AE7C07D3}"
EndProject
Project("{8BC9CEB8-8B4A-11D0-8D11-00A0C91BC942}") = "libmscxx", "librt\msvc\libmscxx\libmscxx.vcxproj", "{13D931D1-5594-4E01-B815-6B8FACBEDAE3}"
EndProject
Global
	GlobalSection(SolutionConfigurationPlatforms) = preSolution
		All|Mixed Platforms = All|Mixed Platforms
		All|MollenOS = All|MollenOS
		All|Win32 = All|Win32
		Build_X86_32|Mixed Platforms = Build_X86_32|Mixed Platforms
		Build_X86_32|MollenOS = Build_X86_32|MollenOS
		Build_X86_32|Win32 = Build_X86_32|Win32
	EndGlobalSection
	GlobalSection(ProjectConfigurationPlatforms) = postSolution
		{17145F88-DAEA-496B-A91F-2A78ED5673CC}.All|Mixed Platforms.ActiveCfg = Build_X86_32|Win32
		{17145F88-DAEA-496B-A91F-2A78ED5673CC}.All|Mixed Platforms.Build.0 = Build_X86_32|Win32
		{17145F88-DAEA-496B-A91F-2A78ED5673CC}.All|MollenOS.ActiveCfg = Build_X86_32|Win32
		{17145F88-DAEA-496B-A91F-2A78ED5673CC}.All|Win32.ActiveCfg = Build_X86_32|Win32
		{17145F88-DAEA-496B-A91F-2A78ED5673CC}.All|Win32.Build.0 = Build_X86_32|Win32
		{17145F88-DAEA-496B-A91F-2A78ED5673CC}.Build_X86_32|Mixed Platforms.ActiveCfg = Build_X86_32|Win32
		{17145F88-DAEA-496B-A91F-2A78ED5673CC}.Build_X86_32|Mixed Platforms.Build.0 = Build_X86_32|Win32
		{17145F88-DAEA-496B-A91F-2A78ED5673CC}.Build_X86_32|MollenOS.ActiveCfg = Build_X86_32|Win32
		{17145F88-DAEA-496B-A91F-2A78ED5673CC}.Build_X86_32|MollenOS.Build.0 = Build_X86_32|Win32
		{17145F88-DAEA-496B-A91F-2A78ED5673CC}.Build_X86_32|Win32.ActiveCfg = Build_X86_32|Win32
		{17145F88-DAEA-496B-A91F-2A78ED5673CC}.Build_X86_32|Win32.Build.0 = Build_X86_32|Win32
		{E1811ABC-D002-44D1-8581-2ACF9C1DD0F9}.All|Mixed Platforms.ActiveCfg = Build_X86_32|Win32
		{E1811ABC-D002-44D1-8581-2ACF9C1DD0F9}.All|Mixed Platforms.Build.0 = Build_X86_32|Win32
		{E1811ABC-D002-44D1-8581-2ACF9C1DD0F9}.All|MollenOS.ActiveCfg = Build_X86_32|Win32
		{E1811ABC-D002-44D1-8581-2ACF9C1DD0F9}.All|Win32.ActiveCfg = Build_X86_32|Win32
		{E1811ABC-D002-44D1-8581-2ACF9C1DD0F9}.All|Win32.Build.0 = Build_X86_32|Win32
		{E1811ABC-D002-44D1-8581-2ACF9C1DD0F9}.Build_X86_32|Mixed Platforms.ActiveCfg = Build_X86_32|Win32
		{E1811ABC-D002-44D1-8581-2ACF9C1DD0F9}.Build_X86_32|Mixed Platforms.Build.0 = Build_X86_32|Win32
		{E1811ABC-D002-44D1-8581-2ACF9C1DD0F9}.Build_X86_32|MollenOS.ActiveCfg = Build_X86_32|Win32
		{E1811ABC-D002-44D1-8581-2ACF9C1DD0F9}.Build_X86_32|MollenOS.Build.0 = Build_X86_32|Win32
		{E1811ABC-D002-44D1-8581-2ACF9C1DD0F9}.Build_X86_32|Win32.ActiveCfg = Build_X86_32|Win32
		{E1811ABC-D002-44D1-8581-2ACF9C1DD0F9}.Build_X86_32|Win32.Build.0 = Build_X86_32|Win32
		{7884D19E-EF4A-4898-81E4-A33DAAE85D27}.All|Mixed Platforms.ActiveCfg = Build_X86_32|Win32
		{7884D19E-EF4A-4898-81E4-A33DAAE85D27}.All|Mixed Platforms.Build.0 = Build_X86_32|Win32
		{7884D19E-EF4A-4898-81E4-A33DAAE85D27}.All|MollenOS.ActiveCfg = Build_X86_32|Win32
		{7884D19E-EF4A-4898-81E4-A33DAAE85D27}.All|Win32.ActiveCfg = Build_X86_32|Win32
		{7884D19E-EF4A-4898-81E4-A33DAAE85D27}.All|Win32.Build.0 = Build_X86_32|Win32
		{7884D19E-EF4A-4898-81E4-A33DAAE85D27}.Build_X86_32|Mixed Platforms.ActiveCfg = Build_X86_32|Win32
		{7884D19E-EF4A-4898-81E4-A33DAAE85D27}.Build_X86_32|Mixed Platforms.Build.0 = Build_X86_32|Win32
		{7884D19E-EF4A-4898-81E4-A33DAAE85D27}.Build_X86_32|MollenOS.ActiveCfg = Build_X86_32|Win32
		{7884D19E-EF4A-4898-81E4-A33DAAE85D27}.Build_X86_32|MollenOS.Build.0 = Build_X86_32|Win32
		{7884D19E-EF4A-4898-81E4-A33DAAE85D27}.Build_X86_32|Win32.ActiveCfg = Build_X86_32|Win32
		{7884D19E-EF4A-4898-81E4-A33DAAE85D27}.Build_X86_32|Win32.Build.0 = Build_X86_32|Win32
		{2B403FFB-5AFB-48D8-8C13-F8E65CEC5BB6}.All|Mixed Platforms.ActiveCfg = Build_X86_32|Win32
		{2B403FFB-5AFB-48D8-8C13-F8E65CEC5BB6}.All|Mixed Platforms.Build.0 = Build_X86_32|Win32
		{2B403FFB-5AFB-48D8-8C13-F8E65CEC5BB6}.All|MollenOS.ActiveCfg = Build_X86_32|Win32
		{2B403FFB-5AFB-48D8-8C13-F8E65CEC5BB6}.All|Win32.ActiveCfg = Build_X86_32|Win32
		{2B403FFB-5AFB-48D8-8C13-F8E65CEC5BB6}.All|Win32.Build.0 = Build_X86_32|Win32
		{2B403FFB-5AFB-48D8-8C13-F8E65CEC5BB6}.Build_X86_32|Mixed Platforms.ActiveCfg = Build_X86_32|Win32
		{2B403FFB-5AFB-48D8-8C13-F8E65CEC5BB6}.Build_X86_32|Mixed Platforms.Build.0 = Build_X86_32|Win32
		{2B403FFB-5AFB-48D8-8C13-F8E65CEC5BB6}.Build_X86_32|MollenOS.ActiveCfg = Build_X86_32|Win32
		{2B403FFB-5AFB-48D8-8C13-F8E65CEC5BB6}.Build_X86_32|MollenOS.Build.0 = Build_X86_32|Win32
		{2B403FFB-5AFB-48D8-8C13-F8E65CEC5BB6}.Build_X86_32|Win32.ActiveCfg = Build_X86_32|Win32
		{2B403FFB-5AFB-48D8-8C13-F8E65CEC5BB6}.Build_X86_32|Win32.Build.0 = Build_X86_32|Win32
		{3C21B76A-B943-455B-8EC2-31C1B8CBFE83}.All|Mixed Platforms.ActiveCfg = Build_X86_32|Win32
		{3C21B76A-B943-455B-8EC2-31C1B8CBFE83}.All|Mixed Platforms.Build.0 = Build_X86_32|Win32
		{3C21B76A-B943-455B-8EC2-31C1B8CBFE83}.All|MollenOS.ActiveCfg = Build_X86_32|Win32
		{3C21B76A-B943-455B-8EC2-31C1B8CBFE83}.All|Win32.ActiveCfg = Build_X86_32|Win32
		{3C21B76A-B943-455B-8EC2-31C1B8CBFE83}.All|Win32.Build.0 = Build_X86_32|Win32
		{3C21B76A-B943-455B-8EC2-31C1B8CBFE83}.Build_X86_32|Mixed Platforms.ActiveCfg = Build_X86_32|Win32
		{3C21B76A-B943-455B-8EC2-31C1B8CBFE83}.Build_X86_32|Mixed Platforms.Build.0 = Build_X86_32|Win32
		{3C21B76A-B943-455B-8EC2-31C1B8CBFE83}.Build_X86_32|MollenOS.ActiveCfg = Build_X86_32|Win32
		{3C21B76A-B943-455B-8EC2-31C1B8CBFE83}.Build_X86_32|MollenOS.Build.0 = Build_X86_32|Win32
		{3C21B76A-B943-455B-8EC2-31C1B8CBFE83}.Build_X86_32|Win32.ActiveCfg = Build_X86_32|Win32
		{3C21B76A-B943-455B-8EC2-31C1B8CBFE83}.Build_X86_32|Win32.Build.0 = Build_X86_32|Win32
		{96CD5AF1-B1D1-4EC0-8B87-DF05A83590E7}.All|Mixed Platforms.ActiveCfg = Build_X86_32|Win32
		{96CD5AF1-B1D1-4EC0-8B87-DF05A83590E7}.All|Mixed Platforms.Build.0 = Build_X86_32|Win32
		{96CD5AF1-B1D1-4EC0-8B87-DF05A83590E7}.All|MollenOS.ActiveCfg = Build_X86_32|Win32
		{96CD5AF1-B1D1-4EC0-8B87-DF05A83590E7}.All|Win32.ActiveCfg = Build_X86_32|Win32
		{96CD5AF1-B1D1-4EC0-8B87-DF05A83590E7}.All|Win32.Build.0 = Build_X86_32|Win32
		{96CD5AF1-B1D1-4EC0-8B87-DF05A83590E7}.Build_X86_32|Mixed Platforms.ActiveCfg = Build_X86_32|Win32
		{96CD5AF1-B1D1-4EC0-8B87-DF05A83590E7}.Build_X86_32|Mixed Platforms.Build.0 = Build_X86_32|Win32
		{96CD5AF1-B1D1-4EC0-8B87-DF05A83590E7}.Build_X86_32|MollenOS.ActiveCfg = Build_X86_32|Win32
		{96CD5AF1-B1D1-4EC0-8B87-DF05A83590E7}.Build_X86_32|MollenOS.Build.0 = Build_X86_32|Win32
		{96CD5AF1-B1D1-4EC0-8B87-DF05A83590E7}.Build_X86_32|Win32.ActiveCfg = Build_X86_32|Win32
		{96CD5AF1-B1D1-4EC0-8B87-DF05A83590E7}.Build_X86_32|Win32.Build.0 = Build_X86_32|Win32
		{7A7461EB-BFEA-4036-BA61-08BF33B12562}.All|Mixed Platforms.ActiveCfg = Build_X86_32|Win32
		{7A7461EB-BFEA-4036-BA61-08BF33B12562}.All|Mixed Platforms.Build.0 = Build_X86_32|Win32
		{7A7461EB-BFEA-4036-BA61-08BF33B12562}.All|MollenOS.ActiveCfg = Build_X86_32|Win32
		{7A7461EB-BFEA-4036-BA61-08BF33B12562}.All|Win32.ActiveCfg = Build_X86_32|Win32
		{7A7461EB-BFEA-4036-BA61-08BF33B12562}.All|Win32.Build.0 = Build_X86_32|Win32
		{7A7461EB-BFEA-4036-BA61-08BF33B12562}.Build_X86_32|Mixed Platforms.ActiveCfg = Build_X86_32|Win32
		{7A7461EB-BFEA-4036-BA61-08BF33B12562}.Build_X86_32|Mixed Platforms.Build.0 = Build_X86_32|Win32
		{7A7461EB-BFEA-4036-BA61-08BF33B12562}.Build_X86_32|MollenOS.ActiveCfg = Build_X86_32|Win32
		{7A7461EB-BFEA-4036-BA61-08BF33B12562}.Build_X86_32|MollenOS.Build.0 = Build_X86_32|Win32
		{7A7461EB-BFEA-4036-BA61-08BF33B12562}.Build_X86_32|Win32.ActiveCfg = Build_X86_32|Win32
		{7A7461EB-BFEA-4036-BA61-08BF33B12562}.Build_X86_32|Win32.Build.0 = Build_X86_32|Win32
		{1AD2E59E-5A05-43C7-A10B-236170B9B317}.All|Mixed Platforms.ActiveCfg = Build_X86_32|Win32
		{1AD2E59E-5A05-43C7-A10B-236170B9B317}.All|Mixed Platforms.Build.0 = Build_X86_32|Win32
		{1AD2E59E-5A05-43C7-A10B-236170B9B317}.All|MollenOS.ActiveCfg = Build_X86_32|Win32
		{1AD2E59E-5A05-43C7-A10B-236170B9B317}.All|Win32.ActiveCfg = Build_X86_32|Win32
		{1AD2E59E-5A05-43C7-A10B-236170B9B317}.All|Win32.Build.0 = Build_X86_32|Win32
		{1AD2E59E-5A05-43C7-A10B-236170B9B317}.Build_X86_32|Mixed Platforms.ActiveCfg = Build_X86_32|Win32
		{1AD2E59E-5A05-43C7-A10B-236170B9B317}.Build_X86_32|Mixed Platforms.Build.0 = Build_X86_32|Win32
		{1AD2E59E-5A05-43C7-A10B-236170B9B317}.Build_X86_32|MollenOS.ActiveCfg = Build_X86_32|Win32
		{1AD2E59E-5A05-43C7-A10B-236170B9B317}.Build_X86_32|MollenOS.Build.0 = Build_X86_32|Win32
		{1AD2E59E-5A05-43C7-A10B-236170B9B317}.Build_X86_32|Win32.ActiveCfg = Build_X86_32|Win32
		{1AD2E59E-5A05-43C7-A10B-236170B9B317}.Build_X86_32|Win32.Build.0 = Build_X86_32|Win32
		{C29CF9C1-A841-409C-A261-910DDCFB729A}.All|Mixed Platforms.ActiveCfg = Build_X86_32|Win32
		{C29CF9C1-A841-409C-A261-910DDCFB729A}.All|Mixed Platforms.Build.0 = Build_X86_32|Win32
		{C29CF9C1-A841-409C-A261-910DDCFB729A}.All|MollenOS.ActiveCfg = Build_X86_32|Win32
		{C29CF9C1-A841-409C-A261-910DDCFB729A}.All|Win32.ActiveCfg = Build_X86_32|Win32
		{C29CF9C1-A841-409C-A261-910DDCFB729A}.All|Win32.Build.0 = Build_X86_32|Win32
		{C29CF9C1-A841-409C-A261-910DDCFB729A}.Build_X86_32|Mixed Platforms.ActiveCfg = Build_X86_32|Win32
		{C29CF9C1-A841-409C-A261-910DDCFB729A}.Build_X86_32|Mixed Platforms.Build.0 = Build_X86_32|Win32
		{C29CF9C1-A841-409C-A261-910DDCFB729A}.Build_X86_32|MollenOS.ActiveCfg = Build_X86_32|Win32
		{C29CF9C1-A841-409C-A261-910DDCFB729A}.Build_X86_32|MollenOS.Build.0 = Build_X86_32|Win32
		{C29CF9C1-A841-409C-A261-910DDCFB729A}.Build_X86_32|Win32.ActiveCfg = Build_X86_32|Win32
		{C29CF9C1-A841-409C-A261-910DDCFB729A}.Build_X86_32|Win32.Build.0 = Build_X86_32|Win32
		{0C598AF6-FD13-40CB-948C-5B027A70A471}.All|Mixed Platforms.ActiveCfg = Build_X86_32|Win32
		{0C598AF6-FD13-40CB-948C-5B027A70A471}.All|Mixed Platforms.Build.0 = Build_X86_32|Win32
		{0C598AF6-FD13-40CB-948C-5B027A70A471}.All|MollenOS.ActiveCfg = Build_X86_32|Win32
		{0C598AF6-FD13-40CB-948C-5B027A70A471}.All|Win32.ActiveCfg = Build_X86_32|Win32
		{0C598AF6-FD13-40CB-948C-5B027A70A471}.All|Win32.Build.0 = Build_X86_32|Win32
		{0C598AF6-FD13-40CB-948C-5B027A70A471}.Build_X86_32|Mixed Platforms.ActiveCfg = Build_X86_32|Win32
		{0C598AF6-FD13-40CB-948C-5B027A70A471}.Build_X86_32|Mixed Platforms.Build.0 = Build_X86_32|Win32
		{0C598AF6-FD13-40CB-948C-5B027A70A471}.Build_X86_32|MollenOS.ActiveCfg = Build_X86_32|Win32
		{0C598AF6-FD13-40CB-948C-5B027A70A471}.Build_X86_32|MollenOS.Build.0 = Build_X86_32|Win32
		{0C598AF6-FD13-40CB-948C-5B027A70A471}.Build_X86_32|Win32.ActiveCfg = Build_X86_32|Win32
		{0C598AF6-FD13-40CB-948C-5B027A70A471}.Build_X86_32|Win32.Build.0 = Build_X86_32|Win32
		{1835FDB8-C07F-4A34-B19D-528A84310040}.All|Mixed Platforms.ActiveCfg = Build_X86_32|Win32
		{1835FDB8-C07F-4A34-B19D-528A84310040}.All|Mixed Platforms.Build.0 = Build_X86_32|Win32
		{1835FDB8-C07F-4A34-B19D-528A84310040}.All|MollenOS.ActiveCfg = Build_X86_32|Win32
		{1835FDB8-C07F-4A34-B19D-528A84310040}.All|Win32.ActiveCfg = Build_X86_32|Win32
		{1835FDB8-C07F-4A34-B19D-528A84310040}.All|Win32.Build.0 = Build_X86_32|Win32
		{1835FDB8-C07F-4A34-B19D-528A84310040}.Build_X86_32|Mixed Platforms.ActiveCfg = Build_X86_32|Win32
		{1835FDB8-C07F-4A34-B19D-528A84310040}.Build_X86_32|Mixed Platforms.Build.0 = Build_X86_32|Win32
		{1835FDB8-C07F-4A34-B19D-528A84310040}.Build_X86_32|MollenOS.ActiveCfg = Build_X86_32|Win32
		{1835FDB8-C07F-4A34-B19D-528A84310040}.Build_X86_32|MollenOS.Build.0 = Build_X86_32|Win32
		{1835FDB8-C07F-4A34-B19D-528A84310040}.Build_X86_32|Win32.ActiveCfg = Build_X86_32|Win32
		{1835FDB8-C07F-4A34-B19D-528A84310040}.Build_X86_32|Win32.Build.0 = Build_X86_32|Win32
		{9EB61B2B-551E-45DC-911C-94067E544251}.All|Mixed Platforms.ActiveCfg = Build_X86_32|Win32
		{9EB61B2B-551E-45DC-911C-94067E544251}.All|Mixed Platforms.Build.0 = Build_X86_32|Win32
		{9EB61B2B-551E-45DC-911C-94067E544251}.All|MollenOS.ActiveCfg = Build_X86_32|Win32
		{9EB61B2B-551E-45DC-911C-94067E544251}.All|Win32.ActiveCfg = Build_X86_32|Win32
		{9EB61B2B-551E-45DC-911C-94067E544251}.All|Win32.Build.0 = Build_X86_32|Win32
		{9EB61B2B-551E-45DC-911C-94067E544251}.Build_X86_32|Mixed Platforms.ActiveCfg = Build_X86_32|Win32
		{9EB61B2B-551E-45DC-911C-94067E544251}.Build_X86_32|Mixed Platforms.Build.0 = Build_X86_32|Win32
		{9EB61B2B-551E-45DC-911C-94067E544251}.Build_X86_32|MollenOS.ActiveCfg = Build_X86_32|Win32
		{9EB61B2B-551E-45DC-911C-94067E544251}.Build_X86_32|MollenOS.Build.0 = Build_X86_32|Win32
		{9EB61B2B-551E-45DC-911C-94067E544251}.Build_X86_32|Win32.ActiveCfg = Build_X86_32|Win32
		{9EB61B2B-551E-45DC-911C-94067E544251}.Build_X86_32|Win32.Build.0 = Build_X86_32|Win32
		{11227538-EA75-455B-A6A1-6FA67748F828}.All|Mixed Platforms.ActiveCfg = Build_X86_32|Win32
		{11227538-EA75-455B-A6A1-6FA67748F828}.All|Mixed Platforms.Build.0 = Build_X86_32|Win32
		{11227538-EA75-455B-A6A1-6FA67748F828}.All|MollenOS.ActiveCfg = Build_X86_32|Win32
		{11227538-EA75-455B-A6A1-6FA67748F828}.All|Win32.ActiveCfg = Build_X86_32|Win32
		{11227538-EA75-455B-A6A1-6FA67748F828}.All|Win32.Build.0 = Build_X86_32|Win32
		{11227538-EA75-455B-A6A1-6FA67748F828}.Build_X86_32|Mixed Platforms.ActiveCfg = Build_X86_32|Win32
		{11227538-EA75-455B-A6A1-6FA67748F828}.Build_X86_32|Mixed Platforms.Build.0 = Build_X86_32|Win32
		{11227538-EA75-455B-A6A1-6FA67748F828}.Build_X86_32|MollenOS.ActiveCfg = Build_X86_32|Win32
		{11227538-EA75-455B-A6A1-6FA67748F828}.Build_X86_32|MollenOS.Build.0 = Build_X86_32|Win32
		{11227538-EA75-455B-A6A1-6FA67748F828}.Build_X86_32|Win32.ActiveCfg = Build_X86_32|Win32
		{11227538-EA75-455B-A6A1-6FA67748F828}.Build_X86_32|Win32.Build.0 = Build_X86_32|Win32
		{1EEC47B9-B62D-4F4B-BE51-AE1A2B588856}.All|Mixed Platforms.ActiveCfg = Build_X86_32|Win32
		{1EEC47B9-B62D-4F4B-BE51-AE1A2B588856}.All|Mixed Platforms.Build.0 = Build_X86_32|Win32
		{1EEC47B9-B62D-4F4B-BE51-AE1A2B588856}.All|MollenOS.ActiveCfg = Build_X86_32|Win32
		{1EEC47B9-B62D-4F4B-BE51-AE1A2B588856}.All|Win32.ActiveCfg = Build_X86_32|Win32
		{1EEC47B9-B62D-4F4B-BE51-AE1A2B588856}.All|Win32.Build.0 = Build_X86_32|Win32
		{1EEC47B9-B62D-4F4B-BE51-AE1A2B588856}.Build_X86_32|Mixed Platforms.ActiveCfg = Build_X86_32|Win32
		{1EEC47B9-B62D-4F4B-BE51-AE1A2B588856}.Build_X86_32|Mixed Platforms.Build.0 = Build_X86_32|Win32
		{1EEC47B9-B62D-4F4B-BE51-AE1A2B588856}.Build_X86_32|MollenOS.ActiveCfg = Build_X86_32|Win32
		{1EEC47B9-B62D-4F4B-BE51-AE1A2B588856}.Build_X86_32|MollenOS.Build.0 = Build_X86_32|Win32
		{1EEC47B9-B62D-4F4B-BE51-AE1A2B588856}.Build_X86_32|Win32.ActiveCfg = Build_X86_32|Win32
		{1EEC47B9-B62D-4F4B-BE51-AE1A2B588856}.Build_X86_32|Win32.Build.0 = Build_X86_32|Win32
		{6E045EEC-7B13-4155-A5EE-96266112E8CD}.All|Mixed Platforms.ActiveCfg = Build_X86_32|Win32
		{6E045EEC-7B13-4155-A5EE-96266112E8CD}.All|Mixed Platforms.Build.0 = Build_X86_32|Win32
		{6E045EEC-7B13-4155-A5EE-96266112E8CD}.All|MollenOS.ActiveCfg = Build_X86_32|Win32
		{6E045EEC-7B13-4155-A5EE-96266112E8CD}.All|Win32.ActiveCfg = Build_X86_32|Win32
		{6E045EEC-7B13-4155-A5EE-96266112E8CD}.All|Win32.Build.0 = Build_X86_32|Win32
		{6E045EEC-7B13-4155-A5EE-96266112E8CD}.Build_X86_32|Mixed Platforms.ActiveCfg = Build_X86_32|Win32
		{6E045EEC-7B13-4155-A5EE-96266112E8CD}.Build_X86_32|Mixed Platforms.Build.0 = Build_X86_32|Win32
		{6E045EEC-7B13-4155-A5EE-96266112E8CD}.Build_X86_32|MollenOS.ActiveCfg = Build_X86_32|Win32
		{6E045EEC-7B13-4155-A5EE-96266112E8CD}.Build_X86_32|MollenOS.Build.0 = Build_X86_32|Win32
		{6E045EEC-7B13-4155-A5EE-96266112E8CD}.Build_X86_32|Win32.ActiveCfg = Build_X86_32|Win32
		{6E045EEC-7B13-4155-A5EE-96266112E8CD}.Build_X86_32|Win32.Build.0 = Build_X86_32|Win32
		{FCABA8C2-C86C-4F2D-B859-3278C938151D}.All|Mixed Platforms.ActiveCfg = Build_X86_32|Win32
		{FCABA8C2-C86C-4F2D-B859-3278C938151D}.All|Mixed Platforms.Build.0 = Build_X86_32|Win32
		{FCABA8C2-C86C-4F2D-B859-3278C938151D}.All|MollenOS.ActiveCfg = Build_X86_32|Win32
		{FCABA8C2-C86C-4F2D-B859-3278C938151D}.All|Win32.ActiveCfg = Build_X86_32|Win32
		{FCABA8C2-C86C-4F2D-B859-3278C938151D}.All|Win32.Build.0 = Build_X86_32|Win32
		{FCABA8C2-C86C-4F2D-B859-3278C938151D}.Build_X86_32|Mixed Platforms.ActiveCfg = Build_X86_32|Win32
		{FCABA8C2-C86C-4F2D-B859-3278C938151D}.Build_X86_32|Mixed Platforms.Build.0 = Build_X86_32|Win32
		{FCABA8C2-C86C-4F2D-B859-3278C938151D}.Build_X86_32|MollenOS.ActiveCfg = Build_X86_32|Win32
		{FCABA8C2-C86C-4F2D-B859-3278C938151D}.Build_X86_32|MollenOS.Build.0 = Build_X86_32|Win32
		{FCABA8C2-C86C-4F2D-B859-3278C938151D}.Build_X86_32|Win32.ActiveCfg = Build_X86_32|Win32
		{FCABA8C2-C86C-4F2D-B859-3278C938151D}.Build_X86_32|Win32.Build.0 = Build_X86_32|Win32
		{F70C9248-FEE4-4C76-9D28-69B2E4D73104}.All|Mixed Platforms.ActiveCfg = Build_X86_32|Win32
		{F70C9248-FEE4-4C76-9D28-69B2E4D73104}.All|Mixed Platforms.Build.0 = Build_X86_32|Win32
		{F70C9248-FEE4-4C76-9D28-69B2E4D73104}.All|MollenOS.ActiveCfg = Build_X86_32|Win32
		{F70C9248-FEE4-4C76-9D28-69B2E4D73104}.All|Win32.ActiveCfg = Build_X86_32|Win32
		{F70C9248-FEE4-4C76-9D28-69B2E4D73104}.All|Win32.Build.0 = Build_X86_32|Win32
		{F70C9248-FEE4-4C76-9D28-69B2E4D73104}.Build_X86_32|Mixed Platforms.ActiveCfg = Build_X86_32|Win32
		{F70C9248-FEE4-4C76-9D28-69B2E4D73104}.Build_X86_32|Mixed Platforms.Build.0 = Build_X86_32|Win32
		{F70C9248-FEE4-4C76-9D28-69B2E4D73104}.Build_X86_32|MollenOS.ActiveCfg = Build_X86_32|Win32
		{F70C9248-FEE4-4C76-9D28-69B2E4D73104}.Build_X86_32|MollenOS.Build.0 = Build_X86_32|Win32
		{F70C9248-FEE4-4C76-9D28-69B2E4D73104}.Build_X86_32|Win32.ActiveCfg = Build_X86_32|Win32
		{F70C9248-FEE4-4C76-9D28-69B2E4D73104}.Build_X86_32|Win32.Build.0 = Build_X86_32|Win32
		{F83C53D0-F668-4F4B-B423-6C58336FE36B}.All|Mixed Platforms.ActiveCfg = Build_X86_32|Win32
		{F83C53D0-F668-4F4B-B423-6C58336FE36B}.All|Mixed Platforms.Build.0 = Build_X86_32|Win32
		{F83C53D0-F668-4F4B-B423-6C58336FE36B}.All|MollenOS.ActiveCfg = Build_X86_32|Win32
		{F83C53D0-F668-4F4B-B423-6C58336FE36B}.All|Win32.ActiveCfg = Build_X86_32|Win32
		{F83C53D0-F668-4F4B-B423-6C58336FE36B}.All|Win32.Build.0 = Build_X86_32|Win32
		{F83C53D0-F668-4F4B-B423-6C58336FE36B}.Build_X86_32|Mixed Platforms.ActiveCfg = Build_X86_32|Win32
		{F83C53D0-F668-4F4B-B423-6C58336FE36B}.Build_X86_32|Mixed Platforms.Build.0 = Build_X86_32|Win32
		{F83C53D0-F668-4F4B-B423-6C58336FE36B}.Build_X86_32|MollenOS.ActiveCfg = Build_X86_32|Win32
		{F83C53D0-F668-4F4B-B423-6C58336FE36B}.Build_X86_32|MollenOS.Build.0 = Build_X86_32|Win32
		{F83C53D0-F668-4F4B-B423-6C58336FE36B}.Build_X86_32|Win32.ActiveCfg = Build_X86_32|Win32
		{F83C53D0-F668-4F4B-B423-6C58336FE36B}.Build_X86_32|Win32.Build.0 = Build_X86_32|Win32
		{5B870E7F-3EF4-4A5E-A79E-53DA4138E1AE}.All|Mixed Platforms.ActiveCfg = Build_X86_32|Win32
		{5B870E7F-3EF4-4A5E-A79E-53DA4138E1AE}.All|Mixed Platforms.Build.0 = Build_X86_32|Win32
		{5B870E7F-3EF4-4A5E-A79E-53DA4138E1AE}.All|MollenOS.ActiveCfg = Build_X86_32|Win32
		{5B870E7F-3EF4-4A5E-A79E-53DA4138E1AE}.All|Win32.ActiveCfg = Build_X86_32|Win32
		{5B870E7F-3EF4-4A5E-A79E-53DA4138E1AE}.All|Win32.Build.0 = Build_X86_32|Win32
		{5B870E7F-3EF4-4A5E-A79E-53DA4138E1AE}.Build_X86_32|Mixed Platforms.ActiveCfg = Build_X86_32|Win32
		{5B870E7F-3EF4-4A5E-A79E-53DA4138E1AE}.Build_X86_32|Mixed Platforms.Build.0 = Build_X86_32|Win32
		{5B870E7F-3EF4-4A5E-A79E-53DA4138E1AE}.Build_X86_32|MollenOS.ActiveCfg = Build_X86_32|Win32
		{5B870E7F-3EF4-4A5E-A79E-53DA4138E1AE}.Build_X86_32|MollenOS.Build.0 = Build_X86_32|Win32
		{5B870E7F-3EF4-4A5E-A79E-53DA4138E1AE}.Build_X86_32|Win32.ActiveCfg = Build_X86_32|Win32
		{5B870E7F-3EF4-4A5E-A79E-53DA4138E1AE}.Build_X86_32|Win32.Build.0 = Build_X86_32|Win32
		{2BF8E1C1-202D-4874-92AD-EF891CB1D616}.All|Mixed Platforms.ActiveCfg = Build_X86_32|Win32
		{2BF8E1C1-202D-4874-92AD-EF891CB1D616}.All|Mixed Platforms.Build.0 = Build_X86_32|Win32
		{2BF8E1C1-202D-4874-92AD-EF891CB1D616}.All|MollenOS.ActiveCfg = Build_X86_32|Win32
		{2BF8E1C1-202D-4874-92AD-EF891CB1D616}.All|Win32.ActiveCfg = Build_X86_32|Win32
		{2BF8E1C1-202D-4874-92AD-EF891CB1D616}.All|Win32.Build.0 = Build_X86_32|Win32
		{2BF8E1C1-202D-4874-92AD-EF891CB1D616}.Build_X86_32|Mixed Platforms.ActiveCfg = Build_X86_32|Win32
		{2BF8E1C1-202D-4874-92AD-EF891CB1D616}.Build_X86_32|Mixed Platforms.Build.0 = Build_X86_32|Win32
		{2BF8E1C1-202D-4874-92AD-EF891CB1D616}.Build_X86_32|MollenOS.ActiveCfg = Build_X86_32|Win32
		{2BF8E1C1-202D-4874-92AD-EF891CB1D616}.Build_X86_32|MollenOS.Build.0 = Build_X86_32|Win32
		{2BF8E1C1-202D-4874-92AD-EF891CB1D616}.Build_X86_32|Win32.ActiveCfg = Build_X86_32|Win32
		{2BF8E1C1-202D-4874-92AD-EF891CB1D616}.Build_X86_32|Win32.Build.0 = Build_X86_32|Win32
		{D8F98581-1110-445E-A24F-80C95A727318}.All|Mixed Platforms.ActiveCfg = Build_X86_32|Win32
		{D8F98581-1110-445E-A24F-80C95A727318}.All|Mixed Platforms.Build.0 = Build_X86_32|Win32
		{D8F98581-1110-445E-A24F-80C95A727318}.All|MollenOS.ActiveCfg = Build_X86_32|Win32
		{D8F98581-1110-445E-A24F-80C95A727318}.All|Win32.ActiveCfg = Build_X86_32|Win32
		{D8F98581-1110-445E-A24F-80C95A727318}.All|Win32.Build.0 = Build_X86_32|Win32
		{D8F98581-1110-445E-A24F-80C95A727318}.Build_X86_32|Mixed Platforms.ActiveCfg = Build_X86_32|Win32
		{D8F98581-1110-445E-A24F-80C95A727318}.Build_X86_32|Mixed Platforms.Build.0 = Build_X86_32|Win32
		{D8F98581-1110-445E-A24F-80C95A727318}.Build_X86_32|MollenOS.ActiveCfg = Build_X86_32|Win32
		{D8F98581-1110-445E-A24F-80C95A727318}.Build_X86_32|MollenOS.Build.0 = Build_X86_32|Win32
		{D8F98581-1110-445E-A24F-80C95A727318}.Build_X86_32|Win32.ActiveCfg = Build_X86_32|Win32
		{D8F98581-1110-445E-A24F-80C95A727318}.Build_X86_32|Win32.Build.0 = Build_X86_32|Win32
		{BC075CA9-559D-47EE-AEA7-B2175F141688}.All|Mixed Platforms.ActiveCfg = Build_X86_32|Win32
		{BC075CA9-559D-47EE-AEA7-B2175F141688}.All|Mixed Platforms.Build.0 = Build_X86_32|Win32
		{BC075CA9-559D-47EE-AEA7-B2175F141688}.All|MollenOS.ActiveCfg = Build_X86_32|Win32
		{BC075CA9-559D-47EE-AEA7-B2175F141688}.All|Win32.ActiveCfg = Build_X86_32|Win32
		{BC075CA9-559D-47EE-AEA7-B2175F141688}.All|Win32.Build.0 = Build_X86_32|Win32
		{BC075CA9-559D-47EE-AEA7-B2175F141688}.Build_X86_32|Mixed Platforms.ActiveCfg = Build_X86_32|Win32
		{BC075CA9-559D-47EE-AEA7-B2175F141688}.Build_X86_32|Mixed Platforms.Build.0 = Build_X86_32|Win32
		{BC075CA9-559D-47EE-AEA7-B2175F141688}.Build_X86_32|MollenOS.ActiveCfg = Build_X86_32|Win32
		{BC075CA9-559D-47EE-AEA7-B2175F141688}.Build_X86_32|MollenOS.Build.0 = Build_X86_32|Win32
		{BC075CA9-559D-47EE-AEA7-B2175F141688}.Build_X86_32|Win32.ActiveCfg = Build_X86_32|Win32
		{BC075CA9-559D-47EE-AEA7-B2175F141688}.Build_X86_32|Win32.Build.0 = Build_X86_32|Win32
		{EAA9C080-C5D1-4220-BE45-9D29EC13EF3F}.All|Mixed Platforms.ActiveCfg = Debug|Any CPU
		{EAA9C080-C5D1-4220-BE45-9D29EC13EF3F}.All|Mixed Platforms.Build.0 = Debug|Any CPU
		{EAA9C080-C5D1-4220-BE45-9D29EC13EF3F}.All|MollenOS.ActiveCfg = Release|Any CPU
		{EAA9C080-C5D1-4220-BE45-9D29EC13EF3F}.All|Win32.ActiveCfg = Debug|Any CPU
		{EAA9C080-C5D1-4220-BE45-9D29EC13EF3F}.Build_X86_32|Mixed Platforms.ActiveCfg = Debug|Any CPU
		{EAA9C080-C5D1-4220-BE45-9D29EC13EF3F}.Build_X86_32|Mixed Platforms.Build.0 = Debug|Any CPU
		{EAA9C080-C5D1-4220-BE45-9D29EC13EF3F}.Build_X86_32|MollenOS.ActiveCfg = Release|Any CPU
		{EAA9C080-C5D1-4220-BE45-9D29EC13EF3F}.Build_X86_32|Win32.ActiveCfg = Debug|Any CPU
		{DEA6F86E-257B-45FE-99D7-E9F0FF5E1928}.All|Mixed Platforms.ActiveCfg = Build_X86_32|Win32
		{DEA6F86E-257B-45FE-99D7-E9F0FF5E1928}.All|Mixed Platforms.Build.0 = Build_X86_32|Win32
		{DEA6F86E-257B-45FE-99D7-E9F0FF5E1928}.All|MollenOS.ActiveCfg = Build_X86_32|Win32
		{DEA6F86E-257B-45FE-99D7-E9F0FF5E1928}.All|Win32.ActiveCfg = Build_X86_32|Win32
		{DEA6F86E-257B-45FE-99D7-E9F0FF5E1928}.All|Win32.Build.0 = Build_X86_32|Win32
		{DEA6F86E-257B-45FE-99D7-E9F0FF5E1928}.Build_X86_32|Mixed Platforms.ActiveCfg = Build_X86_32|Win32
		{DEA6F86E-257B-45FE-99D7-E9F0FF5E1928}.Build_X86_32|Mixed Platforms.Build.0 = Build_X86_32|Win32
		{DEA6F86E-257B-45FE-99D7-E9F0FF5E1928}.Build_X86_32|MollenOS.ActiveCfg = Build_X86_32|Win32
		{DEA6F86E-257B-45FE-99D7-E9F0FF5E1928}.Build_X86_32|Win32.ActiveCfg = Build_X86_32|Win32
		{DEA6F86E-257B-45FE-99D7-E9F0FF5E1928}.Build_X86_32|Win32.Build.0 = Build_X86_32|Win32
		{58A39262-7799-4339-9332-76F52F5842AB}.All|Mixed Platforms.ActiveCfg = Build_X86_32|Win32
		{58A39262-7799-4339-9332-76F52F5842AB}.All|Mixed Platforms.Build.0 = Build_X86_32|Win32
		{58A39262-7799-4339-9332-76F52F5842AB}.All|MollenOS.ActiveCfg = Build_X86_32|Win32
		{58A39262-7799-4339-9332-76F52F5842AB}.All|Win32.ActiveCfg = Build_X86_32|Win32
		{58A39262-7799-4339-9332-76F52F5842AB}.All|Win32.Build.0 = Build_X86_32|Win32
		{58A39262-7799-4339-9332-76F52F5842AB}.Build_X86_32|Mixed Platforms.ActiveCfg = Build_X86_32|Win32
		{58A39262-7799-4339-9332-76F52F5842AB}.Build_X86_32|Mixed Platforms.Build.0 = Build_X86_32|Win32
		{58A39262-7799-4339-9332-76F52F5842AB}.Build_X86_32|MollenOS.ActiveCfg = Build_X86_32|Win32
		{58A39262-7799-4339-9332-76F52F5842AB}.Build_X86_32|Win32.ActiveCfg = Build_X86_32|Win32
		{58A39262-7799-4339-9332-76F52F5842AB}.Build_X86_32|Win32.Build.0 = Build_X86_32|Win32
		{3F3F6994-2ADF-4C48-8003-CAE722567956}.All|Mixed Platforms.ActiveCfg = Build_X86_32|Win32
		{3F3F6994-2ADF-4C48-8003-CAE722567956}.All|Mixed Platforms.Build.0 = Build_X86_32|Win32
		{3F3F6994-2ADF-4C48-8003-CAE722567956}.All|MollenOS.ActiveCfg = Build_X86_32|Win32
		{3F3F6994-2ADF-4C48-8003-CAE722567956}.All|Win32.ActiveCfg = Build_X86_32|Win32
		{3F3F6994-2ADF-4C48-8003-CAE722567956}.All|Win32.Build.0 = Build_X86_32|Win32
		{3F3F6994-2ADF-4C48-8003-CAE722567956}.Build_X86_32|Mixed Platforms.ActiveCfg = Build_X86_32|Win32
		{3F3F6994-2ADF-4C48-8003-CAE722567956}.Build_X86_32|Mixed Platforms.Build.0 = Build_X86_32|Win32
		{3F3F6994-2ADF-4C48-8003-CAE722567956}.Build_X86_32|MollenOS.ActiveCfg = Build_X86_32|Win32
		{3F3F6994-2ADF-4C48-8003-CAE722567956}.Build_X86_32|Win32.ActiveCfg = Build_X86_32|Win32
		{3F3F6994-2ADF-4C48-8003-CAE722567956}.Build_X86_32|Win32.Build.0 = Build_X86_32|Win32
		{21F92913-052E-450E-B69C-F05ABF65714C}.All|Mixed Platforms.ActiveCfg = Build_X86_32|Win32
		{21F92913-052E-450E-B69C-F05ABF65714C}.All|Mixed Platforms.Build.0 = Build_X86_32|Win32
		{21F92913-052E-450E-B69C-F05ABF65714C}.All|MollenOS.ActiveCfg = Build_X86_32|Win32
		{21F92913-052E-450E-B69C-F05ABF65714C}.All|Win32.ActiveCfg = Build_X86_32|Win32
		{21F92913-052E-450E-B69C-F05ABF65714C}.All|Win32.Build.0 = Build_X86_32|Win32
		{21F92913-052E-450E-B69C-F05ABF65714C}.Build_X86_32|Mixed Platforms.ActiveCfg = Build_X86_32|Win32
		{21F92913-052E-450E-B69C-F05ABF65714C}.Build_X86_32|Mixed Platforms.Build.0 = Build_X86_32|Win32
		{21F92913-052E-450E-B69C-F05ABF65714C}.Build_X86_32|MollenOS.ActiveCfg = Build_X86_32|Win32
		{21F92913-052E-450E-B69C-F05ABF65714C}.Build_X86_32|Win32.ActiveCfg = Build_X86_32|Win32
		{21F92913-052E-450E-B69C-F05ABF65714C}.Build_X86_32|Win32.Build.0 = Build_X86_32|Win32
		{04E313E0-4D1F-4E36-81FF-E3C9AE7C07D3}.All|Mixed Platforms.ActiveCfg = Build_X86_32|Win32
		{04E313E0-4D1F-4E36-81FF-E3C9AE7C07D3}.All|Mixed Platforms.Build.0 = Build_X86_32|Win32
		{04E313E0-4D1F-4E36-81FF-E3C9AE7C07D3}.All|MollenOS.ActiveCfg = Build_X86_32|Win32
		{04E313E0-4D1F-4E36-81FF-E3C9AE7C07D3}.All|Win32.ActiveCfg = Build_X86_32|Win32
		{04E313E0-4D1F-4E36-81FF-E3C9AE7C07D3}.All|Win32.Build.0 = Build_X86_32|Win32
		{04E313E0-4D1F-4E36-81FF-E3C9AE7C07D3}.Build_X86_32|Mixed Platforms.ActiveCfg = Build_X86_32|Win32
		{04E313E0-4D1F-4E36-81FF-E3C9AE7C07D3}.Build_X86_32|Mixed Platforms.Build.0 = Build_X86_32|Win32
		{04E313E0-4D1F-4E36-81FF-E3C9AE7C07D3}.Build_X86_32|MollenOS.ActiveCfg = Build_X86_32|Win32
		{04E313E0-4D1F-4E36-81FF-E3C9AE7C07D3}.Build_X86_32|Win32.ActiveCfg = Build_X86_32|Win32
		{04E313E0-4D1F-4E36-81FF-E3C9AE7C07D3}.Build_X86_32|Win32.Build.0 = Build_X86_32|Win32
		{13D931D1-5594-4E01-B815-6B8FACBEDAE3}.All|Mixed Platforms.ActiveCfg = Build_X86_32|Win32
		{13D931D1-5594-4E01-B815-6B8FACBEDAE3}.All|Mixed Platforms.Build.0 = Build_X86_32|Win32
		{13D931D1-5594-4E01-B815-6B8FACBEDAE3}.All|MollenOS.ActiveCfg = Build_X86_32|Win32
		{13D931D1-5594-4E01-B815-6B8FACBEDAE3}.All|Win32.ActiveCfg = Build_X86_32|Win32
		{13D931D1-5594-4E01-B815-6B8FACBEDAE3}.All|Win32.Build.0 = Build_X86_32|Win32
		{13D931D1-5594-4E01-B815-6B8FACBEDAE3}.Build_X86_32|Mixed Platforms.ActiveCfg = Build_X86_32|Win32
		{13D931D1-5594-4E01-B815-6B8FACBEDAE3}.Build_X86_32|Mixed Platforms.Build.0 = Build_X86_32|Win32
		{13D931D1-5594-4E01-B815-6B8FACBEDAE3}.Build_X86_32|MollenOS.ActiveCfg = Build_X86_32|Win32
		{13D931D1-5594-4E01-B815-6B8FACBEDAE3}.Build_X86_32|Win32.ActiveCfg = Build_X86_32|Win32
		{13D931D1-5594-4E01-B815-6B8FACBEDAE3}.Build_X86_32|Win32.Build.0 = Build_X86_32|Win32
	EndGlobalSection
	GlobalSection(SolutionProperties) = preSolution
		HideSolutionNode = FALSE
	EndGlobalSection
	GlobalSection(NestedProjects) = preSolution
		{17145F88-DAEA-496B-A91F-2A78ED5673CC} = {354EC690-3614-488D-AFE8-7331C2FBC6DB}
		{E1811ABC-D002-44D1-8581-2ACF9C1DD0F9} = {87250BB8-7CCC-4DE4-8F22-2708752A752A}
		{7884D19E-EF4A-4898-81E4-A33DAAE85D27} = {87250BB8-7CCC-4DE4-8F22-2708752A752A}
		{2B403FFB-5AFB-48D8-8C13-F8E65CEC5BB6} = {87250BB8-7CCC-4DE4-8F22-2708752A752A}
		{3C21B76A-B943-455B-8EC2-31C1B8CBFE83} = {354EC690-3614-488D-AFE8-7331C2FBC6DB}
		{EFA5DBA0-F613-4CD6-BC4F-768574EDDF8E} = {87250BB8-7CCC-4DE4-8F22-2708752A752A}
		{354EC690-3614-488D-AFE8-7331C2FBC6DB} = {EFA5DBA0-F613-4CD6-BC4F-768574EDDF8E}
		{4156C3CF-5671-4D4B-A7DF-533FFC7E9AD7} = {A9FA72F6-D1FF-4AEC-9D5F-2AEB42076564}
		{96CD5AF1-B1D1-4EC0-8B87-DF05A83590E7} = {4156C3CF-5671-4D4B-A7DF-533FFC7E9AD7}
		{7A7461EB-BFEA-4036-BA61-08BF33B12562} = {4156C3CF-5671-4D4B-A7DF-533FFC7E9AD7}
		{1260A5D3-3369-4692-B6D7-BD9302D232CC} = {A9FA72F6-D1FF-4AEC-9D5F-2AEB42076564}
		{1AD2E59E-5A05-43C7-A10B-236170B9B317} = {1260A5D3-3369-4692-B6D7-BD9302D232CC}
		{C29CF9C1-A841-409C-A261-910DDCFB729A} = {4156C3CF-5671-4D4B-A7DF-533FFC7E9AD7}
		{0C598AF6-FD13-40CB-948C-5B027A70A471} = {A9FA72F6-D1FF-4AEC-9D5F-2AEB42076564}
		{AADE2EEC-BEEA-4125-AB68-0A1A6E60D2DF} = {16905A2B-477D-4AF8-9F8F-FE17F2DE4D2E}
		{1835FDB8-C07F-4A34-B19D-528A84310040} = {AADE2EEC-BEEA-4125-AB68-0A1A6E60D2DF}
		{B181ABDD-92CA-4C63-80CA-F76DAA8639B5} = {16905A2B-477D-4AF8-9F8F-FE17F2DE4D2E}
		{94F43558-A28D-43BB-A859-361EB7337976} = {16905A2B-477D-4AF8-9F8F-FE17F2DE4D2E}
		{83D41EB6-DF8B-4CF7-8D60-F7D4279B6883} = {16905A2B-477D-4AF8-9F8F-FE17F2DE4D2E}
		{614B4551-D867-4FFF-B247-AA5EA7F08E1D} = {16905A2B-477D-4AF8-9F8F-FE17F2DE4D2E}
		{B919DB2F-2EBC-439F-979A-69013BAFCF2D} = {614B4551-D867-4FFF-B247-AA5EA7F08E1D}
		{9EB61B2B-551E-45DC-911C-94067E544251} = {B919DB2F-2EBC-439F-979A-69013BAFCF2D}
		{11227538-EA75-455B-A6A1-6FA67748F828} = {B919DB2F-2EBC-439F-979A-69013BAFCF2D}
		{1EEC47B9-B62D-4F4B-BE51-AE1A2B588856} = {B919DB2F-2EBC-439F-979A-69013BAFCF2D}
		{6E045EEC-7B13-4155-A5EE-96266112E8CD} = {B919DB2F-2EBC-439F-979A-69013BAFCF2D}
		{FCABA8C2-C86C-4F2D-B859-3278C938151D} = {94F43558-A28D-43BB-A859-361EB7337976}
		{F70C9248-FEE4-4C76-9D28-69B2E4D73104} = {83D41EB6-DF8B-4CF7-8D60-F7D4279B6883}
		{31F52C3B-21D2-4816-955D-B40F58BFD1B7} = {83D41EB6-DF8B-4CF7-8D60-F7D4279B6883}
		{F83C53D0-F668-4F4B-B423-6C58336FE36B} = {31F52C3B-21D2-4816-955D-B40F58BFD1B7}
		{5B870E7F-3EF4-4A5E-A79E-53DA4138E1AE} = {31F52C3B-21D2-4816-955D-B40F58BFD1B7}
		{2BF8E1C1-202D-4874-92AD-EF891CB1D616} = {31F52C3B-21D2-4816-955D-B40F58BFD1B7}
		{D8F98581-1110-445E-A24F-80C95A727318} = {B181ABDD-92CA-4C63-80CA-F76DAA8639B5}
		{BC075CA9-559D-47EE-AEA7-B2175F141688} = {1260A5D3-3369-4692-B6D7-BD9302D232CC}
		{DEA6F86E-257B-45FE-99D7-E9F0FF5E1928} = {E63B52A1-7305-4284-85DE-B7F0BC7EA1E3}
		{58A39262-7799-4339-9332-76F52F5842AB} = {4156C3CF-5671-4D4B-A7DF-533FFC7E9AD7}
		{3F3F6994-2ADF-4C48-8003-CAE722567956} = {4156C3CF-5671-4D4B-A7DF-533FFC7E9AD7}
		{21F92913-052E-450E-B69C-F05ABF65714C} = {A9FA72F6-D1FF-4AEC-9D5F-2AEB42076564}
		{04E313E0-4D1F-4E36-81FF-E3C9AE7C07D3} = {1260A5D3-3369-4692-B6D7-BD9302D232CC}
		{13D931D1-5594-4E01-B815-6B8FACBEDAE3} = {1260A5D3-3369-4692-B6D7-BD9302D232CC}
	EndGlobalSection
EndGlobal
