
Microsoft Visual Studio Solution File, Format Version 12.00
# Visual Studio 15
VisualStudioVersion = 15.0.26403.3
MinimumVisualStudioVersion = 10.0.40219.1
Project("{8BC9CEB8-8B4A-11D0-8D11-00A0C91BC942}") = "Libx86", "kernel\msvc\Libx86\Libx86.vcxproj", "{17145F88-DAEA-496B-A91F-2A78ED5673CC}"
	ProjectSection(ProjectDependencies) = postProject
		{3C21B76A-B943-455B-8EC2-31C1B8CBFE83} = {3C21B76A-B943-455B-8EC2-31C1B8CBFE83}
		{7884D19E-EF4A-4898-81E4-A33DAAE85D27} = {7884D19E-EF4A-4898-81E4-A33DAAE85D27}
		{C29CF9C1-A841-409C-A261-910DDCFB729A} = {C29CF9C1-A841-409C-A261-910DDCFB729A}
		{2B403FFB-5AFB-48D8-8C13-F8E65CEC5BB6} = {2B403FFB-5AFB-48D8-8C13-F8E65CEC5BB6}
	EndProjectSection
EndProject
Project("{8BC9CEB8-8B4A-11D0-8D11-00A0C91BC942}") = "MCore", "kernel\msvc\MCore\MCore.vcxproj", "{E1811ABC-D002-44D1-8581-2ACF9C1DD0F9}"
	ProjectSection(ProjectDependencies) = postProject
		{17145F88-DAEA-496B-A91F-2A78ED5673CC} = {17145F88-DAEA-496B-A91F-2A78ED5673CC}
		{7884D19E-EF4A-4898-81E4-A33DAAE85D27} = {7884D19E-EF4A-4898-81E4-A33DAAE85D27}
		{C29CF9C1-A841-409C-A261-910DDCFB729A} = {C29CF9C1-A841-409C-A261-910DDCFB729A}
		{2B403FFB-5AFB-48D8-8C13-F8E65CEC5BB6} = {2B403FFB-5AFB-48D8-8C13-F8E65CEC5BB6}
	EndProjectSection
EndProject
Project("{8BC9CEB8-8B4A-11D0-8D11-00A0C91BC942}") = "MCoreConfig", "kernel\msvc\MCoreConfig\MCoreConfig.vcxproj", "{7884D19E-EF4A-4898-81E4-A33DAAE85D27}"
EndProject
Project("{8BC9CEB8-8B4A-11D0-8D11-00A0C91BC942}") = "AcpiSubsystem", "kernel\msvc\Acpica\AcpiSubsystem.vcxproj", "{2B403FFB-5AFB-48D8-8C13-F8E65CEC5BB6}"
	ProjectSection(ProjectDependencies) = postProject
		{C29CF9C1-A841-409C-A261-910DDCFB729A} = {C29CF9C1-A841-409C-A261-910DDCFB729A}
	EndProjectSection
EndProject
Project("{8BC9CEB8-8B4A-11D0-8D11-00A0C91BC942}") = "Libx86_32", "kernel\msvc\Libx86_32\Libx86_32.vcxproj", "{3C21B76A-B943-455B-8EC2-31C1B8CBFE83}"
	ProjectSection(ProjectDependencies) = postProject
		{C29CF9C1-A841-409C-A261-910DDCFB729A} = {C29CF9C1-A841-409C-A261-910DDCFB729A}
	EndProjectSection
EndProject
Project("{2150E333-8FDC-42A3-9474-1A3956D46DE8}") = "Architectures", "Architectures", "{EFA5DBA0-F613-4CD6-BC4F-768574EDDF8E}"
EndProject
Project("{2150E333-8FDC-42A3-9474-1A3956D46DE8}") = "x86", "x86", "{354EC690-3614-488D-AFE8-7331C2FBC6DB}"
EndProject
Project("{2150E333-8FDC-42A3-9474-1A3956D46DE8}") = "Kernel", "Kernel", "{87250BB8-7CCC-4DE4-8F22-2708752A752A}"
EndProject
Project("{2150E333-8FDC-42A3-9474-1A3956D46DE8}") = "Modules", "Modules", "{16905A2B-477D-4AF8-9F8F-FE17F2DE4D2E}"
EndProject
Project("{2150E333-8FDC-42A3-9474-1A3956D46DE8}") = "LibRT", "LibRT", "{A9FA72F6-D1FF-4AEC-9D5F-2AEB42076564}"
EndProject
Project("{2150E333-8FDC-42A3-9474-1A3956D46DE8}") = "SDK", "SDK", "{4156C3CF-5671-4D4B-A7DF-533FFC7E9AD7}"
EndProject
Project("{8BC9CEB8-8B4A-11D0-8D11-00A0C91BC942}") = "libc", "librt\msvc\libc\libc.vcxproj", "{96CD5AF1-B1D1-4EC0-8B87-DF05A83590E7}"
	ProjectSection(ProjectDependencies) = postProject
		{1AD2E59E-5A05-43C7-A10B-236170B9B317} = {1AD2E59E-5A05-43C7-A10B-236170B9B317}
		{7A7461EB-BFEA-4036-BA61-08BF33B12562} = {7A7461EB-BFEA-4036-BA61-08BF33B12562}
	EndProjectSection
EndProject
Project("{8BC9CEB8-8B4A-11D0-8D11-00A0C91BC942}") = "libm", "librt\msvc\libm\libm.vcxproj", "{7A7461EB-BFEA-4036-BA61-08BF33B12562}"
	ProjectSection(ProjectDependencies) = postProject
		{1AD2E59E-5A05-43C7-A10B-236170B9B317} = {1AD2E59E-5A05-43C7-A10B-236170B9B317}
	EndProjectSection
EndProject
Project("{2150E333-8FDC-42A3-9474-1A3956D46DE8}") = "Visual CRT", "Visual CRT", "{1260A5D3-3369-4692-B6D7-BD9302D232CC}"
EndProject
Project("{8BC9CEB8-8B4A-11D0-8D11-00A0C91BC942}") = "libcrt", "librt\msvc\libcrt\libcrt.vcxproj", "{1AD2E59E-5A05-43C7-A10B-236170B9B317}"
EndProject
Project("{8BC9CEB8-8B4A-11D0-8D11-00A0C91BC942}") = "libk", "librt\msvc\libk\libk.vcxproj", "{C29CF9C1-A841-409C-A261-910DDCFB729A}"
	ProjectSection(ProjectDependencies) = postProject
		{1AD2E59E-5A05-43C7-A10B-236170B9B317} = {1AD2E59E-5A05-43C7-A10B-236170B9B317}
	EndProjectSection
EndProject
Project("{8BC9CEB8-8B4A-11D0-8D11-00A0C91BC942}") = "libos", "librt\msvc\libos\libos.vcxproj", "{0C598AF6-FD13-40CB-948C-5B027A70A471}"
	ProjectSection(ProjectDependencies) = postProject
		{1AD2E59E-5A05-43C7-A10B-236170B9B317} = {1AD2E59E-5A05-43C7-A10B-236170B9B317}
		{7A7461EB-BFEA-4036-BA61-08BF33B12562} = {7A7461EB-BFEA-4036-BA61-08BF33B12562}
		{96CD5AF1-B1D1-4EC0-8B87-DF05A83590E7} = {96CD5AF1-B1D1-4EC0-8B87-DF05A83590E7}
	EndProjectSection
EndProject
Project("{8BC9CEB8-8B4A-11D0-8D11-00A0C91BC942}") = "libmsc++", "librt\msvc\libmsc++\libmsc++.vcxproj", "{BC075CA9-559D-47EE-AEA7-B2175F141688}"
	ProjectSection(ProjectDependencies) = postProject
		{7A7461EB-BFEA-4036-BA61-08BF33B12562} = {7A7461EB-BFEA-4036-BA61-08BF33B12562}
		{96CD5AF1-B1D1-4EC0-8B87-DF05A83590E7} = {96CD5AF1-B1D1-4EC0-8B87-DF05A83590E7}
		{0C598AF6-FD13-40CB-948C-5B027A70A471} = {0C598AF6-FD13-40CB-948C-5B027A70A471}
	EndProjectSection
EndProject
Project("{2150E333-8FDC-42A3-9474-1A3956D46DE8}") = "Servers", "Servers", "{E63B52A1-7305-4284-85DE-B7F0BC7EA1E3}"
EndProject
Project("{8BC9CEB8-8B4A-11D0-8D11-00A0C91BC942}") = "devicemanager", "servers\devicemanager\devicemanager.vcxproj", "{DEA6F86E-257B-45FE-99D7-E9F0FF5E1928}"
	ProjectSection(ProjectDependencies) = postProject
		{BC075CA9-559D-47EE-AEA7-B2175F141688} = {BC075CA9-559D-47EE-AEA7-B2175F141688}
		{04E313E0-4D1F-4E36-81FF-E3C9AE7C07D3} = {04E313E0-4D1F-4E36-81FF-E3C9AE7C07D3}
		{96CD5AF1-B1D1-4EC0-8B87-DF05A83590E7} = {96CD5AF1-B1D1-4EC0-8B87-DF05A83590E7}
		{0C598AF6-FD13-40CB-948C-5B027A70A471} = {0C598AF6-FD13-40CB-948C-5B027A70A471}
	EndProjectSection
EndProject
Project("{8BC9CEB8-8B4A-11D0-8D11-00A0C91BC942}") = "libsrv", "librt\msvc\libsrv\libsrv.vcxproj", "{04E313E0-4D1F-4E36-81FF-E3C9AE7C07D3}"
EndProject
Project("{2150E333-8FDC-42A3-9474-1A3956D46DE8}") = "arch", "arch", "{59A7239B-2E02-4AE7-86F3-A45FB26AACF3}"
EndProject
Project("{2150E333-8FDC-42A3-9474-1A3956D46DE8}") = "x86", "x86", "{4AABC9C4-6523-44C7-8E42-183180B3B251}"
EndProject
Project("{8BC9CEB8-8B4A-11D0-8D11-00A0C91BC942}") = "cmos", "modules\arch\x86\cmos\cmos.vcxproj", "{ACE6EF80-5884-43A7-B99B-94F153205E3A}"
	ProjectSection(ProjectDependencies) = postProject
		{BC075CA9-559D-47EE-AEA7-B2175F141688} = {BC075CA9-559D-47EE-AEA7-B2175F141688}
		{DC0585E4-27A0-4A00-B460-6CAA3956F27B} = {DC0585E4-27A0-4A00-B460-6CAA3956F27B}
		{7A7461EB-BFEA-4036-BA61-08BF33B12562} = {7A7461EB-BFEA-4036-BA61-08BF33B12562}
		{96CD5AF1-B1D1-4EC0-8B87-DF05A83590E7} = {96CD5AF1-B1D1-4EC0-8B87-DF05A83590E7}
		{0C598AF6-FD13-40CB-948C-5B027A70A471} = {0C598AF6-FD13-40CB-948C-5B027A70A471}
	EndProjectSection
EndProject
Project("{8BC9CEB8-8B4A-11D0-8D11-00A0C91BC942}") = "libdrv", "librt\msvc\libdrv\libdrv.vcxproj", "{DC0585E4-27A0-4A00-B460-6CAA3956F27B}"
EndProject
Project("{8BC9CEB8-8B4A-11D0-8D11-00A0C91BC942}") = "pit", "modules\arch\x86\pit\pit.vcxproj", "{4833AC95-C850-46FC-B0A4-1277699C04FB}"
	ProjectSection(ProjectDependencies) = postProject
		{BC075CA9-559D-47EE-AEA7-B2175F141688} = {BC075CA9-559D-47EE-AEA7-B2175F141688}
		{DC0585E4-27A0-4A00-B460-6CAA3956F27B} = {DC0585E4-27A0-4A00-B460-6CAA3956F27B}
		{7A7461EB-BFEA-4036-BA61-08BF33B12562} = {7A7461EB-BFEA-4036-BA61-08BF33B12562}
		{96CD5AF1-B1D1-4EC0-8B87-DF05A83590E7} = {96CD5AF1-B1D1-4EC0-8B87-DF05A83590E7}
		{0C598AF6-FD13-40CB-948C-5B027A70A471} = {0C598AF6-FD13-40CB-948C-5B027A70A471}
	EndProjectSection
EndProject
Project("{8BC9CEB8-8B4A-11D0-8D11-00A0C91BC942}") = "ps2", "modules\arch\x86\ps2\ps2.vcxproj", "{73F0C938-D14E-48FB-90CC-9F9E189B5E28}"
	ProjectSection(ProjectDependencies) = postProject
		{BC075CA9-559D-47EE-AEA7-B2175F141688} = {BC075CA9-559D-47EE-AEA7-B2175F141688}
		{DC0585E4-27A0-4A00-B460-6CAA3956F27B} = {DC0585E4-27A0-4A00-B460-6CAA3956F27B}
		{7A7461EB-BFEA-4036-BA61-08BF33B12562} = {7A7461EB-BFEA-4036-BA61-08BF33B12562}
		{96CD5AF1-B1D1-4EC0-8B87-DF05A83590E7} = {96CD5AF1-B1D1-4EC0-8B87-DF05A83590E7}
		{0C598AF6-FD13-40CB-948C-5B027A70A471} = {0C598AF6-FD13-40CB-948C-5B027A70A471}
	EndProjectSection
EndProject
Project("{8BC9CEB8-8B4A-11D0-8D11-00A0C91BC942}") = "filemanager", "servers\filemanager\filemanager.vcxproj", "{14C86479-00C4-4A28-AA0E-04D8B740EEC6}"
	ProjectSection(ProjectDependencies) = postProject
		{1AD2E59E-5A05-43C7-A10B-236170B9B317} = {1AD2E59E-5A05-43C7-A10B-236170B9B317}
		{BC075CA9-559D-47EE-AEA7-B2175F141688} = {BC075CA9-559D-47EE-AEA7-B2175F141688}
		{04E313E0-4D1F-4E36-81FF-E3C9AE7C07D3} = {04E313E0-4D1F-4E36-81FF-E3C9AE7C07D3}
		{7A7461EB-BFEA-4036-BA61-08BF33B12562} = {7A7461EB-BFEA-4036-BA61-08BF33B12562}
		{96CD5AF1-B1D1-4EC0-8B87-DF05A83590E7} = {96CD5AF1-B1D1-4EC0-8B87-DF05A83590E7}
		{0C598AF6-FD13-40CB-948C-5B027A70A471} = {0C598AF6-FD13-40CB-948C-5B027A70A471}
	EndProjectSection
EndProject
Project("{2150E333-8FDC-42A3-9474-1A3956D46DE8}") = "filesystems", "filesystems", "{AD2D7913-8F53-42D5-96CB-FAD261799998}"
EndProject
Project("{2150E333-8FDC-42A3-9474-1A3956D46DE8}") = "storage", "storage", "{CDB269F3-007A-427A-A5FD-9E8182064A5F}"
EndProject
Project("{2150E333-8FDC-42A3-9474-1A3956D46DE8}") = "ahci", "ahci", "{77CD766C-40D4-4189-9408-B50D3E640C2C}"
EndProject
Project("{8BC9CEB8-8B4A-11D0-8D11-00A0C91BC942}") = "ahci", "modules\storage\ahci\ahci.vcxproj", "{D8F98581-1110-445E-A24F-80C95A727318}"
	ProjectSection(ProjectDependencies) = postProject
		{BC075CA9-559D-47EE-AEA7-B2175F141688} = {BC075CA9-559D-47EE-AEA7-B2175F141688}
		{DC0585E4-27A0-4A00-B460-6CAA3956F27B} = {DC0585E4-27A0-4A00-B460-6CAA3956F27B}
		{7A7461EB-BFEA-4036-BA61-08BF33B12562} = {7A7461EB-BFEA-4036-BA61-08BF33B12562}
		{96CD5AF1-B1D1-4EC0-8B87-DF05A83590E7} = {96CD5AF1-B1D1-4EC0-8B87-DF05A83590E7}
		{0C598AF6-FD13-40CB-948C-5B027A70A471} = {0C598AF6-FD13-40CB-948C-5B027A70A471}
	EndProjectSection
EndProject
Project("{2150E333-8FDC-42A3-9474-1A3956D46DE8}") = "timers", "timers", "{4EC8BFEB-94B1-4B5F-8DD6-F7D9C01126D1}"
EndProject
Project("{2150E333-8FDC-42A3-9474-1A3956D46DE8}") = "hpet", "hpet", "{AD9F66F3-DCE6-4563-9918-C99C2B2327E9}"
EndProject
Project("{8BC9CEB8-8B4A-11D0-8D11-00A0C91BC942}") = "hpet", "modules\timers\hpet\hpet.vcxproj", "{FCABA8C2-C86C-4F2D-B859-3278C938151D}"
	ProjectSection(ProjectDependencies) = postProject
		{1AD2E59E-5A05-43C7-A10B-236170B9B317} = {1AD2E59E-5A05-43C7-A10B-236170B9B317}
		{BC075CA9-559D-47EE-AEA7-B2175F141688} = {BC075CA9-559D-47EE-AEA7-B2175F141688}
		{DC0585E4-27A0-4A00-B460-6CAA3956F27B} = {DC0585E4-27A0-4A00-B460-6CAA3956F27B}
		{7A7461EB-BFEA-4036-BA61-08BF33B12562} = {7A7461EB-BFEA-4036-BA61-08BF33B12562}
		{96CD5AF1-B1D1-4EC0-8B87-DF05A83590E7} = {96CD5AF1-B1D1-4EC0-8B87-DF05A83590E7}
		{0C598AF6-FD13-40CB-948C-5B027A70A471} = {0C598AF6-FD13-40CB-948C-5B027A70A471}
	EndProjectSection
EndProject
Project("{8BC9CEB8-8B4A-11D0-8D11-00A0C91BC942}") = "mfs", "modules\filesystems\mfs\mfs.vcxproj", "{9351EDF6-2E57-437E-BDC1-984E5793E0C4}"
EndProject
Global
	GlobalSection(SolutionConfigurationPlatforms) = preSolution
		All|MollenOS = All|MollenOS
		All|Win32 = All|Win32
		i386|MollenOS = i386|MollenOS
		i386|Win32 = i386|Win32
	EndGlobalSection
	GlobalSection(ProjectConfigurationPlatforms) = postSolution
		{17145F88-DAEA-496B-A91F-2A78ED5673CC}.All|MollenOS.ActiveCfg = i386|Win32
		{17145F88-DAEA-496B-A91F-2A78ED5673CC}.All|MollenOS.Build.0 = i386|Win32
		{17145F88-DAEA-496B-A91F-2A78ED5673CC}.All|Win32.ActiveCfg = i386|Win32
		{17145F88-DAEA-496B-A91F-2A78ED5673CC}.All|Win32.Build.0 = i386|Win32
		{17145F88-DAEA-496B-A91F-2A78ED5673CC}.i386|MollenOS.ActiveCfg = i386|Win32
		{17145F88-DAEA-496B-A91F-2A78ED5673CC}.i386|MollenOS.Build.0 = i386|Win32
		{17145F88-DAEA-496B-A91F-2A78ED5673CC}.i386|Win32.ActiveCfg = i386|Win32
		{17145F88-DAEA-496B-A91F-2A78ED5673CC}.i386|Win32.Build.0 = i386|Win32
		{E1811ABC-D002-44D1-8581-2ACF9C1DD0F9}.All|MollenOS.ActiveCfg = i386|Win32
		{E1811ABC-D002-44D1-8581-2ACF9C1DD0F9}.All|MollenOS.Build.0 = i386|Win32
		{E1811ABC-D002-44D1-8581-2ACF9C1DD0F9}.All|Win32.ActiveCfg = i386|Win32
		{E1811ABC-D002-44D1-8581-2ACF9C1DD0F9}.All|Win32.Build.0 = i386|Win32
		{E1811ABC-D002-44D1-8581-2ACF9C1DD0F9}.i386|MollenOS.ActiveCfg = i386|Win32
		{E1811ABC-D002-44D1-8581-2ACF9C1DD0F9}.i386|MollenOS.Build.0 = i386|Win32
		{E1811ABC-D002-44D1-8581-2ACF9C1DD0F9}.i386|Win32.ActiveCfg = i386|Win32
		{E1811ABC-D002-44D1-8581-2ACF9C1DD0F9}.i386|Win32.Build.0 = i386|Win32
		{7884D19E-EF4A-4898-81E4-A33DAAE85D27}.All|MollenOS.ActiveCfg = i386|Win32
		{7884D19E-EF4A-4898-81E4-A33DAAE85D27}.All|MollenOS.Build.0 = i386|Win32
		{7884D19E-EF4A-4898-81E4-A33DAAE85D27}.All|Win32.ActiveCfg = i386|Win32
		{7884D19E-EF4A-4898-81E4-A33DAAE85D27}.All|Win32.Build.0 = i386|Win32
		{7884D19E-EF4A-4898-81E4-A33DAAE85D27}.i386|MollenOS.ActiveCfg = i386|Win32
		{7884D19E-EF4A-4898-81E4-A33DAAE85D27}.i386|MollenOS.Build.0 = i386|Win32
		{7884D19E-EF4A-4898-81E4-A33DAAE85D27}.i386|Win32.ActiveCfg = i386|Win32
		{7884D19E-EF4A-4898-81E4-A33DAAE85D27}.i386|Win32.Build.0 = i386|Win32
		{2B403FFB-5AFB-48D8-8C13-F8E65CEC5BB6}.All|MollenOS.ActiveCfg = i386|Win32
		{2B403FFB-5AFB-48D8-8C13-F8E65CEC5BB6}.All|MollenOS.Build.0 = i386|Win32
		{2B403FFB-5AFB-48D8-8C13-F8E65CEC5BB6}.All|Win32.ActiveCfg = i386|Win32
		{2B403FFB-5AFB-48D8-8C13-F8E65CEC5BB6}.All|Win32.Build.0 = i386|Win32
		{2B403FFB-5AFB-48D8-8C13-F8E65CEC5BB6}.i386|MollenOS.ActiveCfg = i386|Win32
		{2B403FFB-5AFB-48D8-8C13-F8E65CEC5BB6}.i386|MollenOS.Build.0 = i386|Win32
		{2B403FFB-5AFB-48D8-8C13-F8E65CEC5BB6}.i386|Win32.ActiveCfg = i386|Win32
		{2B403FFB-5AFB-48D8-8C13-F8E65CEC5BB6}.i386|Win32.Build.0 = i386|Win32
		{3C21B76A-B943-455B-8EC2-31C1B8CBFE83}.All|MollenOS.ActiveCfg = i386|Win32
		{3C21B76A-B943-455B-8EC2-31C1B8CBFE83}.All|MollenOS.Build.0 = i386|Win32
		{3C21B76A-B943-455B-8EC2-31C1B8CBFE83}.All|Win32.ActiveCfg = i386|Win32
		{3C21B76A-B943-455B-8EC2-31C1B8CBFE83}.All|Win32.Build.0 = i386|Win32
		{3C21B76A-B943-455B-8EC2-31C1B8CBFE83}.i386|MollenOS.ActiveCfg = i386|Win32
		{3C21B76A-B943-455B-8EC2-31C1B8CBFE83}.i386|MollenOS.Build.0 = i386|Win32
		{3C21B76A-B943-455B-8EC2-31C1B8CBFE83}.i386|Win32.ActiveCfg = i386|Win32
		{3C21B76A-B943-455B-8EC2-31C1B8CBFE83}.i386|Win32.Build.0 = i386|Win32
		{96CD5AF1-B1D1-4EC0-8B87-DF05A83590E7}.All|MollenOS.ActiveCfg = i386|Win32
		{96CD5AF1-B1D1-4EC0-8B87-DF05A83590E7}.All|MollenOS.Build.0 = i386|Win32
		{96CD5AF1-B1D1-4EC0-8B87-DF05A83590E7}.All|Win32.ActiveCfg = i386|Win32
		{96CD5AF1-B1D1-4EC0-8B87-DF05A83590E7}.All|Win32.Build.0 = i386|Win32
		{96CD5AF1-B1D1-4EC0-8B87-DF05A83590E7}.i386|MollenOS.ActiveCfg = i386|Win32
		{96CD5AF1-B1D1-4EC0-8B87-DF05A83590E7}.i386|MollenOS.Build.0 = i386|Win32
		{96CD5AF1-B1D1-4EC0-8B87-DF05A83590E7}.i386|Win32.ActiveCfg = i386|Win32
		{96CD5AF1-B1D1-4EC0-8B87-DF05A83590E7}.i386|Win32.Build.0 = i386|Win32
		{7A7461EB-BFEA-4036-BA61-08BF33B12562}.All|MollenOS.ActiveCfg = i386|Win32
		{7A7461EB-BFEA-4036-BA61-08BF33B12562}.All|MollenOS.Build.0 = i386|Win32
		{7A7461EB-BFEA-4036-BA61-08BF33B12562}.All|Win32.ActiveCfg = i386|Win32
		{7A7461EB-BFEA-4036-BA61-08BF33B12562}.All|Win32.Build.0 = i386|Win32
		{7A7461EB-BFEA-4036-BA61-08BF33B12562}.i386|MollenOS.ActiveCfg = i386|Win32
		{7A7461EB-BFEA-4036-BA61-08BF33B12562}.i386|MollenOS.Build.0 = i386|Win32
		{7A7461EB-BFEA-4036-BA61-08BF33B12562}.i386|Win32.ActiveCfg = i386|Win32
		{7A7461EB-BFEA-4036-BA61-08BF33B12562}.i386|Win32.Build.0 = i386|Win32
		{1AD2E59E-5A05-43C7-A10B-236170B9B317}.All|MollenOS.ActiveCfg = i386|Win32
		{1AD2E59E-5A05-43C7-A10B-236170B9B317}.All|MollenOS.Build.0 = i386|Win32
		{1AD2E59E-5A05-43C7-A10B-236170B9B317}.All|Win32.ActiveCfg = i386|Win32
		{1AD2E59E-5A05-43C7-A10B-236170B9B317}.All|Win32.Build.0 = i386|Win32
		{1AD2E59E-5A05-43C7-A10B-236170B9B317}.i386|MollenOS.ActiveCfg = i386|Win32
		{1AD2E59E-5A05-43C7-A10B-236170B9B317}.i386|MollenOS.Build.0 = i386|Win32
		{1AD2E59E-5A05-43C7-A10B-236170B9B317}.i386|Win32.ActiveCfg = i386|Win32
		{1AD2E59E-5A05-43C7-A10B-236170B9B317}.i386|Win32.Build.0 = i386|Win32
		{C29CF9C1-A841-409C-A261-910DDCFB729A}.All|MollenOS.ActiveCfg = i386|Win32
		{C29CF9C1-A841-409C-A261-910DDCFB729A}.All|MollenOS.Build.0 = i386|Win32
		{C29CF9C1-A841-409C-A261-910DDCFB729A}.All|Win32.ActiveCfg = i386|Win32
		{C29CF9C1-A841-409C-A261-910DDCFB729A}.All|Win32.Build.0 = i386|Win32
		{C29CF9C1-A841-409C-A261-910DDCFB729A}.i386|MollenOS.ActiveCfg = i386|Win32
		{C29CF9C1-A841-409C-A261-910DDCFB729A}.i386|MollenOS.Build.0 = i386|Win32
		{C29CF9C1-A841-409C-A261-910DDCFB729A}.i386|Win32.ActiveCfg = i386|Win32
		{C29CF9C1-A841-409C-A261-910DDCFB729A}.i386|Win32.Build.0 = i386|Win32
		{0C598AF6-FD13-40CB-948C-5B027A70A471}.All|MollenOS.ActiveCfg = i386|Win32
		{0C598AF6-FD13-40CB-948C-5B027A70A471}.All|MollenOS.Build.0 = i386|Win32
		{0C598AF6-FD13-40CB-948C-5B027A70A471}.All|Win32.ActiveCfg = i386|Win32
		{0C598AF6-FD13-40CB-948C-5B027A70A471}.All|Win32.Build.0 = i386|Win32
		{0C598AF6-FD13-40CB-948C-5B027A70A471}.i386|MollenOS.ActiveCfg = i386|Win32
		{0C598AF6-FD13-40CB-948C-5B027A70A471}.i386|MollenOS.Build.0 = i386|Win32
		{0C598AF6-FD13-40CB-948C-5B027A70A471}.i386|Win32.ActiveCfg = i386|Win32
		{0C598AF6-FD13-40CB-948C-5B027A70A471}.i386|Win32.Build.0 = i386|Win32
		{BC075CA9-559D-47EE-AEA7-B2175F141688}.All|MollenOS.ActiveCfg = i386|Win32
		{BC075CA9-559D-47EE-AEA7-B2175F141688}.All|MollenOS.Build.0 = i386|Win32
		{BC075CA9-559D-47EE-AEA7-B2175F141688}.All|Win32.ActiveCfg = i386|Win32
		{BC075CA9-559D-47EE-AEA7-B2175F141688}.All|Win32.Build.0 = i386|Win32
		{BC075CA9-559D-47EE-AEA7-B2175F141688}.i386|MollenOS.ActiveCfg = i386|Win32
		{BC075CA9-559D-47EE-AEA7-B2175F141688}.i386|MollenOS.Build.0 = i386|Win32
		{BC075CA9-559D-47EE-AEA7-B2175F141688}.i386|Win32.ActiveCfg = i386|Win32
		{BC075CA9-559D-47EE-AEA7-B2175F141688}.i386|Win32.Build.0 = i386|Win32
		{DEA6F86E-257B-45FE-99D7-E9F0FF5E1928}.All|MollenOS.ActiveCfg = i386|Win32
		{DEA6F86E-257B-45FE-99D7-E9F0FF5E1928}.All|MollenOS.Build.0 = i386|Win32
		{DEA6F86E-257B-45FE-99D7-E9F0FF5E1928}.All|Win32.ActiveCfg = i386|Win32
		{DEA6F86E-257B-45FE-99D7-E9F0FF5E1928}.All|Win32.Build.0 = i386|Win32
		{DEA6F86E-257B-45FE-99D7-E9F0FF5E1928}.i386|MollenOS.ActiveCfg = i386|Win32
		{DEA6F86E-257B-45FE-99D7-E9F0FF5E1928}.i386|MollenOS.Build.0 = i386|Win32
		{DEA6F86E-257B-45FE-99D7-E9F0FF5E1928}.i386|Win32.ActiveCfg = i386|Win32
		{DEA6F86E-257B-45FE-99D7-E9F0FF5E1928}.i386|Win32.Build.0 = i386|Win32
		{04E313E0-4D1F-4E36-81FF-E3C9AE7C07D3}.All|MollenOS.ActiveCfg = i386|Win32
		{04E313E0-4D1F-4E36-81FF-E3C9AE7C07D3}.All|MollenOS.Build.0 = i386|Win32
		{04E313E0-4D1F-4E36-81FF-E3C9AE7C07D3}.All|Win32.ActiveCfg = i386|Win32
		{04E313E0-4D1F-4E36-81FF-E3C9AE7C07D3}.All|Win32.Build.0 = i386|Win32
		{04E313E0-4D1F-4E36-81FF-E3C9AE7C07D3}.i386|MollenOS.ActiveCfg = i386|Win32
		{04E313E0-4D1F-4E36-81FF-E3C9AE7C07D3}.i386|MollenOS.Build.0 = i386|Win32
		{04E313E0-4D1F-4E36-81FF-E3C9AE7C07D3}.i386|Win32.ActiveCfg = i386|Win32
		{04E313E0-4D1F-4E36-81FF-E3C9AE7C07D3}.i386|Win32.Build.0 = i386|Win32
		{ACE6EF80-5884-43A7-B99B-94F153205E3A}.All|MollenOS.ActiveCfg = i386|Win32
		{ACE6EF80-5884-43A7-B99B-94F153205E3A}.All|MollenOS.Build.0 = i386|Win32
		{ACE6EF80-5884-43A7-B99B-94F153205E3A}.All|Win32.ActiveCfg = i386|Win32
		{ACE6EF80-5884-43A7-B99B-94F153205E3A}.All|Win32.Build.0 = i386|Win32
		{ACE6EF80-5884-43A7-B99B-94F153205E3A}.i386|MollenOS.ActiveCfg = i386|Win32
		{ACE6EF80-5884-43A7-B99B-94F153205E3A}.i386|MollenOS.Build.0 = i386|Win32
		{ACE6EF80-5884-43A7-B99B-94F153205E3A}.i386|Win32.ActiveCfg = i386|Win32
		{ACE6EF80-5884-43A7-B99B-94F153205E3A}.i386|Win32.Build.0 = i386|Win32
		{DC0585E4-27A0-4A00-B460-6CAA3956F27B}.All|MollenOS.ActiveCfg = i386|Win32
		{DC0585E4-27A0-4A00-B460-6CAA3956F27B}.All|MollenOS.Build.0 = i386|Win32
		{DC0585E4-27A0-4A00-B460-6CAA3956F27B}.All|Win32.ActiveCfg = i386|Win32
		{DC0585E4-27A0-4A00-B460-6CAA3956F27B}.All|Win32.Build.0 = i386|Win32
		{DC0585E4-27A0-4A00-B460-6CAA3956F27B}.i386|MollenOS.ActiveCfg = i386|Win32
		{DC0585E4-27A0-4A00-B460-6CAA3956F27B}.i386|MollenOS.Build.0 = i386|Win32
		{DC0585E4-27A0-4A00-B460-6CAA3956F27B}.i386|Win32.ActiveCfg = i386|Win32
		{DC0585E4-27A0-4A00-B460-6CAA3956F27B}.i386|Win32.Build.0 = i386|Win32
		{4833AC95-C850-46FC-B0A4-1277699C04FB}.All|MollenOS.ActiveCfg = i386|Win32
		{4833AC95-C850-46FC-B0A4-1277699C04FB}.All|MollenOS.Build.0 = i386|Win32
		{4833AC95-C850-46FC-B0A4-1277699C04FB}.All|Win32.ActiveCfg = i386|Win32
		{4833AC95-C850-46FC-B0A4-1277699C04FB}.All|Win32.Build.0 = i386|Win32
		{4833AC95-C850-46FC-B0A4-1277699C04FB}.i386|MollenOS.ActiveCfg = i386|Win32
		{4833AC95-C850-46FC-B0A4-1277699C04FB}.i386|MollenOS.Build.0 = i386|Win32
		{4833AC95-C850-46FC-B0A4-1277699C04FB}.i386|Win32.ActiveCfg = i386|Win32
		{4833AC95-C850-46FC-B0A4-1277699C04FB}.i386|Win32.Build.0 = i386|Win32
		{73F0C938-D14E-48FB-90CC-9F9E189B5E28}.All|MollenOS.ActiveCfg = i386|Win32
		{73F0C938-D14E-48FB-90CC-9F9E189B5E28}.All|MollenOS.Build.0 = i386|Win32
		{73F0C938-D14E-48FB-90CC-9F9E189B5E28}.All|Win32.ActiveCfg = i386|Win32
		{73F0C938-D14E-48FB-90CC-9F9E189B5E28}.All|Win32.Build.0 = i386|Win32
		{73F0C938-D14E-48FB-90CC-9F9E189B5E28}.i386|MollenOS.ActiveCfg = i386|Win32
		{73F0C938-D14E-48FB-90CC-9F9E189B5E28}.i386|MollenOS.Build.0 = i386|Win32
		{73F0C938-D14E-48FB-90CC-9F9E189B5E28}.i386|Win32.ActiveCfg = i386|Win32
		{73F0C938-D14E-48FB-90CC-9F9E189B5E28}.i386|Win32.Build.0 = i386|Win32
		{14C86479-00C4-4A28-AA0E-04D8B740EEC6}.All|MollenOS.ActiveCfg = i386|Win32
		{14C86479-00C4-4A28-AA0E-04D8B740EEC6}.All|MollenOS.Build.0 = i386|Win32
		{14C86479-00C4-4A28-AA0E-04D8B740EEC6}.All|Win32.ActiveCfg = i386|Win32
		{14C86479-00C4-4A28-AA0E-04D8B740EEC6}.All|Win32.Build.0 = i386|Win32
		{14C86479-00C4-4A28-AA0E-04D8B740EEC6}.i386|MollenOS.ActiveCfg = i386|Win32
		{14C86479-00C4-4A28-AA0E-04D8B740EEC6}.i386|MollenOS.Build.0 = i386|Win32
		{14C86479-00C4-4A28-AA0E-04D8B740EEC6}.i386|Win32.ActiveCfg = i386|Win32
		{14C86479-00C4-4A28-AA0E-04D8B740EEC6}.i386|Win32.Build.0 = i386|Win32
		{D8F98581-1110-445E-A24F-80C95A727318}.All|MollenOS.ActiveCfg = i386|Win32
		{D8F98581-1110-445E-A24F-80C95A727318}.All|MollenOS.Build.0 = i386|Win32
		{D8F98581-1110-445E-A24F-80C95A727318}.All|Win32.ActiveCfg = i386|Win32
		{D8F98581-1110-445E-A24F-80C95A727318}.All|Win32.Build.0 = i386|Win32
		{D8F98581-1110-445E-A24F-80C95A727318}.i386|MollenOS.ActiveCfg = i386|Win32
		{D8F98581-1110-445E-A24F-80C95A727318}.i386|MollenOS.Build.0 = i386|Win32
		{D8F98581-1110-445E-A24F-80C95A727318}.i386|Win32.ActiveCfg = i386|Win32
		{D8F98581-1110-445E-A24F-80C95A727318}.i386|Win32.Build.0 = i386|Win32
		{FCABA8C2-C86C-4F2D-B859-3278C938151D}.All|MollenOS.ActiveCfg = i386|Win32
		{FCABA8C2-C86C-4F2D-B859-3278C938151D}.All|MollenOS.Build.0 = i386|Win32
		{FCABA8C2-C86C-4F2D-B859-3278C938151D}.All|Win32.ActiveCfg = i386|Win32
		{FCABA8C2-C86C-4F2D-B859-3278C938151D}.All|Win32.Build.0 = i386|Win32
		{FCABA8C2-C86C-4F2D-B859-3278C938151D}.i386|MollenOS.ActiveCfg = i386|Win32
		{FCABA8C2-C86C-4F2D-B859-3278C938151D}.i386|MollenOS.Build.0 = i386|Win32
		{FCABA8C2-C86C-4F2D-B859-3278C938151D}.i386|Win32.ActiveCfg = i386|Win32
		{FCABA8C2-C86C-4F2D-B859-3278C938151D}.i386|Win32.Build.0 = i386|Win32
		{9351EDF6-2E57-437E-BDC1-984E5793E0C4}.All|MollenOS.ActiveCfg = i386|Win32
		{9351EDF6-2E57-437E-BDC1-984E5793E0C4}.All|MollenOS.Build.0 = i386|Win32
		{9351EDF6-2E57-437E-BDC1-984E5793E0C4}.All|Win32.ActiveCfg = i386|Win32
		{9351EDF6-2E57-437E-BDC1-984E5793E0C4}.All|Win32.Build.0 = i386|Win32
		{9351EDF6-2E57-437E-BDC1-984E5793E0C4}.i386|MollenOS.ActiveCfg = i386|Win32
		{9351EDF6-2E57-437E-BDC1-984E5793E0C4}.i386|Win32.ActiveCfg = i386|Win32
		{9351EDF6-2E57-437E-BDC1-984E5793E0C4}.i386|Win32.Build.0 = i386|Win32
	EndGlobalSection
	GlobalSection(SolutionProperties) = preSolution
		HideSolutionNode = FALSE
	EndGlobalSection
	GlobalSection(NestedProjects) = preSolution
		{17145F88-DAEA-496B-A91F-2A78ED5673CC} = {354EC690-3614-488D-AFE8-7331C2FBC6DB}
		{E1811ABC-D002-44D1-8581-2ACF9C1DD0F9} = {87250BB8-7CCC-4DE4-8F22-2708752A752A}
		{7884D19E-EF4A-4898-81E4-A33DAAE85D27} = {87250BB8-7CCC-4DE4-8F22-2708752A752A}
		{2B403FFB-5AFB-48D8-8C13-F8E65CEC5BB6} = {87250BB8-7CCC-4DE4-8F22-2708752A752A}
		{3C21B76A-B943-455B-8EC2-31C1B8CBFE83} = {354EC690-3614-488D-AFE8-7331C2FBC6DB}
		{EFA5DBA0-F613-4CD6-BC4F-768574EDDF8E} = {87250BB8-7CCC-4DE4-8F22-2708752A752A}
		{354EC690-3614-488D-AFE8-7331C2FBC6DB} = {EFA5DBA0-F613-4CD6-BC4F-768574EDDF8E}
		{4156C3CF-5671-4D4B-A7DF-533FFC7E9AD7} = {A9FA72F6-D1FF-4AEC-9D5F-2AEB42076564}
		{96CD5AF1-B1D1-4EC0-8B87-DF05A83590E7} = {4156C3CF-5671-4D4B-A7DF-533FFC7E9AD7}
		{7A7461EB-BFEA-4036-BA61-08BF33B12562} = {4156C3CF-5671-4D4B-A7DF-533FFC7E9AD7}
		{1260A5D3-3369-4692-B6D7-BD9302D232CC} = {A9FA72F6-D1FF-4AEC-9D5F-2AEB42076564}
		{1AD2E59E-5A05-43C7-A10B-236170B9B317} = {1260A5D3-3369-4692-B6D7-BD9302D232CC}
		{C29CF9C1-A841-409C-A261-910DDCFB729A} = {4156C3CF-5671-4D4B-A7DF-533FFC7E9AD7}
		{0C598AF6-FD13-40CB-948C-5B027A70A471} = {4156C3CF-5671-4D4B-A7DF-533FFC7E9AD7}
		{BC075CA9-559D-47EE-AEA7-B2175F141688} = {1260A5D3-3369-4692-B6D7-BD9302D232CC}
		{DEA6F86E-257B-45FE-99D7-E9F0FF5E1928} = {E63B52A1-7305-4284-85DE-B7F0BC7EA1E3}
		{04E313E0-4D1F-4E36-81FF-E3C9AE7C07D3} = {1260A5D3-3369-4692-B6D7-BD9302D232CC}
		{59A7239B-2E02-4AE7-86F3-A45FB26AACF3} = {16905A2B-477D-4AF8-9F8F-FE17F2DE4D2E}
		{4AABC9C4-6523-44C7-8E42-183180B3B251} = {59A7239B-2E02-4AE7-86F3-A45FB26AACF3}
		{ACE6EF80-5884-43A7-B99B-94F153205E3A} = {4AABC9C4-6523-44C7-8E42-183180B3B251}
		{DC0585E4-27A0-4A00-B460-6CAA3956F27B} = {1260A5D3-3369-4692-B6D7-BD9302D232CC}
		{4833AC95-C850-46FC-B0A4-1277699C04FB} = {4AABC9C4-6523-44C7-8E42-183180B3B251}
		{73F0C938-D14E-48FB-90CC-9F9E189B5E28} = {4AABC9C4-6523-44C7-8E42-183180B3B251}
		{14C86479-00C4-4A28-AA0E-04D8B740EEC6} = {E63B52A1-7305-4284-85DE-B7F0BC7EA1E3}
		{AD2D7913-8F53-42D5-96CB-FAD261799998} = {16905A2B-477D-4AF8-9F8F-FE17F2DE4D2E}
		{CDB269F3-007A-427A-A5FD-9E8182064A5F} = {16905A2B-477D-4AF8-9F8F-FE17F2DE4D2E}
		{77CD766C-40D4-4189-9408-B50D3E640C2C} = {CDB269F3-007A-427A-A5FD-9E8182064A5F}
		{D8F98581-1110-445E-A24F-80C95A727318} = {77CD766C-40D4-4189-9408-B50D3E640C2C}
		{4EC8BFEB-94B1-4B5F-8DD6-F7D9C01126D1} = {16905A2B-477D-4AF8-9F8F-FE17F2DE4D2E}
		{AD9F66F3-DCE6-4563-9918-C99C2B2327E9} = {4EC8BFEB-94B1-4B5F-8DD6-F7D9C01126D1}
		{FCABA8C2-C86C-4F2D-B859-3278C938151D} = {AD9F66F3-DCE6-4563-9918-C99C2B2327E9}
		{9351EDF6-2E57-437E-BDC1-984E5793E0C4} = {AD2D7913-8F53-42D5-96CB-FAD261799998}
	EndGlobalSection
EndGlobal
