<?xml version="1.0" encoding="utf-8"?>
<Project ToolsVersion="4.0" xmlns="http://schemas.microsoft.com/developer/msbuild/2003">
  <ItemGroup>
    <Filter Include="Terminal">
      <UniqueIdentifier>{e43a22d9-3b57-41ce-957b-8c3173f83c09}</UniqueIdentifier>
    </Filter>
    <Filter Include="Terminal\MollenOS">
      <UniqueIdentifier>{63d6fd48-7df9-4d7a-85a9-94ee7bf7933f}</UniqueIdentifier>
    </Filter>
  </ItemGroup>
  <ItemGroup>
    <ClCompile Include="main.cpp" />
    <ClCompile Include="Terminal\Terminal.cpp">
      <Filter>Terminal</Filter>
    </ClCompile>
    <ClCompile Include="Terminal\MollenOS\Surface.cpp">
      <Filter>Terminal\MollenOS</Filter>
    </ClCompile>
  </ItemGroup>
  <ItemGroup>
    <ClInclude Include="Terminal\Terminal.h">
      <Filter>Terminal</Filter>
    </ClInclude>
    <ClInclude Include="Terminal\MollenOS\Surface.h">
      <Filter>Terminal\MollenOS</Filter>
    </ClInclude>
  </ItemGroup>
</Project>