<?xml version="1.0" encoding="utf-8"?>
<Project ToolsVersion="4.0" xmlns="http://schemas.microsoft.com/developer/msbuild/2003">
  <ItemGroup>
    <Filter Include="common">
      <UniqueIdentifier>{11bf9b2b-b5e5-4840-a298-1874f32c35ba}</UniqueIdentifier>
    </Filter>
    <Filter Include="include">
      <UniqueIdentifier>{81cd7e4a-fe41-497b-b8b9-348362f39bf7}</UniqueIdentifier>
    </Filter>
    <Filter Include="include\modules">
      <UniqueIdentifier>{7aaa2a55-dea3-4b70-b444-e05f5fa1f1e3}</UniqueIdentifier>
    </Filter>
    <Filter Include="include\process">
      <UniqueIdentifier>{be22789a-2793-4e14-9216-0072167b2157}</UniqueIdentifier>
    </Filter>
    <Filter Include="systems">
      <UniqueIdentifier>{3bcea2c0-a650-46ec-b90d-fefe4ec8eedb}</UniqueIdentifier>
    </Filter>
    <Filter Include="systems\process">
      <UniqueIdentifier>{a9ed5b7b-c706-4c1c-bad0-6a96d3c29193}</UniqueIdentifier>
    </Filter>
    <Filter Include="systems\process\loaders">
      <UniqueIdentifier>{8a4ded77-cd7f-4efe-a737-d7cb78f0babb}</UniqueIdentifier>
    </Filter>
    <Filter Include="systems\devices">
      <UniqueIdentifier>{95309756-6264-48ff-b7ce-0712c2be0aa9}</UniqueIdentifier>
    </Filter>
    <Filter Include="systems\synchronization">
      <UniqueIdentifier>{ed808d43-58c2-4e5f-a44d-ddd1d6bc7dab}</UniqueIdentifier>
    </Filter>
    <Filter Include="systems\devices\acpi">
      <UniqueIdentifier>{5deed555-85d5-4a53-9ff6-1a3939859996}</UniqueIdentifier>
    </Filter>
    <Filter Include="systems\devices\video">
      <UniqueIdentifier>{b5451050-12d1-48fc-95d2-d17ed531ed99}</UniqueIdentifier>
    </Filter>
    <Filter Include="include\system">
      <UniqueIdentifier>{d22a4e0d-ae62-4687-8802-ac041954d8b6}</UniqueIdentifier>
    </Filter>
  </ItemGroup>
  <ItemGroup>
    <ClCompile Include="..\..\system\synchronization\mutex.c">
      <Filter>systems\synchronization</Filter>
    </ClCompile>
    <ClCompile Include="..\..\system\synchronization\semaphore.c">
      <Filter>systems\synchronization</Filter>
    </ClCompile>
    <ClCompile Include="..\..\system\heap.c">
      <Filter>systems</Filter>
    </ClCompile>
    <ClCompile Include="..\..\system\scheduler.c">
      <Filter>systems</Filter>
    </ClCompile>
    <ClCompile Include="..\..\system\timers.c">
      <Filter>systems</Filter>
    </ClCompile>
    <ClCompile Include="..\..\system\devices\devicevideo.c">
      <Filter>systems\devices\video</Filter>
    </ClCompile>
    <ClCompile Include="..\..\system\threading.c">
      <Filter>systems</Filter>
    </ClCompile>
    <ClCompile Include="..\..\system\log.c">
      <Filter>systems</Filter>
    </ClCompile>
    <ClCompile Include="..\..\system\synchronization\criticalsection.c">
      <Filter>systems\synchronization</Filter>
    </ClCompile>
    <ClCompile Include="..\..\system\pipe.c">
      <Filter>systems</Filter>
    </ClCompile>
    <ClCompile Include="..\..\system\garbagecollector.c">
      <Filter>systems</Filter>
    </ClCompile>
    <ClCompile Include="..\..\common\bitmap.c">
      <Filter>common</Filter>
    </ClCompile>
    <ClCompile Include="..\..\system\events.c">
      <Filter>systems</Filter>
    </ClCompile>
    <ClCompile Include="..\..\system\devices\acpi\acpi.c">
      <Filter>systems\devices\acpi</Filter>
    </ClCompile>
    <ClCompile Include="..\..\system\devices\acpi\acpidevices.c">
      <Filter>systems\devices\acpi</Filter>
    </ClCompile>
    <ClCompile Include="..\..\system\devices\acpi\acpienumerate.c">
      <Filter>systems\devices\acpi</Filter>
    </ClCompile>
    <ClCompile Include="..\..\system\devices\acpi\acpiscan.c">
      <Filter>systems\devices\acpi</Filter>
    </ClCompile>
    <ClCompile Include="..\..\init.c" />
    <ClCompile Include="..\..\system\modules.c">
      <Filter>systems</Filter>
    </ClCompile>
    <ClCompile Include="..\..\system\process\ash.c">
      <Filter>systems\process</Filter>
    </ClCompile>
    <ClCompile Include="..\..\system\process\phoenix.c">
      <Filter>systems\process</Filter>
    </ClCompile>
    <ClCompile Include="..\..\system\process\process.c">
      <Filter>systems\process</Filter>
    </ClCompile>
    <ClCompile Include="..\..\system\process\server.c">
      <Filter>systems\process</Filter>
    </ClCompile>
    <ClCompile Include="..\..\system\process\signal.c">
      <Filter>systems\process</Filter>
    </ClCompile>
    <ClCompile Include="..\..\system\process\syscalls.c">
      <Filter>systems\process</Filter>
    </ClCompile>
    <ClCompile Include="..\..\system\process\loaders\pe.c">
      <Filter>systems\process\loaders</Filter>
    </ClCompile>
    <ClCompile Include="..\..\system\devices\fonts\font6x12.c">
      <Filter>systems\devices\video</Filter>
    </ClCompile>
    <ClCompile Include="..\..\system\devices\fonts\font8x16.c">
      <Filter>systems\devices\video</Filter>
    </ClCompile>
  </ItemGroup>
  <ItemGroup>
    <ClInclude Include="..\..\include\heap.h">
      <Filter>include</Filter>
    </ClInclude>
    <ClInclude Include="..\..\include\mutex.h">
      <Filter>include</Filter>
    </ClInclude>
    <ClInclude Include="..\..\include\scheduler.h">
      <Filter>include</Filter>
    </ClInclude>
    <ClInclude Include="..\..\include\semaphore.h">
      <Filter>include</Filter>
    </ClInclude>
    <ClInclude Include="..\..\include\timers.h">
      <Filter>include</Filter>
    </ClInclude>
    <ClInclude Include="..\..\include\mollenos.h">
      <Filter>include</Filter>
    </ClInclude>
    <ClInclude Include="..\..\include\threading.h">
      <Filter>include</Filter>
    </ClInclude>
    <ClInclude Include="..\..\include\log.h">
      <Filter>include</Filter>
    </ClInclude>
    <ClInclude Include="..\..\include\criticalsection.h">
      <Filter>include</Filter>
    </ClInclude>
    <ClInclude Include="..\..\arch\arch.h">
      <Filter>include</Filter>
    </ClInclude>
    <ClInclude Include="..\..\include\pipe.h">
      <Filter>include</Filter>
    </ClInclude>
    <ClInclude Include="..\..\include\bitmap.h">
      <Filter>include</Filter>
    </ClInclude>
    <ClInclude Include="..\..\include\events.h">
      <Filter>include</Filter>
    </ClInclude>
    <ClInclude Include="..\..\include\modules\modules.h">
      <Filter>include\modules</Filter>
    </ClInclude>
    <ClInclude Include="..\..\include\modules\ramdisk.h">
      <Filter>include\modules</Filter>
    </ClInclude>
    <ClInclude Include="..\..\include\process\pe.h">
      <Filter>include\process</Filter>
    </ClInclude>
    <ClInclude Include="..\..\include\process\phoenix.h">
      <Filter>include\process</Filter>
    </ClInclude>
    <ClInclude Include="..\..\include\process\process.h">
      <Filter>include\process</Filter>
    </ClInclude>
    <ClInclude Include="..\..\include\process\server.h">
      <Filter>include\process</Filter>
    </ClInclude>
    <ClInclude Include="..\..\include\process\ash.h">
      <Filter>include\process</Filter>
    </ClInclude>
    <ClInclude Include="..\..\include\interrupts.h">
      <Filter>include</Filter>
    </ClInclude>
    <ClInclude Include="..\..\include\acpiinterface.h">
      <Filter>include</Filter>
    </ClInclude>
    <ClInclude Include="..\..\include\system\addresspace.h">
      <Filter>include\system</Filter>
    </ClInclude>
    <ClInclude Include="..\..\include\system\interrupt.h">
      <Filter>include\system</Filter>
    </ClInclude>
    <ClInclude Include="..\..\include\system\iospace.h">
      <Filter>include\system</Filter>
    </ClInclude>
    <ClInclude Include="..\..\include\system\thread.h">
      <Filter>include\system</Filter>
    </ClInclude>
    <ClInclude Include="..\..\include\system\utils.h">
      <Filter>include\system</Filter>
    </ClInclude>
  </ItemGroup>
</Project>