<?xml version="1.0" encoding="utf-8"?>
<Project ToolsVersion="4.0" xmlns="http://schemas.microsoft.com/developer/msbuild/2003">
  <ItemGroup>
    <Filter Include="assert">
      <UniqueIdentifier>{5139ec26-7866-46a4-a3ea-bded010b33bd}</UniqueIdentifier>
    </Filter>
    <Filter Include="mem">
      <UniqueIdentifier>{099329c3-48ed-4c38-a561-e15b0f7d3a84}</UniqueIdentifier>
    </Filter>
    <Filter Include="arch">
      <UniqueIdentifier>{f671ae7d-9390-4e64-8683-df1a0a7a0b67}</UniqueIdentifier>
    </Filter>
    <Filter Include="arch\i386">
      <UniqueIdentifier>{e412b28b-fbc4-444c-8fa8-bbaf24b301ec}</UniqueIdentifier>
    </Filter>
    <Filter Include="string">
      <UniqueIdentifier>{3acad375-74b9-4e8c-a215-8170955e9b0a}</UniqueIdentifier>
    </Filter>
    <Filter Include="ctype">
      <UniqueIdentifier>{03f48d39-e67e-4a2f-93a8-56f0b8130047}</UniqueIdentifier>
    </Filter>
    <Filter Include="ds">
      <UniqueIdentifier>{b9f016ff-971d-4847-aeee-4dd112771cd7}</UniqueIdentifier>
    </Filter>
    <Filter Include="mstring">
      <UniqueIdentifier>{fbcb2dba-9162-4365-9ce5-66760fd5355a}</UniqueIdentifier>
    </Filter>
    <Filter Include="stdlib">
      <UniqueIdentifier>{508fecfd-dbc3-4420-92bb-d23f27e057fa}</UniqueIdentifier>
    </Filter>
    <Filter Include="errno">
      <UniqueIdentifier>{fad97f87-3a1d-409b-8d4b-ef5ea4dc1978}</UniqueIdentifier>
    </Filter>
    <Filter Include="locale">
      <UniqueIdentifier>{22212e59-1efb-43dc-9bfc-fe680a8c3303}</UniqueIdentifier>
    </Filter>
    <Filter Include="glue">
      <UniqueIdentifier>{585cac89-abb4-40b5-bdd7-8c29b90b004c}</UniqueIdentifier>
    </Filter>
    <Filter Include="glue\i386">
      <UniqueIdentifier>{15f767fe-8843-4d04-b9fe-8ff6c5c0bbd3}</UniqueIdentifier>
    </Filter>
    <Filter Include="stdio">
      <UniqueIdentifier>{8b437cbd-4c3a-4241-ba4f-7bc9abaa76e3}</UniqueIdentifier>
    </Filter>
  </ItemGroup>
  <ItemGroup>
    <ClCompile Include="..\..\libc\assert\assert.c">
      <Filter>assert</Filter>
    </ClCompile>
    <ClCompile Include="..\..\libc\mem\memchr.c">
      <Filter>mem</Filter>
    </ClCompile>
    <ClCompile Include="..\..\libc\mem\memcmp.c">
      <Filter>mem</Filter>
    </ClCompile>
    <ClCompile Include="..\..\libc\mem\memcpy.c">
      <Filter>mem</Filter>
    </ClCompile>
    <ClCompile Include="..\..\libc\mem\memmove.c">
      <Filter>mem</Filter>
    </ClCompile>
    <ClCompile Include="..\..\libc\mem\memset.c">
      <Filter>mem</Filter>
    </ClCompile>
    <ClCompile Include="..\..\libc\string\strcasecmp.c">
      <Filter>string</Filter>
    </ClCompile>
    <ClCompile Include="..\..\libc\string\strcat.c">
      <Filter>string</Filter>
    </ClCompile>
    <ClCompile Include="..\..\libc\string\strchr.c">
      <Filter>string</Filter>
    </ClCompile>
    <ClCompile Include="..\..\libc\string\strcmp.c">
      <Filter>string</Filter>
    </ClCompile>
    <ClCompile Include="..\..\libc\string\strcoll.c">
      <Filter>string</Filter>
    </ClCompile>
    <ClCompile Include="..\..\libc\string\strcpy.c">
      <Filter>string</Filter>
    </ClCompile>
    <ClCompile Include="..\..\libc\string\strcspn.c">
      <Filter>string</Filter>
    </ClCompile>
    <ClCompile Include="..\..\libc\string\strdup.c">
      <Filter>string</Filter>
    </ClCompile>
    <ClCompile Include="..\..\libc\string\strlen.c">
      <Filter>string</Filter>
    </ClCompile>
    <ClCompile Include="..\..\libc\string\strncasecmp.c">
      <Filter>string</Filter>
    </ClCompile>
    <ClCompile Include="..\..\libc\string\strncat.c">
      <Filter>string</Filter>
    </ClCompile>
    <ClCompile Include="..\..\libc\string\strncmp.c">
      <Filter>string</Filter>
    </ClCompile>
    <ClCompile Include="..\..\libc\string\strncpy.c">
      <Filter>string</Filter>
    </ClCompile>
    <ClCompile Include="..\..\libc\string\strnlen.c">
      <Filter>string</Filter>
    </ClCompile>
    <ClCompile Include="..\..\libc\string\strpbrk.c">
      <Filter>string</Filter>
    </ClCompile>
    <ClCompile Include="..\..\libc\string\strrchr.c">
      <Filter>string</Filter>
    </ClCompile>
    <ClCompile Include="..\..\libc\string\strspn.c">
      <Filter>string</Filter>
    </ClCompile>
    <ClCompile Include="..\..\libc\string\strstr.c">
      <Filter>string</Filter>
    </ClCompile>
    <ClCompile Include="..\..\libc\string\strtok.c">
      <Filter>string</Filter>
    </ClCompile>
    <ClCompile Include="..\..\libc\string\strxfrm.c">
      <Filter>string</Filter>
    </ClCompile>
    <ClCompile Include="..\..\libc\string\wcsnlen.c">
      <Filter>string</Filter>
    </ClCompile>
    <ClCompile Include="..\..\libc\ctype\ctype_.c">
      <Filter>ctype</Filter>
    </ClCompile>
    <ClCompile Include="..\..\libc\ctype\isalnum.c">
      <Filter>ctype</Filter>
    </ClCompile>
    <ClCompile Include="..\..\libc\ctype\isalpha.c">
      <Filter>ctype</Filter>
    </ClCompile>
    <ClCompile Include="..\..\libc\ctype\isascii.c">
      <Filter>ctype</Filter>
    </ClCompile>
    <ClCompile Include="..\..\libc\ctype\isblank.c">
      <Filter>ctype</Filter>
    </ClCompile>
    <ClCompile Include="..\..\libc\ctype\iscntrl.c">
      <Filter>ctype</Filter>
    </ClCompile>
    <ClCompile Include="..\..\libc\ctype\isdigit.c">
      <Filter>ctype</Filter>
    </ClCompile>
    <ClCompile Include="..\..\libc\ctype\islower.c">
      <Filter>ctype</Filter>
    </ClCompile>
    <ClCompile Include="..\..\libc\ctype\isprint.c">
      <Filter>ctype</Filter>
    </ClCompile>
    <ClCompile Include="..\..\libc\ctype\ispunct.c">
      <Filter>ctype</Filter>
    </ClCompile>
    <ClCompile Include="..\..\libc\ctype\isspace.c">
      <Filter>ctype</Filter>
    </ClCompile>
    <ClCompile Include="..\..\libc\ctype\isupper.c">
      <Filter>ctype</Filter>
    </ClCompile>
    <ClCompile Include="..\..\libc\ctype\toascii.c">
      <Filter>ctype</Filter>
    </ClCompile>
    <ClCompile Include="..\..\libc\ctype\tolower.c">
      <Filter>ctype</Filter>
    </ClCompile>
    <ClCompile Include="..\..\libc\ctype\toupper.c">
      <Filter>ctype</Filter>
    </ClCompile>
    <ClCompile Include="..\..\libos\ds\Ds.c">
      <Filter>ds</Filter>
    </ClCompile>
    <ClCompile Include="..\..\libos\ds\HashTable.c">
      <Filter>ds</Filter>
    </ClCompile>
    <ClCompile Include="..\..\libos\ds\List.c">
      <Filter>ds</Filter>
    </ClCompile>
    <ClCompile Include="..\..\libos\ds\Ringbuffer.c">
      <Filter>ds</Filter>
    </ClCompile>
    <ClCompile Include="..\..\libos\mstring\MStringAppend.c">
      <Filter>mstring</Filter>
    </ClCompile>
    <ClCompile Include="..\..\libos\mstring\MStringCompare.c">
      <Filter>mstring</Filter>
    </ClCompile>
    <ClCompile Include="..\..\libos\mstring\MStringCopy.c">
      <Filter>mstring</Filter>
    </ClCompile>
    <ClCompile Include="..\..\libos\mstring\MStringCreate.c">
      <Filter>mstring</Filter>
    </ClCompile>
    <ClCompile Include="..\..\libos\mstring\MStringDestroy.c">
      <Filter>mstring</Filter>
    </ClCompile>
    <ClCompile Include="..\..\libos\mstring\MStringFind.c">
      <Filter>mstring</Filter>
    </ClCompile>
    <ClCompile Include="..\..\libos\mstring\MStringHash.c">
      <Filter>mstring</Filter>
    </ClCompile>
    <ClCompile Include="..\..\libos\mstring\MStringIterate.c">
      <Filter>mstring</Filter>
    </ClCompile>
    <ClCompile Include="..\..\libos\mstring\MStringLength.c">
      <Filter>mstring</Filter>
    </ClCompile>
    <ClCompile Include="..\..\libos\mstring\MStringMisc.c">
      <Filter>mstring</Filter>
    </ClCompile>
    <ClCompile Include="..\..\libos\mstring\MStringPrint.c">
      <Filter>mstring</Filter>
    </ClCompile>
    <ClCompile Include="..\..\libos\mstring\MStringRaw.c">
      <Filter>mstring</Filter>
    </ClCompile>
    <ClCompile Include="..\..\libos\mstring\MStringResize.c">
      <Filter>mstring</Filter>
    </ClCompile>
    <ClCompile Include="..\..\libos\mstring\MStringSubString.c">
      <Filter>mstring</Filter>
    </ClCompile>
    <ClCompile Include="..\..\libos\mstring\MStringUtf8.c">
      <Filter>mstring</Filter>
    </ClCompile>
    <ClCompile Include="..\..\libc\stdlib\itoa.c">
      <Filter>stdlib</Filter>
    </ClCompile>
    <ClCompile Include="..\..\libc\stdlib\strtoul.c">
      <Filter>stdlib</Filter>
    </ClCompile>
    <ClCompile Include="..\..\libc\errno\errno.c">
      <Filter>errno</Filter>
    </ClCompile>
    <ClCompile Include="..\..\libc\errno\errstrings.c">
      <Filter>errno</Filter>
    </ClCompile>
    <ClCompile Include="..\..\libc\locale\locale.c">
      <Filter>locale</Filter>
    </ClCompile>
    <ClCompile Include="..\..\libc\glue\Spinlock.c">
      <Filter>glue</Filter>
    </ClCompile>
    <ClCompile Include="..\..\libc\stdio\printf.c">
      <Filter>stdio</Filter>
    </ClCompile>
    <ClCompile Include="..\..\libc\stdio\snprintf.c">
      <Filter>stdio</Filter>
    </ClCompile>
    <ClCompile Include="..\..\libc\stdio\sprintf.c">
      <Filter>stdio</Filter>
    </ClCompile>
    <ClCompile Include="..\..\libc\stdio\stream.c">
      <Filter>stdio</Filter>
    </ClCompile>
    <ClCompile Include="..\..\libc\stdio\vasprintf.c">
      <Filter>stdio</Filter>
    </ClCompile>
    <ClCompile Include="..\..\libc\stdio\vfprintf.c">
      <Filter>stdio</Filter>
    </ClCompile>
    <ClCompile Include="..\..\libc\stdio\vprintf.c">
      <Filter>stdio</Filter>
    </ClCompile>
    <ClCompile Include="..\..\libc\stdio\vsnprintf.c">
      <Filter>stdio</Filter>
    </ClCompile>
    <ClCompile Include="..\..\libc\stdio\vsprintf.c">
      <Filter>stdio</Filter>
    </ClCompile>
  </ItemGroup>
  <ItemGroup>
    <ClInclude Include="..\..\libc\string\str-two-way.h">
      <Filter>string</Filter>
    </ClInclude>
    <ClInclude Include="..\..\libc\ctype\ctype_.h">
      <Filter>ctype</Filter>
    </ClInclude>
    <ClInclude Include="..\..\libc\ctype\ctype_cp.h">
      <Filter>ctype</Filter>
    </ClInclude>
    <ClInclude Include="..\..\libc\ctype\ctype_iso.h">
      <Filter>ctype</Filter>
    </ClInclude>
    <ClInclude Include="..\..\libos\mstring\MStringPrivate.h">
      <Filter>mstring</Filter>
    </ClInclude>
  </ItemGroup>
  <ItemGroup>
    <CustomBuild Include="..\..\libc\arch\i386\_memcpy.s">
      <Filter>arch\i386</Filter>
    </CustomBuild>
    <CustomBuild Include="..\..\libc\arch\i386\_setjmp.s">
      <Filter>arch\i386</Filter>
    </CustomBuild>
    <CustomBuild Include="..\..\libc\glue\i386\_Spinlock.asm">
      <Filter>glue\i386</Filter>
    </CustomBuild>
  </ItemGroup>
</Project>