
Microsoft Visual Studio Solution File, Format Version 12.00
# Visual Studio 2013
VisualStudioVersion = 12.0.40629.0
MinimumVisualStudioVersion = 10.0.40219.1
Project("{2150E333-8FDC-42A3-9474-1A3956D46DE8}") = "Usb", "Usb", "{F04E72EA-9EA3-492A-AC69-1197778D7260}"
EndProject
Project("{8BC9CEB8-8B4A-11D0-8D11-00A0C91BC942}") = "Ohci", "Usb\Ohci\Ohci.vcxproj", "{5B870E7F-3EF4-4A5E-A79E-53DA4138E1AE}"
	ProjectSection(ProjectDependencies) = postProject
		{F70C9248-FEE4-4C76-9D28-69B2E4D73104} = {F70C9248-FEE4-4C76-9D28-69B2E4D73104}
	EndProjectSection
EndProject
Project("{2150E333-8FDC-42A3-9474-1A3956D46DE8}") = "Controllers", "Controllers", "{3014FE17-5E93-4A8C-9273-D08A6124AC52}"
EndProject
Project("{8BC9CEB8-8B4A-11D0-8D11-00A0C91BC942}") = "UsbCore", "Usb\UsbCore\UsbCore.vcxproj", "{F70C9248-FEE4-4C76-9D28-69B2E4D73104}"
EndProject
Project("{2150E333-8FDC-42A3-9474-1A3956D46DE8}") = "Timers", "Timers", "{FE8F77A8-1DCE-4FA9-87A4-77F881CD4A39}"
EndProject
Project("{2150E333-8FDC-42A3-9474-1A3956D46DE8}") = "Cmos", "Cmos", "{5216BCAC-5B52-4C40-A803-59E91001ED86}"
EndProject
Project("{8BC9CEB8-8B4A-11D0-8D11-00A0C91BC942}") = "Cmos", "Timers\Cmos\Cmos.vcxproj", "{9EB61B2B-551E-45DC-911C-94067E544251}"
EndProject
Project("{2150E333-8FDC-42A3-9474-1A3956D46DE8}") = "Pit", "Pit", "{4CBE5777-BEBC-4250-88D6-D00729622749}"
EndProject
Project("{2150E333-8FDC-42A3-9474-1A3956D46DE8}") = "HPet", "HPet", "{4FE5DAD2-59CC-458A-B18A-FFD11A07B283}"
EndProject
Project("{8BC9CEB8-8B4A-11D0-8D11-00A0C91BC942}") = "Pit", "Timers\Pit\Pit.vcxproj", "{11227538-EA75-455B-A6A1-6FA67748F828}"
EndProject
Project("{8BC9CEB8-8B4A-11D0-8D11-00A0C91BC942}") = "Hpet", "Timers\Hpet\Hpet.vcxproj", "{FCABA8C2-C86C-4F2D-B859-3278C938151D}"
EndProject
Project("{2150E333-8FDC-42A3-9474-1A3956D46DE8}") = "Shared", "Shared", "{D9EE6B81-93A1-4003-A9AF-806EEBE294F2}"
EndProject
Global
	GlobalSection(SolutionConfigurationPlatforms) = preSolution
		Debug|Win32 = Debug|Win32
		Release|Win32 = Release|Win32
	EndGlobalSection
	GlobalSection(ProjectConfigurationPlatforms) = postSolution
		{5B870E7F-3EF4-4A5E-A79E-53DA4138E1AE}.Debug|Win32.ActiveCfg = Debug|Win32
		{5B870E7F-3EF4-4A5E-A79E-53DA4138E1AE}.Debug|Win32.Build.0 = Debug|Win32
		{5B870E7F-3EF4-4A5E-A79E-53DA4138E1AE}.Release|Win32.ActiveCfg = Release|Win32
		{5B870E7F-3EF4-4A5E-A79E-53DA4138E1AE}.Release|Win32.Build.0 = Release|Win32
		{F70C9248-FEE4-4C76-9D28-69B2E4D73104}.Debug|Win32.ActiveCfg = Debug|Win32
		{F70C9248-FEE4-4C76-9D28-69B2E4D73104}.Debug|Win32.Build.0 = Debug|Win32
		{F70C9248-FEE4-4C76-9D28-69B2E4D73104}.Release|Win32.ActiveCfg = Release|Win32
		{F70C9248-FEE4-4C76-9D28-69B2E4D73104}.Release|Win32.Build.0 = Release|Win32
		{9EB61B2B-551E-45DC-911C-94067E544251}.Debug|Win32.ActiveCfg = Debug|Win32
		{9EB61B2B-551E-45DC-911C-94067E544251}.Debug|Win32.Build.0 = Debug|Win32
		{9EB61B2B-551E-45DC-911C-94067E544251}.Release|Win32.ActiveCfg = Release|Win32
		{9EB61B2B-551E-45DC-911C-94067E544251}.Release|Win32.Build.0 = Release|Win32
		{11227538-EA75-455B-A6A1-6FA67748F828}.Debug|Win32.ActiveCfg = Debug|Win32
		{11227538-EA75-455B-A6A1-6FA67748F828}.Debug|Win32.Build.0 = Debug|Win32
		{11227538-EA75-455B-A6A1-6FA67748F828}.Release|Win32.ActiveCfg = Release|Win32
		{11227538-EA75-455B-A6A1-6FA67748F828}.Release|Win32.Build.0 = Release|Win32
		{FCABA8C2-C86C-4F2D-B859-3278C938151D}.Debug|Win32.ActiveCfg = Debug|Win32
		{FCABA8C2-C86C-4F2D-B859-3278C938151D}.Debug|Win32.Build.0 = Debug|Win32
		{FCABA8C2-C86C-4F2D-B859-3278C938151D}.Release|Win32.ActiveCfg = Release|Win32
		{FCABA8C2-C86C-4F2D-B859-3278C938151D}.Release|Win32.Build.0 = Release|Win32
	EndGlobalSection
	GlobalSection(SolutionProperties) = preSolution
		HideSolutionNode = FALSE
	EndGlobalSection
	GlobalSection(NestedProjects) = preSolution
		{5B870E7F-3EF4-4A5E-A79E-53DA4138E1AE} = {3014FE17-5E93-4A8C-9273-D08A6124AC52}
		{3014FE17-5E93-4A8C-9273-D08A6124AC52} = {F04E72EA-9EA3-492A-AC69-1197778D7260}
		{F70C9248-FEE4-4C76-9D28-69B2E4D73104} = {F04E72EA-9EA3-492A-AC69-1197778D7260}
		{5216BCAC-5B52-4C40-A803-59E91001ED86} = {FE8F77A8-1DCE-4FA9-87A4-77F881CD4A39}
		{9EB61B2B-551E-45DC-911C-94067E544251} = {5216BCAC-5B52-4C40-A803-59E91001ED86}
		{4CBE5777-BEBC-4250-88D6-D00729622749} = {FE8F77A8-1DCE-4FA9-87A4-77F881CD4A39}
		{4FE5DAD2-59CC-458A-B18A-FFD11A07B283} = {FE8F77A8-1DCE-4FA9-87A4-77F881CD4A39}
		{11227538-EA75-455B-A6A1-6FA67748F828} = {4CBE5777-BEBC-4250-88D6-D00729622749}
		{FCABA8C2-C86C-4F2D-B859-3278C938151D} = {4FE5DAD2-59CC-458A-B18A-FFD11A07B283}
	EndGlobalSection
EndGlobal
