<?xml version="1.0" encoding="utf-8"?>
<Project ToolsVersion="4.0" xmlns="http://schemas.microsoft.com/developer/msbuild/2003">
  <ItemGroup>
    <Filter Include="Source Files">
      <UniqueIdentifier>{4FC737F1-C7A5-4376-A066-2A32D752A2FF}</UniqueIdentifier>
      <Extensions>cpp;c;cc;cxx;def;odl;idl;hpj;bat;asm;asmx</Extensions>
    </Filter>
    <Filter Include="Source Files\Devices">
      <UniqueIdentifier>{a7d28fbe-61ea-4307-88cd-28512cff2477}</UniqueIdentifier>
    </Filter>
    <Filter Include="Header Files">
      <UniqueIdentifier>{557f4a0e-9fb4-4377-a13a-90ac01cedf65}</UniqueIdentifier>
    </Filter>
  </ItemGroup>
  <ItemGroup>
    <ClCompile Include="UsbCore.c">
      <Filter>Source Files</Filter>
    </ClCompile>
    <ClCompile Include="UsbFunctions.c">
      <Filter>Source Files</Filter>
    </ClCompile>
    <ClCompile Include="Devices\UsbHid.c">
      <Filter>Source Files\Devices</Filter>
    </ClCompile>
    <ClCompile Include="Devices\UsbMsd.c">
      <Filter>Source Files\Devices</Filter>
    </ClCompile>
    <ClCompile Include="UsbScheduler.c">
      <Filter>Source Files</Filter>
    </ClCompile>
  </ItemGroup>
  <ItemGroup>
    <ClInclude Include="..\..\Include\UsbCore.h">
      <Filter>Header Files</Filter>
    </ClInclude>
    <ClInclude Include="..\..\Include\UsbScheduler.h">
      <Filter>Header Files</Filter>
    </ClInclude>
  </ItemGroup>
</Project>