<?xml version="1.0" encoding="utf-8"?>
<Project ToolsVersion="4.0" xmlns="http://schemas.microsoft.com/developer/msbuild/2003">
  <ItemGroup>
    <Filter Include="assert">
      <UniqueIdentifier>{e8dcae57-68c5-42d2-a18e-4957358eb037}</UniqueIdentifier>
    </Filter>
    <Filter Include="ctype">
      <UniqueIdentifier>{4f9035fd-4356-4f89-bc49-425da49af118}</UniqueIdentifier>
    </Filter>
    <Filter Include="errno">
      <UniqueIdentifier>{626d277f-d5fa-4b70-a33c-89d20f562080}</UniqueIdentifier>
    </Filter>
    <Filter Include="getopt">
      <UniqueIdentifier>{885e64e8-2a76-470d-b23c-97702ff079d7}</UniqueIdentifier>
    </Filter>
    <Filter Include="locale">
      <UniqueIdentifier>{23164b0c-6a29-488b-bdd1-d35f18092354}</UniqueIdentifier>
    </Filter>
    <Filter Include="mem">
      <UniqueIdentifier>{07c2df8e-b729-494f-bba8-bd309b19b8ca}</UniqueIdentifier>
    </Filter>
    <Filter Include="arch">
      <UniqueIdentifier>{7e495f0d-2225-44ec-b6cd-b799f29965df}</UniqueIdentifier>
    </Filter>
    <Filter Include="arch\i386">
      <UniqueIdentifier>{99c714ed-3f0b-49e2-8f41-e94953ea56b8}</UniqueIdentifier>
    </Filter>
    <Filter Include="signal">
      <UniqueIdentifier>{acfac72f-1612-4e52-aeee-a8cbc8189e87}</UniqueIdentifier>
    </Filter>
    <Filter Include="stdio">
      <UniqueIdentifier>{76e9956a-c070-4c29-b2b9-784f7b778ae2}</UniqueIdentifier>
    </Filter>
    <Filter Include="stdlib">
      <UniqueIdentifier>{07563a8c-511e-4153-b6c9-ab60582f5dac}</UniqueIdentifier>
    </Filter>
    <Filter Include="string">
      <UniqueIdentifier>{87ba2578-27c2-4790-840e-0181e1805b0d}</UniqueIdentifier>
    </Filter>
    <Filter Include="time">
      <UniqueIdentifier>{fe21f384-e6c2-4fc3-bd1f-cd76a711fc99}</UniqueIdentifier>
    </Filter>
    <Filter Include="stdlib\headers">
      <UniqueIdentifier>{fc870298-dd50-4443-b76d-6ea515236765}</UniqueIdentifier>
    </Filter>
    <Filter Include="stdio\file">
      <UniqueIdentifier>{46926f72-dbe1-4e61-834c-720a1ca5d059}</UniqueIdentifier>
    </Filter>
    <Filter Include="ctype\base">
      <UniqueIdentifier>{5e153e1d-d517-4f40-8ae7-58ee4925add0}</UniqueIdentifier>
    </Filter>
    <Filter Include="ctype\wbase">
      <UniqueIdentifier>{049bc4ed-6489-4151-af78-230788c6ce06}</UniqueIdentifier>
    </Filter>
    <Filter Include="arch\amd64">
      <UniqueIdentifier>{9e6fd356-59e4-41db-8752-8da7ed5369cb}</UniqueIdentifier>
    </Filter>
    <Filter Include="glue">
      <UniqueIdentifier>{71b284f8-e02b-4bae-a75b-cb5c0e623da2}</UniqueIdentifier>
    </Filter>
    <Filter Include="glue\i386">
      <UniqueIdentifier>{bec1b2b3-a812-4713-882d-aa93cc929493}</UniqueIdentifier>
    </Filter>
  </ItemGroup>
  <ItemGroup>
    <ClCompile Include="..\..\libc\assert\assert.c">
      <Filter>assert</Filter>
    </ClCompile>
    <ClCompile Include="..\..\libc\errno\errno.c">
      <Filter>errno</Filter>
    </ClCompile>
    <ClCompile Include="..\..\libc\errno\errstrings.c">
      <Filter>errno</Filter>
    </ClCompile>
    <ClCompile Include="..\..\libc\getopt\getopt_long.c">
      <Filter>getopt</Filter>
    </ClCompile>
    <ClCompile Include="..\..\libc\locale\duplocale.c">
      <Filter>locale</Filter>
    </ClCompile>
    <ClCompile Include="..\..\libc\locale\freelocale.c">
      <Filter>locale</Filter>
    </ClCompile>
    <ClCompile Include="..\..\libc\locale\lctype.c">
      <Filter>locale</Filter>
    </ClCompile>
    <ClCompile Include="..\..\libc\locale\lmessages.c">
      <Filter>locale</Filter>
    </ClCompile>
    <ClCompile Include="..\..\libc\locale\lmonetary.c">
      <Filter>locale</Filter>
    </ClCompile>
    <ClCompile Include="..\..\libc\locale\lnumeric.c">
      <Filter>locale</Filter>
    </ClCompile>
    <ClCompile Include="..\..\libc\locale\locale.c">
      <Filter>locale</Filter>
    </ClCompile>
    <ClCompile Include="..\..\libc\locale\localeconv.c">
      <Filter>locale</Filter>
    </ClCompile>
    <ClCompile Include="..\..\libc\locale\newlocale.c">
      <Filter>locale</Filter>
    </ClCompile>
    <ClCompile Include="..\..\libc\locale\timelocal.c">
      <Filter>locale</Filter>
    </ClCompile>
    <ClCompile Include="..\..\libc\locale\uselocale.c">
      <Filter>locale</Filter>
    </ClCompile>
    <ClCompile Include="..\..\libc\mem\memchr.c">
      <Filter>mem</Filter>
    </ClCompile>
    <ClCompile Include="..\..\libc\mem\memcmp.c">
      <Filter>mem</Filter>
    </ClCompile>
    <ClCompile Include="..\..\libc\mem\memcpy.c">
      <Filter>mem</Filter>
    </ClCompile>
    <ClCompile Include="..\..\libc\mem\memmove.c">
      <Filter>mem</Filter>
    </ClCompile>
    <ClCompile Include="..\..\libc\mem\memset.c">
      <Filter>mem</Filter>
    </ClCompile>
    <ClCompile Include="..\..\libc\string\strcasecmp.c">
      <Filter>string</Filter>
    </ClCompile>
    <ClCompile Include="..\..\libc\string\strcat.c">
      <Filter>string</Filter>
    </ClCompile>
    <ClCompile Include="..\..\libc\string\strchr.c">
      <Filter>string</Filter>
    </ClCompile>
    <ClCompile Include="..\..\libc\string\strcmp.c">
      <Filter>string</Filter>
    </ClCompile>
    <ClCompile Include="..\..\libc\string\strcoll.c">
      <Filter>string</Filter>
    </ClCompile>
    <ClCompile Include="..\..\libc\string\strcpy.c">
      <Filter>string</Filter>
    </ClCompile>
    <ClCompile Include="..\..\libc\string\strcspn.c">
      <Filter>string</Filter>
    </ClCompile>
    <ClCompile Include="..\..\libc\string\strdup.c">
      <Filter>string</Filter>
    </ClCompile>
    <ClCompile Include="..\..\libc\string\strlen.c">
      <Filter>string</Filter>
    </ClCompile>
    <ClCompile Include="..\..\libc\string\strncasecmp.c">
      <Filter>string</Filter>
    </ClCompile>
    <ClCompile Include="..\..\libc\string\strncat.c">
      <Filter>string</Filter>
    </ClCompile>
    <ClCompile Include="..\..\libc\string\strncmp.c">
      <Filter>string</Filter>
    </ClCompile>
    <ClCompile Include="..\..\libc\string\strncpy.c">
      <Filter>string</Filter>
    </ClCompile>
    <ClCompile Include="..\..\libc\string\strnlen.c">
      <Filter>string</Filter>
    </ClCompile>
    <ClCompile Include="..\..\libc\string\strpbrk.c">
      <Filter>string</Filter>
    </ClCompile>
    <ClCompile Include="..\..\libc\string\strrchr.c">
      <Filter>string</Filter>
    </ClCompile>
    <ClCompile Include="..\..\libc\string\strspn.c">
      <Filter>string</Filter>
    </ClCompile>
    <ClCompile Include="..\..\libc\string\strstr.c">
      <Filter>string</Filter>
    </ClCompile>
    <ClCompile Include="..\..\libc\string\strtok.c">
      <Filter>string</Filter>
    </ClCompile>
    <ClCompile Include="..\..\libc\string\strxfrm.c">
      <Filter>string</Filter>
    </ClCompile>
    <ClCompile Include="..\..\libc\string\wcsnlen.c">
      <Filter>string</Filter>
    </ClCompile>
    <ClCompile Include="..\..\libc\stdlib\_Exit.c">
      <Filter>stdlib</Filter>
    </ClCompile>
    <ClCompile Include="..\..\libc\stdlib\abort.c">
      <Filter>stdlib</Filter>
    </ClCompile>
    <ClCompile Include="..\..\libc\stdlib\abs.c">
      <Filter>stdlib</Filter>
    </ClCompile>
    <ClCompile Include="..\..\libc\stdlib\atof.c">
      <Filter>stdlib</Filter>
    </ClCompile>
    <ClCompile Include="..\..\libc\stdlib\atoff.c">
      <Filter>stdlib</Filter>
    </ClCompile>
    <ClCompile Include="..\..\libc\stdlib\atoi.c">
      <Filter>stdlib</Filter>
    </ClCompile>
    <ClCompile Include="..\..\libc\stdlib\atol.c">
      <Filter>stdlib</Filter>
    </ClCompile>
    <ClCompile Include="..\..\libc\stdlib\atold.c">
      <Filter>stdlib</Filter>
    </ClCompile>
    <ClCompile Include="..\..\libc\stdlib\atoll.c">
      <Filter>stdlib</Filter>
    </ClCompile>
    <ClCompile Include="..\..\libc\stdlib\bsearch.c">
      <Filter>stdlib</Filter>
    </ClCompile>
    <ClCompile Include="..\..\libc\stdlib\div.c">
      <Filter>stdlib</Filter>
    </ClCompile>
    <ClCompile Include="..\..\libc\stdlib\exit.c">
      <Filter>stdlib</Filter>
    </ClCompile>
    <ClCompile Include="..\..\libc\stdlib\gdtoa.c">
      <Filter>stdlib</Filter>
    </ClCompile>
    <ClCompile Include="..\..\libc\stdlib\gdtoa_hex.c">
      <Filter>stdlib</Filter>
    </ClCompile>
    <ClCompile Include="..\..\libc\stdlib\getenv.c">
      <Filter>stdlib</Filter>
    </ClCompile>
    <ClCompile Include="..\..\libc\stdlib\itoa.c">
      <Filter>stdlib</Filter>
    </ClCompile>
    <ClCompile Include="..\..\libc\stdlib\labs.c">
      <Filter>stdlib</Filter>
    </ClCompile>
    <ClCompile Include="..\..\libc\stdlib\ldiv.c">
      <Filter>stdlib</Filter>
    </ClCompile>
    <ClCompile Include="..\..\libc\stdlib\llabs.c">
      <Filter>stdlib</Filter>
    </ClCompile>
    <ClCompile Include="..\..\libc\stdlib\lldiv.c">
      <Filter>stdlib</Filter>
    </ClCompile>
    <ClCompile Include="..\..\libc\stdlib\mbtowc.c">
      <Filter>stdlib</Filter>
    </ClCompile>
    <ClCompile Include="..\..\libc\stdlib\mprec.c">
      <Filter>stdlib</Filter>
    </ClCompile>
    <ClCompile Include="..\..\libc\stdlib\qsort.c">
      <Filter>stdlib</Filter>
    </ClCompile>
    <ClCompile Include="..\..\libc\stdlib\quickexit.c">
      <Filter>stdlib</Filter>
    </ClCompile>
    <ClCompile Include="..\..\libc\stdlib\rand.c">
      <Filter>stdlib</Filter>
    </ClCompile>
    <ClCompile Include="..\..\libc\stdlib\strtod.c">
      <Filter>stdlib</Filter>
    </ClCompile>
    <ClCompile Include="..\..\libc\stdlib\strtodg.c">
      <Filter>stdlib</Filter>
    </ClCompile>
    <ClCompile Include="..\..\libc\stdlib\strtol.c">
      <Filter>stdlib</Filter>
    </ClCompile>
    <ClCompile Include="..\..\libc\stdlib\strtold.c">
      <Filter>stdlib</Filter>
    </ClCompile>
    <ClCompile Include="..\..\libc\stdlib\strtoll.c">
      <Filter>stdlib</Filter>
    </ClCompile>
    <ClCompile Include="..\..\libc\stdlib\strtoul.c">
      <Filter>stdlib</Filter>
    </ClCompile>
    <ClCompile Include="..\..\libc\stdlib\strtoull.c">
      <Filter>stdlib</Filter>
    </ClCompile>
    <ClCompile Include="..\..\libc\stdlib\wctomb.c">
      <Filter>stdlib</Filter>
    </ClCompile>
    <ClCompile Include="..\..\libc\signal\signal.c">
      <Filter>signal</Filter>
    </ClCompile>
    <ClCompile Include="..\..\libc\stdio\fbuf.c">
      <Filter>stdio\file</Filter>
    </ClCompile>
    <ClCompile Include="..\..\libc\stdio\fclose.c">
      <Filter>stdio\file</Filter>
    </ClCompile>
    <ClCompile Include="..\..\libc\stdio\feof.c">
      <Filter>stdio\file</Filter>
    </ClCompile>
    <ClCompile Include="..\..\libc\stdio\ferror.c">
      <Filter>stdio\file</Filter>
    </ClCompile>
    <ClCompile Include="..\..\libc\stdio\fflags.c">
      <Filter>stdio\file</Filter>
    </ClCompile>
    <ClCompile Include="..\..\libc\stdio\fflush.c">
      <Filter>stdio\file</Filter>
    </ClCompile>
    <ClCompile Include="..\..\libc\stdio\fgetc.c">
      <Filter>stdio\file</Filter>
    </ClCompile>
    <ClCompile Include="..\..\libc\stdio\fgetpos.c">
      <Filter>stdio\file</Filter>
    </ClCompile>
    <ClCompile Include="..\..\libc\stdio\fgets.c">
      <Filter>stdio\file</Filter>
    </ClCompile>
    <ClCompile Include="..\..\libc\stdio\fopen.c">
      <Filter>stdio\file</Filter>
    </ClCompile>
    <ClCompile Include="..\..\libc\stdio\fpeekc.c">
      <Filter>stdio\file</Filter>
    </ClCompile>
    <ClCompile Include="..\..\libc\stdio\fprintf.c">
      <Filter>stdio\file</Filter>
    </ClCompile>
    <ClCompile Include="..\..\libc\stdio\fputc.c">
      <Filter>stdio\file</Filter>
    </ClCompile>
    <ClCompile Include="..\..\libc\stdio\fputs.c">
      <Filter>stdio\file</Filter>
    </ClCompile>
    <ClCompile Include="..\..\libc\stdio\fread.c">
      <Filter>stdio\file</Filter>
    </ClCompile>
    <ClCompile Include="..\..\libc\stdio\fremove.c">
      <Filter>stdio\file</Filter>
    </ClCompile>
    <ClCompile Include="..\..\libc\stdio\freopen.c">
      <Filter>stdio\file</Filter>
    </ClCompile>
    <ClCompile Include="..\..\libc\stdio\frewind.c">
      <Filter>stdio\file</Filter>
    </ClCompile>
    <ClCompile Include="..\..\libc\stdio\fscanf.c">
      <Filter>stdio\file</Filter>
    </ClCompile>
    <ClCompile Include="..\..\libc\stdio\fseek.c">
      <Filter>stdio\file</Filter>
    </ClCompile>
    <ClCompile Include="..\..\libc\stdio\fsetpos.c">
      <Filter>stdio\file</Filter>
    </ClCompile>
    <ClCompile Include="..\..\libc\stdio\ftell.c">
      <Filter>stdio\file</Filter>
    </ClCompile>
    <ClCompile Include="..\..\libc\stdio\fungetc.c">
      <Filter>stdio\file</Filter>
    </ClCompile>
    <ClCompile Include="..\..\libc\stdio\fwrite.c">
      <Filter>stdio\file</Filter>
    </ClCompile>
    <ClCompile Include="..\..\libc\stdio\getchar.c">
      <Filter>stdio</Filter>
    </ClCompile>
    <ClCompile Include="..\..\libc\stdio\perror.c">
      <Filter>stdio</Filter>
    </ClCompile>
    <ClCompile Include="..\..\libc\stdio\printf.c">
      <Filter>stdio</Filter>
    </ClCompile>
    <ClCompile Include="..\..\libc\stdio\putchar.c">
      <Filter>stdio</Filter>
    </ClCompile>
    <ClCompile Include="..\..\libc\stdio\puts.c">
      <Filter>stdio</Filter>
    </ClCompile>
    <ClCompile Include="..\..\libc\stdio\snprintf.c">
      <Filter>stdio</Filter>
    </ClCompile>
    <ClCompile Include="..\..\libc\stdio\sprintf.c">
      <Filter>stdio</Filter>
    </ClCompile>
    <ClCompile Include="..\..\libc\stdio\sscanf.c">
      <Filter>stdio</Filter>
    </ClCompile>
    <ClCompile Include="..\..\libc\stdio\stream.c">
      <Filter>stdio</Filter>
    </ClCompile>
    <ClCompile Include="..\..\libc\stdio\strerror.c">
      <Filter>stdio</Filter>
    </ClCompile>
    <ClCompile Include="..\..\libc\stdio\vasprintf.c">
      <Filter>stdio</Filter>
    </ClCompile>
    <ClCompile Include="..\..\libc\stdio\vfprintf.c">
      <Filter>stdio</Filter>
    </ClCompile>
    <ClCompile Include="..\..\libc\stdio\vfscanf.c">
      <Filter>stdio</Filter>
    </ClCompile>
    <ClCompile Include="..\..\libc\stdio\vprintf.c">
      <Filter>stdio</Filter>
    </ClCompile>
    <ClCompile Include="..\..\libc\stdio\vsnprintf.c">
      <Filter>stdio</Filter>
    </ClCompile>
    <ClCompile Include="..\..\libc\stdio\vsprintf.c">
      <Filter>stdio</Filter>
    </ClCompile>
    <ClCompile Include="..\..\libc\ctype\isalnum.c">
      <Filter>ctype\base</Filter>
    </ClCompile>
    <ClCompile Include="..\..\libc\ctype\isalnum_l.c">
      <Filter>ctype\base</Filter>
    </ClCompile>
    <ClCompile Include="..\..\libc\ctype\isalpha.c">
      <Filter>ctype\base</Filter>
    </ClCompile>
    <ClCompile Include="..\..\libc\ctype\isalpha_l.c">
      <Filter>ctype\base</Filter>
    </ClCompile>
    <ClCompile Include="..\..\libc\ctype\isascii.c">
      <Filter>ctype\base</Filter>
    </ClCompile>
    <ClCompile Include="..\..\libc\ctype\isascii_l.c">
      <Filter>ctype\base</Filter>
    </ClCompile>
    <ClCompile Include="..\..\libc\ctype\isblank.c">
      <Filter>ctype\base</Filter>
    </ClCompile>
    <ClCompile Include="..\..\libc\ctype\isblank_l.c">
      <Filter>ctype\base</Filter>
    </ClCompile>
    <ClCompile Include="..\..\libc\ctype\iscntrl.c">
      <Filter>ctype\base</Filter>
    </ClCompile>
    <ClCompile Include="..\..\libc\ctype\iscntrl_l.c">
      <Filter>ctype\base</Filter>
    </ClCompile>
    <ClCompile Include="..\..\libc\ctype\isdigit.c">
      <Filter>ctype\base</Filter>
    </ClCompile>
    <ClCompile Include="..\..\libc\ctype\isdigit_l.c">
      <Filter>ctype\base</Filter>
    </ClCompile>
    <ClCompile Include="..\..\libc\ctype\islower.c">
      <Filter>ctype\base</Filter>
    </ClCompile>
    <ClCompile Include="..\..\libc\ctype\islower_l.c">
      <Filter>ctype\base</Filter>
    </ClCompile>
    <ClCompile Include="..\..\libc\ctype\isprint.c">
      <Filter>ctype\base</Filter>
    </ClCompile>
    <ClCompile Include="..\..\libc\ctype\isprint_l.c">
      <Filter>ctype\base</Filter>
    </ClCompile>
    <ClCompile Include="..\..\libc\ctype\ispunct.c">
      <Filter>ctype\base</Filter>
    </ClCompile>
    <ClCompile Include="..\..\libc\ctype\ispunct_l.c">
      <Filter>ctype\base</Filter>
    </ClCompile>
    <ClCompile Include="..\..\libc\ctype\isspace.c">
      <Filter>ctype\base</Filter>
    </ClCompile>
    <ClCompile Include="..\..\libc\ctype\isspace_l.c">
      <Filter>ctype\base</Filter>
    </ClCompile>
    <ClCompile Include="..\..\libc\ctype\isupper.c">
      <Filter>ctype\base</Filter>
    </ClCompile>
    <ClCompile Include="..\..\libc\ctype\isupper_l.c">
      <Filter>ctype\base</Filter>
    </ClCompile>
    <ClCompile Include="..\..\libc\ctype\isxdigit.c">
      <Filter>ctype\base</Filter>
    </ClCompile>
    <ClCompile Include="..\..\libc\ctype\isxdigit_l.c">
      <Filter>ctype\base</Filter>
    </ClCompile>
    <ClCompile Include="..\..\libc\ctype\toascii.c">
      <Filter>ctype\base</Filter>
    </ClCompile>
    <ClCompile Include="..\..\libc\ctype\toascii_l.c">
      <Filter>ctype\base</Filter>
    </ClCompile>
    <ClCompile Include="..\..\libc\ctype\tolower.c">
      <Filter>ctype\base</Filter>
    </ClCompile>
    <ClCompile Include="..\..\libc\ctype\tolower_l.c">
      <Filter>ctype\base</Filter>
    </ClCompile>
    <ClCompile Include="..\..\libc\ctype\toupper.c">
      <Filter>ctype\base</Filter>
    </ClCompile>
    <ClCompile Include="..\..\libc\ctype\toupper_l.c">
      <Filter>ctype\base</Filter>
    </ClCompile>
    <ClCompile Include="..\..\libc\ctype\ctype_.c">
      <Filter>ctype</Filter>
    </ClCompile>
    <ClCompile Include="..\..\libc\ctype\jp2uc.c">
      <Filter>ctype</Filter>
    </ClCompile>
    <ClCompile Include="..\..\libc\ctype\iswalnum.c">
      <Filter>ctype\wbase</Filter>
    </ClCompile>
    <ClCompile Include="..\..\libc\ctype\iswalnum_l.c">
      <Filter>ctype\wbase</Filter>
    </ClCompile>
    <ClCompile Include="..\..\libc\ctype\iswalpha.c">
      <Filter>ctype\wbase</Filter>
    </ClCompile>
    <ClCompile Include="..\..\libc\ctype\iswalpha_l.c">
      <Filter>ctype\wbase</Filter>
    </ClCompile>
    <ClCompile Include="..\..\libc\ctype\iswblank.c">
      <Filter>ctype\wbase</Filter>
    </ClCompile>
    <ClCompile Include="..\..\libc\ctype\iswblank_l.c">
      <Filter>ctype\wbase</Filter>
    </ClCompile>
    <ClCompile Include="..\..\libc\ctype\iswcntrl.c">
      <Filter>ctype\wbase</Filter>
    </ClCompile>
    <ClCompile Include="..\..\libc\ctype\iswcntrl_l.c">
      <Filter>ctype\wbase</Filter>
    </ClCompile>
    <ClCompile Include="..\..\libc\ctype\iswctype.c">
      <Filter>ctype\wbase</Filter>
    </ClCompile>
    <ClCompile Include="..\..\libc\ctype\iswctype_l.c">
      <Filter>ctype\wbase</Filter>
    </ClCompile>
    <ClCompile Include="..\..\libc\ctype\iswdigit.c">
      <Filter>ctype\wbase</Filter>
    </ClCompile>
    <ClCompile Include="..\..\libc\ctype\iswdigit_l.c">
      <Filter>ctype\wbase</Filter>
    </ClCompile>
    <ClCompile Include="..\..\libc\ctype\iswgraph.c">
      <Filter>ctype\wbase</Filter>
    </ClCompile>
    <ClCompile Include="..\..\libc\ctype\iswgraph_l.c">
      <Filter>ctype\wbase</Filter>
    </ClCompile>
    <ClCompile Include="..\..\libc\ctype\iswlower.c">
      <Filter>ctype\wbase</Filter>
    </ClCompile>
    <ClCompile Include="..\..\libc\ctype\iswlower_l.c">
      <Filter>ctype\wbase</Filter>
    </ClCompile>
    <ClCompile Include="..\..\libc\ctype\iswprint.c">
      <Filter>ctype\wbase</Filter>
    </ClCompile>
    <ClCompile Include="..\..\libc\ctype\iswprint_l.c">
      <Filter>ctype\wbase</Filter>
    </ClCompile>
    <ClCompile Include="..\..\libc\ctype\iswpunct.c">
      <Filter>ctype\wbase</Filter>
    </ClCompile>
    <ClCompile Include="..\..\libc\ctype\iswpunct_l.c">
      <Filter>ctype\wbase</Filter>
    </ClCompile>
    <ClCompile Include="..\..\libc\ctype\iswspace.c">
      <Filter>ctype\wbase</Filter>
    </ClCompile>
    <ClCompile Include="..\..\libc\ctype\iswspace_l.c">
      <Filter>ctype\wbase</Filter>
    </ClCompile>
    <ClCompile Include="..\..\libc\ctype\iswupper.c">
      <Filter>ctype\wbase</Filter>
    </ClCompile>
    <ClCompile Include="..\..\libc\ctype\iswupper_l.c">
      <Filter>ctype\wbase</Filter>
    </ClCompile>
    <ClCompile Include="..\..\libc\ctype\iswxdigit.c">
      <Filter>ctype\wbase</Filter>
    </ClCompile>
    <ClCompile Include="..\..\libc\ctype\iswxdigit_l.c">
      <Filter>ctype\wbase</Filter>
    </ClCompile>
    <ClCompile Include="..\..\libc\ctype\towctrans.c">
      <Filter>ctype\wbase</Filter>
    </ClCompile>
    <ClCompile Include="..\..\libc\ctype\towctrans_l.c">
      <Filter>ctype\wbase</Filter>
    </ClCompile>
    <ClCompile Include="..\..\libc\ctype\towlower.c">
      <Filter>ctype\wbase</Filter>
    </ClCompile>
    <ClCompile Include="..\..\libc\ctype\towlower_l.c">
      <Filter>ctype\wbase</Filter>
    </ClCompile>
    <ClCompile Include="..\..\libc\ctype\towupper.c">
      <Filter>ctype\wbase</Filter>
    </ClCompile>
    <ClCompile Include="..\..\libc\ctype\towupper_l.c">
      <Filter>ctype\wbase</Filter>
    </ClCompile>
    <ClCompile Include="..\..\libc\ctype\wctrans.c">
      <Filter>ctype\wbase</Filter>
    </ClCompile>
    <ClCompile Include="..\..\libc\ctype\wctrans_l.c">
      <Filter>ctype\wbase</Filter>
    </ClCompile>
    <ClCompile Include="..\..\libc\ctype\wctype.c">
      <Filter>ctype\wbase</Filter>
    </ClCompile>
    <ClCompile Include="..\..\libc\ctype\wctype_l.c">
      <Filter>ctype\wbase</Filter>
    </ClCompile>
    <ClCompile Include="..\..\libc\stdlib\malloc.c">
      <Filter>stdlib</Filter>
    </ClCompile>
    <ClCompile Include="..\..\libc\glue\misc.c">
      <Filter>glue</Filter>
    </ClCompile>
    <ClCompile Include="..\..\libos\synchronization\spinlock.c">
      <Filter>glue</Filter>
    </ClCompile>
    <ClCompile Include="..\..\libos\syscalls.c">
      <Filter>glue</Filter>
    </ClCompile>
    <ClCompile Include="..\..\libc\time\asctime.c">
      <Filter>time</Filter>
    </ClCompile>
    <ClCompile Include="..\..\libc\time\clock.c">
      <Filter>time</Filter>
    </ClCompile>
    <ClCompile Include="..\..\libc\time\ctime.c">
      <Filter>time</Filter>
    </ClCompile>
    <ClCompile Include="..\..\libc\time\difftime.c">
      <Filter>time</Filter>
    </ClCompile>
    <ClCompile Include="..\..\libc\time\gettzinfo.c">
      <Filter>time</Filter>
    </ClCompile>
    <ClCompile Include="..\..\libc\time\gmtime.c">
      <Filter>time</Filter>
    </ClCompile>
    <ClCompile Include="..\..\libc\time\lcltime.c">
      <Filter>time</Filter>
    </ClCompile>
    <ClCompile Include="..\..\libc\time\mktime.c">
      <Filter>time</Filter>
    </ClCompile>
    <ClCompile Include="..\..\libc\time\month_lengths.c">
      <Filter>time</Filter>
    </ClCompile>
    <ClCompile Include="..\..\libc\time\strftime.c">
      <Filter>time</Filter>
    </ClCompile>
    <ClCompile Include="..\..\libc\time\strptime.c">
      <Filter>time</Filter>
    </ClCompile>
    <ClCompile Include="..\..\libc\time\time.c">
      <Filter>time</Filter>
    </ClCompile>
    <ClCompile Include="..\..\libc\time\tzcalc_limits.c">
      <Filter>time</Filter>
    </ClCompile>
    <ClCompile Include="..\..\libc\time\tzlock.c">
      <Filter>time</Filter>
    </ClCompile>
    <ClCompile Include="..\..\libc\time\tzset.c">
      <Filter>time</Filter>
    </ClCompile>
    <ClCompile Include="..\..\libc\time\tzset_r.c">
      <Filter>time</Filter>
    </ClCompile>
    <ClCompile Include="..\..\libc\time\tzvars.c">
      <Filter>time</Filter>
    </ClCompile>
    <ClCompile Include="..\..\libos\rpc.c">
      <Filter>glue</Filter>
    </ClCompile>
    <ClCompile Include="..\..\libos\driver\bufferobject.c">
      <Filter>glue</Filter>
    </ClCompile>
    <ClCompile Include="..\..\libos\pipe.c">
      <Filter>glue</Filter>
    </ClCompile>
  </ItemGroup>
  <ItemGroup>
    <ClInclude Include="..\..\libc\locale\setlocale.h">
      <Filter>locale</Filter>
    </ClInclude>
    <ClInclude Include="..\..\libc\string\str-two-way.h">
      <Filter>string</Filter>
    </ClInclude>
    <ClInclude Include="..\..\libc\stdlib\gd_qnan.h">
      <Filter>stdlib\headers</Filter>
    </ClInclude>
    <ClInclude Include="..\..\libc\stdlib\gdtoa.h">
      <Filter>stdlib\headers</Filter>
    </ClInclude>
    <ClInclude Include="..\..\libc\stdlib\local.h">
      <Filter>stdlib\headers</Filter>
    </ClInclude>
    <ClInclude Include="..\..\libc\stdlib\mbctype.h">
      <Filter>stdlib\headers</Filter>
    </ClInclude>
    <ClInclude Include="..\..\libc\stdlib\mprec.h">
      <Filter>stdlib\headers</Filter>
    </ClInclude>
    <ClInclude Include="..\..\libc\ctype\ctype_.h">
      <Filter>ctype</Filter>
    </ClInclude>
    <ClInclude Include="..\..\libc\ctype\ctype_cp.h">
      <Filter>ctype</Filter>
    </ClInclude>
    <ClInclude Include="..\..\libc\ctype\ctype_iso.h">
      <Filter>ctype</Filter>
    </ClInclude>
    <ClInclude Include="..\..\libc\ctype\jp2uc.h">
      <Filter>ctype</Filter>
    </ClInclude>
    <ClInclude Include="..\..\libc\ctype\local.h">
      <Filter>ctype</Filter>
    </ClInclude>
    <ClInclude Include="..\..\libc\ctype\utf8alpha.h">
      <Filter>ctype</Filter>
    </ClInclude>
    <ClInclude Include="..\..\libc\ctype\utf8print.h">
      <Filter>ctype</Filter>
    </ClInclude>
    <ClInclude Include="..\..\libc\time\local.h">
      <Filter>time</Filter>
    </ClInclude>
  </ItemGroup>
  <ItemGroup>
    <None Include="..\..\libc\arch\amd64\_setjmp.s">
      <Filter>arch\amd64</Filter>
    </None>
  </ItemGroup>
  <ItemGroup>
    <CustomBuild Include="..\..\libc\arch\i386\_memcpy.s">
      <Filter>arch\i386</Filter>
    </CustomBuild>
    <CustomBuild Include="..\..\libc\arch\i386\_setjmp.s">
      <Filter>arch\i386</Filter>
    </CustomBuild>
    <CustomBuild Include="..\..\libos\arch\i386\_spinlock.s">
      <Filter>glue\i386</Filter>
    </CustomBuild>
    <CustomBuild Include="..\..\libos\arch\i386\_syscall.s">
      <Filter>glue\i386</Filter>
    </CustomBuild>
  </ItemGroup>
</Project>