<?xml version="1.0" encoding="utf-8"?>
<Project ToolsVersion="4.0" xmlns="http://schemas.microsoft.com/developer/msbuild/2003">
  <ItemGroup>
    <Filter Include="Source">
      <UniqueIdentifier>{2c11d00f-20e8-47f9-be38-357952a4b0d0}</UniqueIdentifier>
    </Filter>
    <Filter Include="Source\ctype">
      <UniqueIdentifier>{4f1d32f2-1082-49d0-84b5-a90989113ed7}</UniqueIdentifier>
    </Filter>
    <Filter Include="Source\errno">
      <UniqueIdentifier>{c3cbe01e-292a-41c9-9014-d1f8ad484436}</UniqueIdentifier>
    </Filter>
    <Filter Include="Source\math">
      <UniqueIdentifier>{d236cfab-69ca-4241-b3b5-bcfa67f69cd3}</UniqueIdentifier>
    </Filter>
    <Filter Include="Source\math\i386">
      <UniqueIdentifier>{12e48d7a-50f8-49e4-b10c-7ed6968e6be0}</UniqueIdentifier>
    </Filter>
    <Filter Include="Source\ds">
      <UniqueIdentifier>{5dccbbc2-4b90-4d49-bb3d-8a7402ba6cc3}</UniqueIdentifier>
    </Filter>
    <Filter Include="Source\assert">
      <UniqueIdentifier>{583149c5-cbf0-425f-8ab6-d608562cc739}</UniqueIdentifier>
    </Filter>
    <Filter Include="Source\getopt">
      <UniqueIdentifier>{1adcf97b-6fef-4525-a7a4-a69389fe6271}</UniqueIdentifier>
    </Filter>
    <Filter Include="Source\crt">
      <UniqueIdentifier>{0c0ca6bd-a8d9-47b5-b9f2-43f5c310e78f}</UniqueIdentifier>
    </Filter>
    <Filter Include="Source\crt\msvc">
      <UniqueIdentifier>{3da6f991-8708-449f-8450-1208ea33ea72}</UniqueIdentifier>
    </Filter>
    <Filter Include="os">
      <UniqueIdentifier>{f37ed1ba-8073-431b-a175-b9803ceb872b}</UniqueIdentifier>
    </Filter>
    <Filter Include="os\i386">
      <UniqueIdentifier>{c2a32414-f746-419e-85e5-4581122381ff}</UniqueIdentifier>
    </Filter>
    <Filter Include="os\Threading">
      <UniqueIdentifier>{cb750927-971d-4e8d-a3e2-7575fe294ee4}</UniqueIdentifier>
    </Filter>
    <Filter Include="os\MString">
      <UniqueIdentifier>{8266e0e7-94fa-46bd-bdcf-bcf8c4667a6d}</UniqueIdentifier>
    </Filter>
    <Filter Include="setjmp">
      <UniqueIdentifier>{f2f965bb-d6e5-46e1-9d9f-3d240a1e9818}</UniqueIdentifier>
    </Filter>
    <Filter Include="signal">
      <UniqueIdentifier>{626d7b43-18fa-46af-b751-8dc80c1a7314}</UniqueIdentifier>
    </Filter>
    <Filter Include="stdio">
      <UniqueIdentifier>{5a275b44-a4e2-4f02-8637-a977e0087a91}</UniqueIdentifier>
    </Filter>
    <Filter Include="stdio\Printf">
      <UniqueIdentifier>{368df858-6e08-49a7-9c04-288718864ea0}</UniqueIdentifier>
    </Filter>
    <Filter Include="stdio\File">
      <UniqueIdentifier>{6dda5bb2-7d9e-4e05-998d-25f99c6add29}</UniqueIdentifier>
    </Filter>
    <Filter Include="stdio\Error Handling">
      <UniqueIdentifier>{66be516c-4e4a-4c96-937d-0924cdcaabee}</UniqueIdentifier>
    </Filter>
    <Filter Include="stdio\ConIo">
      <UniqueIdentifier>{a426f54c-a095-4749-b7fd-2971bc4f7557}</UniqueIdentifier>
    </Filter>
    <Filter Include="stdlib">
      <UniqueIdentifier>{5815a8d1-566a-496e-9ca6-01425251df84}</UniqueIdentifier>
    </Filter>
    <Filter Include="string">
      <UniqueIdentifier>{b31684f5-13cb-47e6-aafc-4e07d5c36862}</UniqueIdentifier>
    </Filter>
    <Filter Include="time">
      <UniqueIdentifier>{5f51f49c-31a8-4e90-a6e2-f87e13088b09}</UniqueIdentifier>
    </Filter>
    <Filter Include="Source\math\core">
      <UniqueIdentifier>{e9ae4e0f-a639-46e9-9a83-d84df92b074d}</UniqueIdentifier>
    </Filter>
    <Filter Include="Source\math\ieee">
      <UniqueIdentifier>{a74ac765-f645-44b5-9bd6-f3765585a50f}</UniqueIdentifier>
    </Filter>
  </ItemGroup>
  <ItemGroup>
    <ClCompile Include="..\src\string\atof.c">
      <Filter>string</Filter>
    </ClCompile>
    <ClCompile Include="..\src\string\atoi64.c">
      <Filter>string</Filter>
    </ClCompile>
    <ClCompile Include="..\src\string\atol.c">
      <Filter>string</Filter>
    </ClCompile>
    <ClCompile Include="..\src\string\itoa.c">
      <Filter>string</Filter>
    </ClCompile>
    <ClCompile Include="..\src\string\memchr.c">
      <Filter>string</Filter>
    </ClCompile>
    <ClCompile Include="..\src\string\memcmp.c">
      <Filter>string</Filter>
    </ClCompile>
    <ClCompile Include="..\src\string\memcpy.c">
      <Filter>string</Filter>
    </ClCompile>
    <ClCompile Include="..\src\string\memmove.c">
      <Filter>string</Filter>
    </ClCompile>
    <ClCompile Include="..\src\string\memset.c">
      <Filter>string</Filter>
    </ClCompile>
    <ClCompile Include="..\src\string\strcasecmp.c">
      <Filter>string</Filter>
    </ClCompile>
    <ClCompile Include="..\src\string\strcat.c">
      <Filter>string</Filter>
    </ClCompile>
    <ClCompile Include="..\src\string\strchr.c">
      <Filter>string</Filter>
    </ClCompile>
    <ClCompile Include="..\src\string\strcmp.c">
      <Filter>string</Filter>
    </ClCompile>
    <ClCompile Include="..\src\string\strcoll.c">
      <Filter>string</Filter>
    </ClCompile>
    <ClCompile Include="..\src\string\strcpy.c">
      <Filter>string</Filter>
    </ClCompile>
    <ClCompile Include="..\src\string\strcspn.c">
      <Filter>string</Filter>
    </ClCompile>
    <ClCompile Include="..\src\string\strdup.c">
      <Filter>string</Filter>
    </ClCompile>
    <ClCompile Include="..\src\string\strlen.c">
      <Filter>string</Filter>
    </ClCompile>
    <ClCompile Include="..\src\string\strncasecmp.c">
      <Filter>string</Filter>
    </ClCompile>
    <ClCompile Include="..\src\string\strncat.c">
      <Filter>string</Filter>
    </ClCompile>
    <ClCompile Include="..\src\string\strncmp.c">
      <Filter>string</Filter>
    </ClCompile>
    <ClCompile Include="..\src\string\strncpy.c">
      <Filter>string</Filter>
    </ClCompile>
    <ClCompile Include="..\src\string\strpbrk.c">
      <Filter>string</Filter>
    </ClCompile>
    <ClCompile Include="..\src\string\strrchr.c">
      <Filter>string</Filter>
    </ClCompile>
    <ClCompile Include="..\src\string\strspn.c">
      <Filter>string</Filter>
    </ClCompile>
    <ClCompile Include="..\src\string\strstr.c">
      <Filter>string</Filter>
    </ClCompile>
    <ClCompile Include="..\src\string\strtod.c">
      <Filter>string</Filter>
    </ClCompile>
    <ClCompile Include="..\src\string\strtof.c">
      <Filter>string</Filter>
    </ClCompile>
    <ClCompile Include="..\src\string\strtoi64.c">
      <Filter>string</Filter>
    </ClCompile>
    <ClCompile Include="..\src\string\strtok.c">
      <Filter>string</Filter>
    </ClCompile>
    <ClCompile Include="..\src\string\strtol.c">
      <Filter>string</Filter>
    </ClCompile>
    <ClCompile Include="..\src\string\strtold.c">
      <Filter>string</Filter>
    </ClCompile>
    <ClCompile Include="..\src\string\strtoul.c">
      <Filter>string</Filter>
    </ClCompile>
    <ClCompile Include="..\src\string\strtoull.c">
      <Filter>string</Filter>
    </ClCompile>
    <ClCompile Include="..\src\string\strxfrm.c">
      <Filter>string</Filter>
    </ClCompile>
    <ClCompile Include="..\src\errno\errno.c">
      <Filter>Source\errno</Filter>
    </ClCompile>
    <ClCompile Include="..\src\errno\errstrings.c">
      <Filter>Source\errno</Filter>
    </ClCompile>
    <ClCompile Include="..\src\ctype\ctype.c">
      <Filter>Source\ctype</Filter>
    </ClCompile>
    <ClCompile Include="..\src\math\cosf.c">
      <Filter>Source\math</Filter>
    </ClCompile>
    <ClCompile Include="..\src\signal\signal.c">
      <Filter>signal</Filter>
    </ClCompile>
    <ClCompile Include="..\src\string\wcsnlen.c">
      <Filter>string</Filter>
    </ClCompile>
    <ClCompile Include="..\src\stdlib\abs.c">
      <Filter>stdlib</Filter>
    </ClCompile>
    <ClCompile Include="..\src\stdlib\div.c">
      <Filter>stdlib</Filter>
    </ClCompile>
    <ClCompile Include="..\src\stdlib\exit.c">
      <Filter>stdlib</Filter>
    </ClCompile>
    <ClCompile Include="..\src\os\Syscalls.c">
      <Filter>os</Filter>
    </ClCompile>
    <ClCompile Include="..\src\os\Malloc.c">
      <Filter>os</Filter>
    </ClCompile>
    <ClCompile Include="..\src\stdlib\abort.c">
      <Filter>stdlib</Filter>
    </ClCompile>
    <ClCompile Include="..\src\os\Devices.c">
      <Filter>os</Filter>
    </ClCompile>
    <ClCompile Include="..\src\os\System.c">
      <Filter>os</Filter>
    </ClCompile>
    <ClCompile Include="..\src\stdlib\atoi.c">
      <Filter>stdlib</Filter>
    </ClCompile>
    <ClCompile Include="..\src\stdlib\atold.c">
      <Filter>stdlib</Filter>
    </ClCompile>
    <ClCompile Include="..\src\stdlib\bsearch.c">
      <Filter>stdlib</Filter>
    </ClCompile>
    <ClCompile Include="..\src\stdlib\labs.c">
      <Filter>stdlib</Filter>
    </ClCompile>
    <ClCompile Include="..\src\stdlib\ldiv.c">
      <Filter>stdlib</Filter>
    </ClCompile>
    <ClCompile Include="..\src\stdlib\qsort.c">
      <Filter>stdlib</Filter>
    </ClCompile>
    <ClCompile Include="..\src\stdlib\rand.c">
      <Filter>stdlib</Filter>
    </ClCompile>
    <ClCompile Include="..\src\stdio\fprintf.c">
      <Filter>stdio\Printf</Filter>
    </ClCompile>
    <ClCompile Include="..\src\stdio\printf.c">
      <Filter>stdio\Printf</Filter>
    </ClCompile>
    <ClCompile Include="..\src\stdio\snprintf.c">
      <Filter>stdio\Printf</Filter>
    </ClCompile>
    <ClCompile Include="..\src\stdio\sprintf.c">
      <Filter>stdio\Printf</Filter>
    </ClCompile>
    <ClCompile Include="..\src\stdio\stream.c">
      <Filter>stdio\Printf</Filter>
    </ClCompile>
    <ClCompile Include="..\src\stdio\vasprintf.c">
      <Filter>stdio\Printf</Filter>
    </ClCompile>
    <ClCompile Include="..\src\stdio\vfprintf.c">
      <Filter>stdio\Printf</Filter>
    </ClCompile>
    <ClCompile Include="..\src\stdio\vprintf.c">
      <Filter>stdio\Printf</Filter>
    </ClCompile>
    <ClCompile Include="..\src\stdio\vsnprintf.c">
      <Filter>stdio\Printf</Filter>
    </ClCompile>
    <ClCompile Include="..\src\stdio\vsprintf.c">
      <Filter>stdio\Printf</Filter>
    </ClCompile>
    <ClCompile Include="..\src\stdio\fopen.c">
      <Filter>stdio\File</Filter>
    </ClCompile>
    <ClCompile Include="..\src\stdio\fclose.c">
      <Filter>stdio\File</Filter>
    </ClCompile>
    <ClCompile Include="..\src\stdio\freopen.c">
      <Filter>stdio\File</Filter>
    </ClCompile>
    <ClCompile Include="..\src\stdio\fflags.c">
      <Filter>stdio\File</Filter>
    </ClCompile>
    <ClCompile Include="..\src\stdio\fremove.c">
      <Filter>stdio\File</Filter>
    </ClCompile>
    <ClCompile Include="..\src\stdio\fread.c">
      <Filter>stdio\File</Filter>
    </ClCompile>
    <ClCompile Include="..\src\stdio\fwrite.c">
      <Filter>stdio\File</Filter>
    </ClCompile>
    <ClCompile Include="..\src\stdio\feof.c">
      <Filter>stdio\File</Filter>
    </ClCompile>
    <ClCompile Include="..\src\stdio\frewind.c">
      <Filter>stdio\File</Filter>
    </ClCompile>
    <ClCompile Include="..\src\stdio\fseek.c">
      <Filter>stdio\File</Filter>
    </ClCompile>
    <ClCompile Include="..\src\stdio\ftell.c">
      <Filter>stdio\File</Filter>
    </ClCompile>
    <ClCompile Include="..\src\stdio\clearerr.c">
      <Filter>stdio\Error Handling</Filter>
    </ClCompile>
    <ClCompile Include="..\src\stdio\ferror.c">
      <Filter>stdio\Error Handling</Filter>
    </ClCompile>
    <ClCompile Include="..\src\stdio\perror.c">
      <Filter>stdio\Error Handling</Filter>
    </ClCompile>
    <ClCompile Include="..\src\stdio\strerror.c">
      <Filter>stdio\Error Handling</Filter>
    </ClCompile>
    <ClCompile Include="..\src\stdio\fgetpos.c">
      <Filter>stdio\File</Filter>
    </ClCompile>
    <ClCompile Include="..\src\stdio\fsetpos.c">
      <Filter>stdio\File</Filter>
    </ClCompile>
    <ClCompile Include="..\src\stdio\sscanf.c">
      <Filter>stdio\Printf</Filter>
    </ClCompile>
    <ClCompile Include="..\src\string\strtoll.c">
      <Filter>string</Filter>
    </ClCompile>
    <ClCompile Include="..\src\stdio\fflush.c">
      <Filter>stdio\File</Filter>
    </ClCompile>
    <ClCompile Include="..\src\os\SharedObject.c">
      <Filter>os</Filter>
    </ClCompile>
    <ClCompile Include="..\src\os\Environment.c">
      <Filter>os</Filter>
    </ClCompile>
    <ClCompile Include="..\src\stdio\putchar.c">
      <Filter>stdio\ConIo</Filter>
    </ClCompile>
    <ClCompile Include="..\src\os\Timer.c">
      <Filter>os</Filter>
    </ClCompile>
    <ClCompile Include="..\src\stdio\fgets.c">
      <Filter>stdio\File</Filter>
    </ClCompile>
    <ClCompile Include="..\src\stdio\fgetc.c">
      <Filter>stdio\File</Filter>
    </ClCompile>
    <ClCompile Include="..\src\stdio\vfscanf.c">
      <Filter>stdio\Printf</Filter>
    </ClCompile>
    <ClCompile Include="..\src\stdio\fpeekc.c">
      <Filter>stdio\File</Filter>
    </ClCompile>
    <ClCompile Include="..\src\stdio\fungetc.c">
      <Filter>stdio\File</Filter>
    </ClCompile>
    <ClCompile Include="..\src\math\atan2f.c">
      <Filter>Source\math</Filter>
    </ClCompile>
    <ClCompile Include="..\src\os\Process.c">
      <Filter>os</Filter>
    </ClCompile>
    <ClCompile Include="..\src\stdio\fputs.c">
      <Filter>stdio\File</Filter>
    </ClCompile>
    <ClCompile Include="..\src\stdio\fputc.c">
      <Filter>stdio\File</Filter>
    </ClCompile>
    <ClCompile Include="..\src\stdlib\getenv.c">
      <Filter>stdlib</Filter>
    </ClCompile>
    <ClCompile Include="..\src\time\time.c">
      <Filter>time</Filter>
    </ClCompile>
    <ClCompile Include="..\src\time\localtime.c">
      <Filter>time</Filter>
    </ClCompile>
    <ClCompile Include="..\src\ds\List.c">
      <Filter>Source\ds</Filter>
    </ClCompile>
    <ClCompile Include="..\src\ds\Ds.c">
      <Filter>Source\ds</Filter>
    </ClCompile>
    <ClCompile Include="..\src\ds\HashTable.c">
      <Filter>Source\ds</Filter>
    </ClCompile>
    <ClCompile Include="..\src\time\mktime.c">
      <Filter>time</Filter>
    </ClCompile>
    <ClCompile Include="..\src\time\gmtime.c">
      <Filter>time</Filter>
    </ClCompile>
    <ClCompile Include="..\src\assert\assert.c">
      <Filter>Source\assert</Filter>
    </ClCompile>
    <ClCompile Include="..\src\time\difftime.c">
      <Filter>time</Filter>
    </ClCompile>
    <ClCompile Include="..\src\os\Condition.c">
      <Filter>os\Threading</Filter>
    </ClCompile>
    <ClCompile Include="..\src\os\Mutex.c">
      <Filter>os\Threading</Filter>
    </ClCompile>
    <ClCompile Include="..\src\os\Spinlock.c">
      <Filter>os\Threading</Filter>
    </ClCompile>
    <ClCompile Include="..\src\os\Thread.c">
      <Filter>os\Threading</Filter>
    </ClCompile>
    <ClCompile Include="..\src\os\TLS.c">
      <Filter>os\Threading</Filter>
    </ClCompile>
    <ClCompile Include="..\src\getopt\getopt_long.c">
      <Filter>Source\getopt</Filter>
    </ClCompile>
    <ClCompile Include="..\src\string\strnlen.c">
      <Filter>string</Filter>
    </ClCompile>
    <ClCompile Include="..\src\stdio\puts.c">
      <Filter>stdio\ConIo</Filter>
    </ClCompile>
    <ClCompile Include="..\src\stdio\getchar.c">
      <Filter>stdio\ConIo</Filter>
    </ClCompile>
    <ClCompile Include="..\src\stdio\fscanf.c">
      <Filter>stdio\File</Filter>
    </ClCompile>
    <ClCompile Include="..\src\ds\Ringbuffer.c">
      <Filter>Source\ds</Filter>
    </ClCompile>
    <ClCompile Include="..\src\os\Sha1.c">
      <Filter>os</Filter>
    </ClCompile>
    <ClCompile Include="..\src\os\Exceptions.c">
      <Filter>os</Filter>
    </ClCompile>
    <ClCompile Include="..\src\stdio\fbuf.c">
      <Filter>stdio\File</Filter>
    </ClCompile>
    <ClCompile Include="..\src\os\MString\MStringUtf8.c">
      <Filter>os\MString</Filter>
    </ClCompile>
    <ClCompile Include="..\src\os\MString\MStringCreate.c">
      <Filter>os\MString</Filter>
    </ClCompile>
    <ClCompile Include="..\src\os\MString\MStringDestroy.c">
      <Filter>os\MString</Filter>
    </ClCompile>
    <ClCompile Include="..\src\os\MString\MStringAppend.c">
      <Filter>os\MString</Filter>
    </ClCompile>
    <ClCompile Include="..\src\os\MString\MStringHash.c">
      <Filter>os\MString</Filter>
    </ClCompile>
    <ClCompile Include="..\src\os\MString\MStringLength.c">
      <Filter>os\MString</Filter>
    </ClCompile>
    <ClCompile Include="..\src\os\MString\MStringPrint.c">
      <Filter>os\MString</Filter>
    </ClCompile>
    <ClCompile Include="..\src\os\MString\MStringResize.c">
      <Filter>os\MString</Filter>
    </ClCompile>
    <ClCompile Include="..\src\os\MString\MStringFind.c">
      <Filter>os\MString</Filter>
    </ClCompile>
    <ClCompile Include="..\src\os\MString\MStringCopy.c">
      <Filter>os\MString</Filter>
    </ClCompile>
    <ClCompile Include="..\src\os\MString\MStringIterate.c">
      <Filter>os\MString</Filter>
    </ClCompile>
    <ClCompile Include="..\src\os\MString\MStringRaw.c">
      <Filter>os\MString</Filter>
    </ClCompile>
    <ClCompile Include="..\src\os\MString\MStringCompare.c">
      <Filter>os\MString</Filter>
    </ClCompile>
    <ClCompile Include="..\src\os\MString\MStringMisc.c">
      <Filter>os\MString</Filter>
    </ClCompile>
    <ClCompile Include="..\src\os\MString\MStringSubString.c">
      <Filter>os\MString</Filter>
    </ClCompile>
    <ClCompile Include="..\src\math\i386\fenv.c">
      <Filter>Source\math\i386</Filter>
    </ClCompile>
    <ClCompile Include="..\src\math\cosh.c">
      <Filter>Source\math</Filter>
    </ClCompile>
    <ClCompile Include="..\src\math\expm1.c">
      <Filter>Source\math</Filter>
    </ClCompile>
    <ClCompile Include="..\src\math\expm1f.c">
      <Filter>Source\math</Filter>
    </ClCompile>
    <ClCompile Include="..\src\math\sinf.c">
      <Filter>Source\math</Filter>
    </ClCompile>
    <ClCompile Include="..\src\math\hypot.c">
      <Filter>Source\math</Filter>
    </ClCompile>
    <ClCompile Include="..\src\math\ilogb.c">
      <Filter>Source\math</Filter>
    </ClCompile>
    <ClCompile Include="..\src\math\ilogbf.c">
      <Filter>Source\math</Filter>
    </ClCompile>
    <ClCompile Include="..\src\math\ilogbl.c">
      <Filter>Source\math</Filter>
    </ClCompile>
    <ClCompile Include="..\src\math\isnan.c">
      <Filter>Source\math</Filter>
    </ClCompile>
    <ClCompile Include="..\src\math\hugeval.c">
      <Filter>Source\math</Filter>
    </ClCompile>
    <ClCompile Include="..\src\math\fpclassify.c">
      <Filter>Source\math</Filter>
    </ClCompile>
    <ClCompile Include="..\src\math\isinf.c">
      <Filter>Source\math</Filter>
    </ClCompile>
    <ClCompile Include="..\src\math\isnormal.c">
      <Filter>Source\math</Filter>
    </ClCompile>
    <ClCompile Include="..\src\math\signbit.c">
      <Filter>Source\math</Filter>
    </ClCompile>
    <ClCompile Include="..\src\math\isfinite.c">
      <Filter>Source\math</Filter>
    </ClCompile>
    <ClCompile Include="..\src\math\fabs.c">
      <Filter>Source\math</Filter>
    </ClCompile>
    <ClCompile Include="..\src\math\tanh.c">
      <Filter>Source\math</Filter>
    </ClCompile>
    <ClCompile Include="..\src\math\sinh.c">
      <Filter>Source\math</Filter>
    </ClCompile>
    <ClCompile Include="..\src\math\exp2.c">
      <Filter>Source\math</Filter>
    </ClCompile>
    <ClCompile Include="..\src\math\modf.c">
      <Filter>Source\math</Filter>
    </ClCompile>
    <ClCompile Include="..\src\math\nearbyint.c">
      <Filter>Source\math</Filter>
    </ClCompile>
    <ClCompile Include="..\src\math\round.c">
      <Filter>Source\math</Filter>
    </ClCompile>
    <ClCompile Include="..\src\math\lround.c">
      <Filter>Source\math</Filter>
    </ClCompile>
    <ClCompile Include="..\src\math\lroundf.c">
      <Filter>Source\math</Filter>
    </ClCompile>
    <ClCompile Include="..\src\math\lroundl.c">
      <Filter>Source\math</Filter>
    </ClCompile>
    <ClCompile Include="..\src\math\llround.c">
      <Filter>Source\math</Filter>
    </ClCompile>
    <ClCompile Include="..\src\math\llroundf.c">
      <Filter>Source\math</Filter>
    </ClCompile>
    <ClCompile Include="..\src\math\llroundl.c">
      <Filter>Source\math</Filter>
    </ClCompile>
    <ClCompile Include="..\src\math\pow.c">
      <Filter>Source\math</Filter>
    </ClCompile>
    <ClCompile Include="..\src\math\core_exp.c">
      <Filter>Source\math\core</Filter>
    </ClCompile>
    <ClCompile Include="..\src\math\acos.c">
      <Filter>Source\math</Filter>
    </ClCompile>
    <ClCompile Include="..\src\math\acosh.c">
      <Filter>Source\math</Filter>
    </ClCompile>
    <ClCompile Include="..\src\math\asin.c">
      <Filter>Source\math</Filter>
    </ClCompile>
    <ClCompile Include="..\src\math\asinh.c">
      <Filter>Source\math</Filter>
    </ClCompile>
    <ClCompile Include="..\src\math\atan.c">
      <Filter>Source\math</Filter>
    </ClCompile>
    <ClCompile Include="..\src\math\atanh.c">
      <Filter>Source\math</Filter>
    </ClCompile>
    <ClCompile Include="..\src\math\log1p.c">
      <Filter>Source\math</Filter>
    </ClCompile>
    <ClCompile Include="..\src\math\cbrt.c">
      <Filter>Source\math</Filter>
    </ClCompile>
    <ClCompile Include="..\src\math\scalbln.c">
      <Filter>Source\math</Filter>
    </ClCompile>
    <ClCompile Include="..\src\math\bgamma.c">
      <Filter>Source\math</Filter>
    </ClCompile>
    <ClCompile Include="..\src\math\lgamma.c">
      <Filter>Source\math</Filter>
    </ClCompile>
    <ClCompile Include="..\src\math\fdim.c">
      <Filter>Source\math</Filter>
    </ClCompile>
    <ClCompile Include="..\src\math\fmax.c">
      <Filter>Source\math</Filter>
    </ClCompile>
    <ClCompile Include="..\src\math\fmin.c">
      <Filter>Source\math</Filter>
    </ClCompile>
    <ClCompile Include="..\src\math\fma.c">
      <Filter>Source\math</Filter>
    </ClCompile>
    <ClCompile Include="..\src\math\nextafter.c">
      <Filter>Source\math</Filter>
    </ClCompile>
    <ClCompile Include="..\src\math\core_sin.c">
      <Filter>Source\math\core</Filter>
    </ClCompile>
    <ClCompile Include="..\src\math\core_cos.c">
      <Filter>Source\math\core</Filter>
    </ClCompile>
    <ClCompile Include="..\src\math\j0_y0.c">
      <Filter>Source\math\ieee</Filter>
    </ClCompile>
    <ClCompile Include="..\src\math\j1_y1.c">
      <Filter>Source\math\ieee</Filter>
    </ClCompile>
    <ClCompile Include="..\src\math\jn_yn.c">
      <Filter>Source\math\ieee</Filter>
    </ClCompile>
    <ClCompile Include="..\src\math\sincos.c">
      <Filter>Source\math</Filter>
    </ClCompile>
    <ClCompile Include="..\src\math\core_rempio.c">
      <Filter>Source\math</Filter>
    </ClCompile>
    <ClCompile Include="..\src\math\rempio.c">
      <Filter>Source\math</Filter>
    </ClCompile>
    <ClCompile Include="..\src\math\erf.c">
      <Filter>Source\math</Filter>
    </ClCompile>
    <ClCompile Include="..\src\math\erff.c">
      <Filter>Source\math</Filter>
    </ClCompile>
    <ClCompile Include="..\src\math\expf.c">
      <Filter>Source\math</Filter>
    </ClCompile>
    <ClCompile Include="..\src\math\frexp.c">
      <Filter>Source\math</Filter>
    </ClCompile>
    <ClCompile Include="..\src\math\ldexp.c">
      <Filter>Source\math</Filter>
    </ClCompile>
    <ClCompile Include="..\src\math\atanf.c">
      <Filter>Source\math</Filter>
    </ClCompile>
    <ClCompile Include="..\src\math\powf.c">
      <Filter>Source\math</Filter>
    </ClCompile>
    <ClCompile Include="..\src\math\j0f_y0f.c">
      <Filter>Source\math\ieee</Filter>
    </ClCompile>
    <ClCompile Include="..\src\math\j1f_y1f.c">
      <Filter>Source\math\ieee</Filter>
    </ClCompile>
    <ClCompile Include="..\src\math\jnf_ynf.c">
      <Filter>Source\math\ieee</Filter>
    </ClCompile>
    <ClCompile Include="..\src\math\hypotf.c">
      <Filter>Source\math</Filter>
    </ClCompile>
    <ClCompile Include="..\src\math\acoshf.c">
      <Filter>Source\math</Filter>
    </ClCompile>
    <ClCompile Include="..\src\math\acosf.c">
      <Filter>Source\math</Filter>
    </ClCompile>
    <ClCompile Include="..\src\math\log1pf.c">
      <Filter>Source\math</Filter>
    </ClCompile>
    <ClCompile Include="..\src\math\tanhf.c">
      <Filter>Source\math</Filter>
    </ClCompile>
    <ClCompile Include="..\src\math\asinf.c">
      <Filter>Source\math</Filter>
    </ClCompile>
    <ClCompile Include="..\src\math\asinhf.c">
      <Filter>Source\math</Filter>
    </ClCompile>
    <ClCompile Include="..\src\math\cbrtf.c">
      <Filter>Source\math</Filter>
    </ClCompile>
    <ClCompile Include="..\src\math\atanhf.c">
      <Filter>Source\math</Filter>
    </ClCompile>
    <ClCompile Include="..\src\math\coshf.c">
      <Filter>Source\math</Filter>
    </ClCompile>
    <ClCompile Include="..\src\math\fmaf.c">
      <Filter>Source\math</Filter>
    </ClCompile>
    <ClCompile Include="..\src\math\fmaxf.c">
      <Filter>Source\math</Filter>
    </ClCompile>
    <ClCompile Include="..\src\math\fminf.c">
      <Filter>Source\math</Filter>
    </ClCompile>
    <ClCompile Include="..\src\math\core_expf.c">
      <Filter>Source\math\core</Filter>
    </ClCompile>
    <ClCompile Include="..\src\math\sinhf.c">
      <Filter>Source\math</Filter>
    </ClCompile>
    <ClCompile Include="..\src\math\nextafterf.c">
      <Filter>Source\math</Filter>
    </ClCompile>
    <ClCompile Include="..\src\math\frexpf.c">
      <Filter>Source\math</Filter>
    </ClCompile>
    <ClCompile Include="..\src\math\modff.c">
      <Filter>Source\math</Filter>
    </ClCompile>
    <ClCompile Include="..\src\math\fmodf.c">
      <Filter>Source\math</Filter>
    </ClCompile>
  </ItemGroup>
  <ItemGroup>
    <CustomBuild Include="..\src\string\memcpy_acc.s">
      <Filter>string</Filter>
    </CustomBuild>
    <CustomBuild Include="..\src\setjmp\setjmp_i386.s">
      <Filter>setjmp</Filter>
    </CustomBuild>
    <CustomBuild Include="..\src\math\i386\_sqrt.S">
      <Filter>Source\math\i386</Filter>
    </CustomBuild>
    <CustomBuild Include="..\src\math\i386\_floor.S">
      <Filter>Source\math\i386</Filter>
    </CustomBuild>
    <CustomBuild Include="..\src\math\i386\_log.S">
      <Filter>Source\math\i386</Filter>
    </CustomBuild>
    <CustomBuild Include="..\src\math\i386\_log10.S">
      <Filter>Source\math\i386</Filter>
    </CustomBuild>
    <CustomBuild Include="..\src\math\i386\_atan2.S">
      <Filter>Source\math\i386</Filter>
    </CustomBuild>
    <CustomBuild Include="..\src\math\i386\_ceil.S">
      <Filter>Source\math\i386</Filter>
    </CustomBuild>
    <CustomBuild Include="..\src\math\i386\_cos.S">
      <Filter>Source\math\i386</Filter>
    </CustomBuild>
    <CustomBuild Include="..\src\math\i386\_exp.S">
      <Filter>Source\math\i386</Filter>
    </CustomBuild>
    <CustomBuild Include="..\src\math\i386\_fmod.S">
      <Filter>Source\math\i386</Filter>
    </CustomBuild>
    <CustomBuild Include="..\src\math\i386\_ftol.s">
      <Filter>Source\math\i386</Filter>
    </CustomBuild>
    <CustomBuild Include="..\src\math\i386\_ftol2.s">
      <Filter>Source\math\i386</Filter>
    </CustomBuild>
    <CustomBuild Include="..\src\math\i386\_sin.S">
      <Filter>Source\math\i386</Filter>
    </CustomBuild>
    <CustomBuild Include="..\src\math\i386\_tan.S">
      <Filter>Source\math\i386</Filter>
    </CustomBuild>
    <CustomBuild Include="..\src\os\i386\_Syscall32.asm">
      <Filter>os\i386</Filter>
    </CustomBuild>
    <CustomBuild Include="..\src\os\i386\_Spinlock.asm">
      <Filter>os\i386</Filter>
    </CustomBuild>
    <CustomBuild Include="..\src\math\i386\_log2.S">
      <Filter>Source\math\i386</Filter>
    </CustomBuild>
    <CustomBuild Include="..\src\math\i386\_trunc.S">
      <Filter>Source\math\i386</Filter>
    </CustomBuild>
    <CustomBuild Include="..\src\math\i386\_llrint.S">
      <Filter>Source\math\i386</Filter>
    </CustomBuild>
    <CustomBuild Include="..\src\math\i386\_logb.S">
      <Filter>Source\math\i386</Filter>
    </CustomBuild>
    <CustomBuild Include="..\src\math\i386\_lrint.S">
      <Filter>Source\math\i386</Filter>
    </CustomBuild>
    <CustomBuild Include="..\src\math\i386\_remainder.S">
      <Filter>Source\math\i386</Filter>
    </CustomBuild>
    <CustomBuild Include="..\src\math\i386\_rint.S">
      <Filter>Source\math\i386</Filter>
    </CustomBuild>
    <CustomBuild Include="..\src\math\i386\_scalbn.S">
      <Filter>Source\math\i386</Filter>
    </CustomBuild>
    <CustomBuild Include="..\src\math\i386\_copysign.S">
      <Filter>Source\math\i386</Filter>
    </CustomBuild>
  </ItemGroup>
  <ItemGroup>
    <MASM Include="..\crt\msvc\alldvrm.S">
      <Filter>Source\crt\msvc</Filter>
    </MASM>
    <MASM Include="..\crt\msvc\aulldiv.S">
      <Filter>Source\crt\msvc</Filter>
    </MASM>
    <MASM Include="..\crt\msvc\aulldvrm.S">
      <Filter>Source\crt\msvc</Filter>
    </MASM>
    <MASM Include="..\crt\msvc\aullrem.S">
      <Filter>Source\crt\msvc</Filter>
    </MASM>
    <MASM Include="..\crt\msvc\aullshr.S">
      <Filter>Source\crt\msvc</Filter>
    </MASM>
    <MASM Include="..\crt\msvc\chkstk.S">
      <Filter>Source\crt\msvc</Filter>
    </MASM>
    <MASM Include="..\crt\msvc\ints.S">
      <Filter>Source\crt\msvc</Filter>
    </MASM>
    <MASM Include="..\crt\msvc\lldiv.S">
      <Filter>Source\crt\msvc</Filter>
    </MASM>
    <MASM Include="..\crt\msvc\llmul.S">
      <Filter>Source\crt\msvc</Filter>
    </MASM>
    <MASM Include="..\crt\msvc\llrem.S">
      <Filter>Source\crt\msvc</Filter>
    </MASM>
    <MASM Include="..\crt\msvc\llshl.S">
      <Filter>Source\crt\msvc</Filter>
    </MASM>
    <MASM Include="..\crt\msvc\llshr.S">
      <Filter>Source\crt\msvc</Filter>
    </MASM>
  </ItemGroup>
  <ItemGroup>
    <ClInclude Include="..\src\os\MString\MStringPrivate.h">
      <Filter>os\MString</Filter>
    </ClInclude>
  </ItemGroup>
</Project>